// !$*UTF8*$!
{
	archiveVersion = 1;
	classes = {
	};
	objectVersion = 56;
	objects = {

/* Begin PBXBuildFile section */
		21682F012A1C57E500866864 /* Dice_RollerApp.swift in Sources */ = {isa = PBXBuildFile; fileRef = 21682F002A1C57E500866864 /* Dice_RollerApp.swift */; };
		21682F032A1C57E500866864 /* ContentView.swift in Sources */ = {isa = PBXBuildFile; fileRef = 21682F022A1C57E500866864 /* ContentView.swift */; };
		21682F052A1C57E700866864 /* Assets.xcassets in Resources */ = {isa = PBXBuildFile; fileRef = 21682F042A1C57E700866864 /* Assets.xcassets */; };
		21682F082A1C57E700866864 /* Preview Assets.xcassets in Resources */ = {isa = PBXBuildFile; fileRef = 21682F072A1C57E700866864 /* Preview Assets.xcassets */; };
		21682F0F2A1C593800866864 /* DRNumberView.swift in Sources */ = {isa = PBXBuildFile; fileRef = 21682F0E2A1C593800866864 /* DRNumberView.swift */; };
		21682F112A1C5A1E00866864 /* CustomEmptyView.swift in Sources */ = {isa = PBXBuildFile; fileRef = 21682F102A1C5A1E00866864 /* CustomEmptyView.swift */; };
		21682F132A1C5CD800866864 /* ContentVM.swift in Sources */ = {isa = PBXBuildFile; fileRef = 21682F122A1C5CD800866864 /* ContentVM.swift */; };
/* End PBXBuildFile section */

/* Begin PBXFileReference section */
		21682EFD2A1C57E500866864 /* Dice Roller.app */ = {isa = PBXFileReference; explicitFileType = wrapper.application; includeInIndex = 0; path = "Dice Roller.app"; sourceTree = BUILT_PRODUCTS_DIR; };
		21682F002A1C57E500866864 /* Dice_RollerApp.swift */ = {isa = PBXFileReference; lastKnownFileType = sourcecode.swift; path = Dice_RollerApp.swift; sourceTree = "<group>"; };
		21682F022A1C57E500866864 /* ContentView.swift */ = {isa = PBXFileReference; lastKnownFileType = sourcecode.swift; path = ContentView.swift; sourceTree = "<group>"; };
		21682F042A1C57E700866864 /* Assets.xcassets */ = {isa = PBXFileReference; lastKnownFileType = folder.assetcatalog; path = Assets.xcassets; sourceTree = "<group>"; };
		21682F072A1C57E700866864 /* Preview Assets.xcassets */ = {isa = PBXFileReference; lastKnownFileType = folder.assetcatalog; path = "Preview Assets.xcassets"; sourceTree = "<group>"; };
		21682F0E2A1C593800866864 /* DRNumberView.swift */ = {isa = PBXFileReference; lastKnownFileType = sourcecode.swift; path = DRNumberView.swift; sourceTree = "<group>"; };
		21682F102A1C5A1E00866864 /* CustomEmptyView.swift */ = {isa = PBXFileReference; lastKnownFileType = sourcecode.swift; path = CustomEmptyView.swift; sourceTree = "<group>"; };
		21682F122A1C5CD800866864 /* ContentVM.swift */ = {isa = PBXFileReference; lastKnownFileType = sourcecode.swift; path = ContentVM.swift; sourceTree = "<group>"; };
/* End PBXFileReference section */

/* Begin PBXFrameworksBuildPhase section */
		21682EFA2A1C57E500866864 /* Frameworks */ = {
			isa = PBXFrameworksBuildPhase;
			buildActionMask = 2147483647;
			files = (
			);
			runOnlyForDeploymentPostprocessing = 0;
		};
/* End PBXFrameworksBuildPhase section */

/* Begin PBXGroup section */
		21682EF42A1C57E500866864 = {
			isa = PBXGroup;
			children = (
				21682EFF2A1C57E500866864 /* Dice Roller */,
				21682EFE2A1C57E500866864 /* Products */,
			);
			sourceTree = "<group>";
		};
		21682EFE2A1C57E500866864 /* Products */ = {
			isa = PBXGroup;
			children = (
				21682EFD2A1C57E500866864 /* Dice Roller.app */,
			);
			name = Products;
			sourceTree = "<group>";
		};
		21682EFF2A1C57E500866864 /* Dice Roller */ = {
			isa = PBXGroup;
			children = (
				21682F002A1C57E500866864 /* Dice_RollerApp.swift */,
				21682F022A1C57E500866864 /* ContentView.swift */,
				21682F122A1C5CD800866864 /* ContentVM.swift */,
				21682F102A1C5A1E00866864 /* CustomEmptyView.swift */,
				21682F0E2A1C593800866864 /* DRNumberView.swift */,
				21682F042A1C57E700866864 /* Assets.xcassets */,
				21682F062A1C57E700866864 /* Preview Content */,
			);
			path = "Dice Roller";
			sourceTree = "<group>";
		};
		21682F062A1C57E700866864 /* Preview Content */ = {
			isa = PBXGroup;
			children = (
				21682F072A1C57E700866864 /* Preview Assets.xcassets */,
			);
			path = "Preview Content";
			sourceTree = "<group>";
		};
/* End PBXGroup section */

/* Begin PBXNativeTarget section */
		21682EFC2A1C57E500866864 /* Dice Roller */ = {
			isa = PBXNativeTarget;
			buildConfigurationList = 21682F0B2A1C57E700866864 /* Build configuration list for PBXNativeTarget "Dice Roller" */;
			buildPhases = (
				21682EF92A1C57E500866864 /* Sources */,
				21682EFA2A1C57E500866864 /* Frameworks */,
				21682EFB2A1C57E500866864 /* Resources */,
			);
			buildRules = (
			);
			dependencies = (
			);
			name = "Dice Roller";
			productName = "Dice Roller";
			productReference = 21682EFD2A1C57E500866864 /* Dice Roller.app */;
			productType = "com.apple.product-type.application";
		};
/* End PBXNativeTarget section */

/* Begin PBXProject section */
		21682EF52A1C57E500866864 /* Project object */ = {
			isa = PBXProject;
			attributes = {
				BuildIndependentTargetsInParallel = 1;
				LastSwiftUpdateCheck = 1430;
				LastUpgradeCheck = 1430;
				TargetAttributes = {
					21682EFC2A1C57E500866864 = {
						CreatedOnToolsVersion = 14.3;
					};
				};
			};
			buildConfigurationList = 21682EF82A1C57E500866864 /* Build configuration list for PBXProject "Dice Roller" */;
			compatibilityVersion = "Xcode 14.0";
			developmentRegion = en;
			hasScannedForEncodings = 0;
			knownRegions = (
				en,
				Base,
			);
			mainGroup = 21682EF42A1C57E500866864;
			productRefGroup = 21682EFE2A1C57E500866864 /* Products */;
			projectDirPath = "";
			projectRoot = "";
			targets = (
				21682EFC2A1C57E500866864 /* Dice Roller */,
			);
		};
/* End PBXProject section */

/* Begin PBXResourcesBuildPhase section */
		21682EFB2A1C57E500866864 /* Resources */ = {
			isa = PBXResourcesBuildPhase;
			buildActionMask = 2147483647;
			files = (
				21682F082A1C57E700866864 /* Preview Assets.xcassets in Resources */,
				21682F052A1C57E700866864 /* Assets.xcassets in Resources */,
			);
			runOnlyForDeploymentPostprocessing = 0;
		};
/* End PBXResourcesBuildPhase section */

/* Begin PBXSourcesBuildPhase section */
		21682EF92A1C57E500866864 /* Sources */ = {
			isa = PBXSourcesBuildPhase;
			buildActionMask = 2147483647;
			files = (
				21682F0F2A1C593800866864 /* DRNumberView.swift in Sources */,
				21682F112A1C5A1E00866864 /* CustomEmptyView.swift in Sources */,
				21682F132A1C5CD800866864 /* ContentVM.swift in Sources */,
				21682F032A1C57E500866864 /* ContentView.swift in Sources */,
				21682F012A1C57E500866864 /* Dice_RollerApp.swift in Sources */,
			);
			runOnlyForDeploymentPostprocessing = 0;
		};
/* End PBXSourcesBuildPhase section */

/* Begin XCBuildConfiguration section */
		21682F092A1C57E700866864 /* Debug */ = {
			isa = XCBuildConfiguration;
			buildSettings = {
				ALWAYS_SEARCH_USER_PATHS = NO;
				CLANG_ANALYZER_NONNULL = YES;
				CLANG_ANALYZER_NUMBER_OBJECT_CONVERSION = YES_AGGRESSIVE;
				CLANG_CXX_LANGUAGE_STANDARD = "gnu++20";
				CLANG_ENABLE_MODULES = YES;
				CLANG_ENABLE_OBJC_ARC = YES;
				CLANG_ENABLE_OBJC_WEAK = YES;
				CLANG_WARN_BLOCK_CAPTURE_AUTORELEASING = YES;
				CLANG_WARN_BOOL_CONVERSION = YES;
				CLANG_WARN_COMMA = YES;
				CLANG_WARN_CONSTANT_CONVERSION = YES;
				CLANG_WARN_DEPRECATED_OBJC_IMPLEMENTATIONS = YES;
				CLANG_WARN_DIRECT_OBJC_ISA_USAGE = YES_ERROR;
				CLANG_WARN_DOCUMENTATION_COMMENTS = YES;
				CLANG_WARN_EMPTY_BODY = YES;
				CLANG_WARN_ENUM_CONVERSION = YES;
				CLANG_WARN_INFINITE_RECURSION = YES;
				CLANG_WARN_INT_CONVERSION = YES;
				CLANG_WARN_NON_LITERAL_NULL_CONVERSION = YES;
				CLANG_WARN_OBJC_IMPLICIT_RETAIN_SELF = YES;
				CLANG_WARN_OBJC_LITERAL_CONVERSION = YES;
				CLANG_WARN_OBJC_ROOT_CLASS = YES_ERROR;
				CLANG_WARN_QUOTED_INCLUDE_IN_FRAMEWORK_HEADER = YES;
				CLANG_WARN_RANGE_LOOP_ANALYSIS = YES;
				CLANG_WARN_STRICT_PROTOTYPES = YES;
				CLANG_WARN_SUSPICIOUS_MOVE = YES;
				CLANG_WARN_UNGUARDED_AVAILABILITY = YES_AGGRESSIVE;
				CLANG_WARN_UNREACHABLE_CODE = YES;
				CLANG_WARN__DUPLICATE_METHOD_MATCH = YES;
				COPY_PHASE_STRIP = NO;
				DEBUG_INFORMATION_FORMAT = dwarf;
				ENABLE_STRICT_OBJC_MSGSEND = YES;
				ENABLE_TESTABILITY = YES;
				GCC_C_LANGUAGE_STANDARD = gnu11;
				GCC_DYNAMIC_NO_PIC = NO;
				GCC_NO_COMMON_BLOCKS = YES;
				GCC_OPTIMIZATION_LEVEL = 0;
				GCC_PREPROCESSOR_DEFINITIONS = (
					"DEBUG=1",
					"$(inherited)",
				);
				GCC_WARN_64_TO_32_BIT_CONVERSION = YES;
				GCC_WARN_ABOUT_RETURN_TYPE = YES_ERROR;
				GCC_WARN_UNDECLARED_SELECTOR = YES;
				GCC_WARN_UNINITIALIZED_AUTOS = YES_AGGRESSIVE;
				GCC_WARN_UNUSED_FUNCTION = YES;
				GCC_WARN_UNUSED_VARIABLE = YES;
				IPHONEOS_DEPLOYMENT_TARGET = 16.4;
				MTL_ENABLE_DEBUG_INFO = INCLUDE_SOURCE;
				MTL_FAST_MATH = YES;
				ONLY_ACTIVE_ARCH = YES;
				SDKROOT = iphoneos;
				SWIFT_ACTIVE_COMPILATION_CONDITIONS = DEBUG;
				SWIFT_OPTIMIZATION_LEVEL = "-Onone";
			};
			name = Debug;
		};
		21682F0A2A1C57E700866864 /* Release */ = {
			isa = XCBuildConfiguration;
			buildSettings = {
				ALWAYS_SEARCH_USER_PATHS = NO;
				CLANG_ANALYZER_NONNULL = YES;
				CLANG_ANALYZER_NUMBER_OBJECT_CONVERSION = YES_AGGRESSIVE;
				CLANG_CXX_LANGUAGE_STANDARD = "gnu++20";
				CLANG_ENABLE_MODULES = YES;
				CLANG_ENABLE_OBJC_ARC = YES;
				CLANG_ENABLE_OBJC_WEAK = YES;
				CLANG_WARN_BLOCK_CAPTURE_AUTORELEASING = YES;
				CLANG_WARN_BOOL_CONVERSION = YES;
				CLANG_WARN_COMMA = YES;
				CLANG_WARN_CONSTANT_CONVERSION = YES;
				CLANG_WARN_DEPRECATED_OBJC_IMPLEMENTATIONS = YES;
				CLANG_WARN_DIRECT_OBJC_ISA_USAGE = YES_ERROR;
				CLANG_WARN_DOCUMENTATION_COMMENTS = YES;
				CLANG_WARN_EMPTY_BODY = YES;
				CLANG_WARN_ENUM_CONVERSION = YES;
				CLANG_WARN_INFINITE_RECURSION = YES;
				CLANG_WARN_INT_CONVERSION = YES;
				CLANG_WARN_NON_LITERAL_NULL_CONVERSION = YES;
				CLANG_WARN_OBJC_IMPLICIT_RETAIN_SELF = YES;
				CLANG_WARN_OBJC_LITERAL_CONVERSION = YES;
				CLANG_WARN_OBJC_ROOT_CLASS = YES_ERROR;
				CLANG_WARN_QUOTED_INCLUDE_IN_FRAMEWORK_HEADER = YES;
				CLANG_WARN_RANGE_LOOP_ANALYSIS = YES;
				CLANG_WARN_STRICT_PROTOTYPES = YES;
				CLANG_WARN_SUSPICIOUS_MOVE = YES;
				CLANG_WARN_UNGUARDED_AVAILABILITY = YES_AGGRESSIVE;
				CLANG_WARN_UNREACHABLE_CODE = YES;
				CLANG_WARN__DUPLICATE_METHOD_MATCH = YES;
				COPY_PHASE_STRIP = NO;
				DEBUG_INFORMATION_FORMAT = "dwarf-with-dsym";
				ENABLE_NS_ASSERTIONS = NO;
				ENABLE_STRICT_OBJC_MSGSEND = YES;
				GCC_C_LANGUAGE_STANDARD = gnu11;
				GCC_NO_COMMON_BLOCKS = YES;
				GCC_WARN_64_TO_32_BIT_CONVERSION = YES;
				GCC_WARN_ABOUT_RETURN_TYPE = YES_ERROR;
				GCC_WARN_UNDECLARED_SELECTOR = YES;
				GCC_WARN_UNINITIALIZED_AUTOS = YES_AGGRESSIVE;
				GCC_WARN_UNUSED_FUNCTION = YES;
				GCC_WARN_UNUSED_VARIABLE = YES;
				IPHONEOS_DEPLOYMENT_TARGET = 16.4;
				MTL_ENABLE_DEBUG_INFO = NO;
				MTL_FAST_MATH = YES;
				SDKROOT = iphoneos;
				SWIFT_COMPILATION_MODE = wholemodule;
				SWIFT_OPTIMIZATION_LEVEL = "-O";
				VALIDATE_PRODUCT = YES;
			};
			name = Release;
		};
		21682F0C2A1C57E700866864 /* Debug */ = {
			isa = XCBuildConfiguration;
			buildSettings = {
				ASSETCATALOG_COMPILER_APPICON_NAME = AppIcon;
				ASSETCATALOG_COMPILER_GLOBAL_ACCENT_COLOR_NAME = AccentColor;
				CODE_SIGN_STYLE = Automatic;
				CURRENT_PROJECT_VERSION = 1;
				DEVELOPMENT_ASSET_PATHS = "\"Dice Roller/Preview Content\"";
				DEVELOPMENT_TEAM = W29Q2GKBT5;
				ENABLE_PREVIEWS = YES;
				GENERATE_INFOPLIST_FILE = YES;
				INFOPLIST_KEY_UIApplicationSceneManifest_Generation = YES;
				INFOPLIST_KEY_UIApplicationSupportsIndirectInputEvents = YES;
				INFOPLIST_KEY_UILaunchScreen_Generation = YES;
				INFOPLIST_KEY_UISupportedInterfaceOrientations_iPad = "UIInterfaceOrientationPortrait UIInterfaceOrientationPortraitUpsideDown UIInterfaceOrientationLandscapeLeft UIInterfaceOrientationLandscapeRight";
				INFOPLIST_KEY_UISupportedInterfaceOrientations_iPhone = "UIInterfaceOrientationPortrait UIInterfaceOrientationLandscapeLeft UIInterfaceOrientationLandscapeRight";
				LD_RUNPATH_SEARCH_PATHS = (
					"$(inherited)",
					"@executable_path/Frameworks",
				);
				MARKETING_VERSION = 1.0;
				PRODUCT_BUNDLE_IDENTIFIER = "com.ReConnect.Dice-Roller";
				PRODUCT_NAME = "$(TARGET_NAME)";
				SWIFT_EMIT_LOC_STRINGS = YES;
				SWIFT_VERSION = 5.0;
				TARGETED_DEVICE_FAMILY = "1,2";
			};
			name = Debug;
		};
		21682F0D2A1C57E700866864 /* Release */ = {
			isa = XCBuildConfiguration;
			buildSettings = {
				ASSETCATALOG_COMPILER_APPICON_NAME = AppIcon;
				ASSETCATALOG_COMPILER_GLOBAL_ACCENT_COLOR_NAME = AccentColor;
				CODE_SIGN_STYLE = Automatic;
				CURRENT_PROJECT_VERSION = 1;
				DEVELOPMENT_ASSET_PATHS = "\"Dice Roller/Preview Content\"";
				DEVELOPMENT_TEAM = W29Q2GKBT5;
				ENABLE_PREVIEWS = YES;
				GENERATE_INFOPLIST_FILE = YES;
				INFOPLIST_KEY_UIApplicationSceneManifest_Generation = YES;
				INFOPLIST_KEY_UIApplicationSupportsIndirectInputEvents = YES;
				INFOPLIST_KEY_UILaunchScreen_Generation = YES;
				INFOPLIST_KEY_UISupportedInterfaceOrientations_iPad = "UIInterfaceOrientationPortrait UIInterfaceOrientationPortraitUpsideDown UIInterfaceOrientationLandscapeLeft UIInterfaceOrientationLandscapeRight";
				INFOPLIST_KEY_UISupportedInterfaceOrientations_iPhone = "UIInterfaceOrientationPortrait UIInterfaceOrientationLandscapeLeft UIInterfaceOrientationLandscapeRight";
				LD_RUNPATH_SEARCH_PATHS = (
					"$(inherited)",
					"@executable_path/Frameworks",
				);
				MARKETING_VERSION = 1.0;
				PRODUCT_BUNDLE_IDENTIFIER = "com.ReConnect.Dice-Roller";
				PRODUCT_NAME = "$(TARGET_NAME)";
				SWIFT_EMIT_LOC_STRINGS = YES;
				SWIFT_VERSION = 5.0;
				TARGETED_DEVICE_FAMILY = "1,2";
			};
			name = Release;
		};
/* End XCBuildConfiguration section */

/* Begin XCConfigurationList section */
		21682EF82A1C57E500866864 /* Build configuration list for PBXProject "Dice Roller" */ = {
			isa = XCConfigurationList;
			buildConfigurations = (
				21682F092A1C57E700866864 /* Debug */,
				21682F0A2A1C57E700866864 /* Release */,
			);
			defaultConfigurationIsVisible = 0;
			defaultConfigurationName = Release;
		};
		21682F0B2A1C57E700866864 /* Build configuration list for PBXNativeTarget "Dice Roller" */ = {
			isa = XCConfigurationList;
			buildConfigurations = (
				21682F0C2A1C57E700866864 /* Debug */,
				21682F0D2A1C57E700866864 /* Release */,
			);
			defaultConfigurationIsVisible = 0;
			defaultConfigurationName = Release;
		};
/* End XCConfigurationList section */
	};
	rootObject = 21682EF52A1C57E500866864 /* Project object */;
}
