// !$*UTF8*$!
{
	archiveVersion = 1;
	classes = {
	};
	objectVersion = 51;
	objects = {

/* Begin PBXBuildFile section */
		210855BD2640C07100382446 /* NewPostScreen.swift in Sources */ = {isa = PBXBuildFile; fileRef = 210855BC2640C07100382446 /* NewPostScreen.swift */; };
		210855BF2640C09100382446 /* NewPostVM.swift in Sources */ = {isa = PBXBuildFile; fileRef = 210855BE2640C09100382446 /* NewPostVM.swift */; };
		212D1CC2266EE386000717C9 /* LogoView.swift in Sources */ = {isa = PBXBuildFile; fileRef = 212D1CC1266EE386000717C9 /* LogoView.swift */; };
		212E3F16264989E40012D92B /* CustomTFAccessoryInputView.swift in Sources */ = {isa = PBXBuildFile; fileRef = 212E3F15264989E40012D92B /* CustomTFAccessoryInputView.swift */; };
		212F724E2676C61A00BBA61B /* CustomTableRow.swift in Sources */ = {isa = PBXBuildFile; fileRef = 212F724D2676C61A00BBA61B /* CustomTableRow.swift */; };
		212F72512676CE6300BBA61B /* AccountSettings.swift in Sources */ = {isa = PBXBuildFile; fileRef = 212F72502676CE6300BBA61B /* AccountSettings.swift */; };
		217170792683C807006E7261 /* CustomControlViews.swift in Sources */ = {isa = PBXBuildFile; fileRef = 217170782683C807006E7261 /* CustomControlViews.swift */; };
		21886EF326850A620018E218 /* CustomButtons.swift in Sources */ = {isa = PBXBuildFile; fileRef = 21886EF226850A620018E218 /* CustomButtons.swift */; };
		218AC59F266179D30019F0AA /* HomeVM.swift in Sources */ = {isa = PBXBuildFile; fileRef = 218AC59E266179D30019F0AA /* HomeVM.swift */; };
		218AC5A1266180220019F0AA /* PostVM.swift in Sources */ = {isa = PBXBuildFile; fileRef = 218AC5A0266180220019F0AA /* PostVM.swift */; };
		218AC5A32661B5D50019F0AA /* DetailRegistration.swift in Sources */ = {isa = PBXBuildFile; fileRef = 218AC5A22661B5D50019F0AA /* DetailRegistration.swift */; };
		218E1B622649F29A00B2631E /* PostView.swift in Sources */ = {isa = PBXBuildFile; fileRef = 218E1B612649F29A00B2631E /* PostView.swift */; };
		2191D60D263E101B002EC24F /* GoogleService-Info.plist in Resources */ = {isa = PBXBuildFile; fileRef = 2191D60C263E101B002EC24F /* GoogleService-Info.plist */; };
		2191D60F263E102A002EC24F /* AppDelegate.swift in Sources */ = {isa = PBXBuildFile; fileRef = 2191D60E263E102A002EC24F /* AppDelegate.swift */; };
		2191D614263E12F3002EC24F /* LoginVM.swift in Sources */ = {isa = PBXBuildFile; fileRef = 2191D613263E12F3002EC24F /* LoginVM.swift */; };
		2191D616263E1303002EC24F /* RegisterVM.swift in Sources */ = {isa = PBXBuildFile; fileRef = 2191D615263E1303002EC24F /* RegisterVM.swift */; };
		2191D618263E144F002EC24F /* Methods.swift in Sources */ = {isa = PBXBuildFile; fileRef = 2191D617263E144F002EC24F /* Methods.swift */; };
		2191D61F263E187F002EC24F /* ContentView.swift in Sources */ = {isa = PBXBuildFile; fileRef = 2191D61E263E187F002EC24F /* ContentView.swift */; };
		2191D625263E1A9A002EC24F /* Login.swift in Sources */ = {isa = PBXBuildFile; fileRef = 2191D624263E1A9A002EC24F /* Login.swift */; };
		2191D627263E2088002EC24F /* CustomEmptyView.swift in Sources */ = {isa = PBXBuildFile; fileRef = 2191D626263E2088002EC24F /* CustomEmptyView.swift */; };
		2191D629263E21FE002EC24F /* Register.swift in Sources */ = {isa = PBXBuildFile; fileRef = 2191D628263E21FE002EC24F /* Register.swift */; };
		2191D62C263E24DC002EC24F /* Oxanium-VariableFont_wght.ttf in Resources */ = {isa = PBXBuildFile; fileRef = 2191D62B263E24D7002EC24F /* Oxanium-VariableFont_wght.ttf */; };
		21972275263F3B0C000C06FE /* CustomTabBar.swift in Sources */ = {isa = PBXBuildFile; fileRef = 21972274263F3B0C000C06FE /* CustomTabBar.swift */; };
		21972277263F3C13000C06FE /* BlurView.swift in Sources */ = {isa = PBXBuildFile; fileRef = 21972276263F3C13000C06FE /* BlurView.swift */; };
		21972279263F3D19000C06FE /* CoreScreen.swift in Sources */ = {isa = PBXBuildFile; fileRef = 21972278263F3D19000C06FE /* CoreScreen.swift */; };
		2197227B263F3D5B000C06FE /* Home.swift in Sources */ = {isa = PBXBuildFile; fileRef = 2197227A263F3D5B000C06FE /* Home.swift */; };
		2197227D263F3D61000C06FE /* Settings.swift in Sources */ = {isa = PBXBuildFile; fileRef = 2197227C263F3D61000C06FE /* Settings.swift */; };
		21A830A0266FE22F004065E1 /* WelcomeScreen.swift in Sources */ = {isa = PBXBuildFile; fileRef = 21A8309F266FE22F004065E1 /* WelcomeScreen.swift */; };
		21A830A2266FE23C004065E1 /* WelcomeScreenVM.swift in Sources */ = {isa = PBXBuildFile; fileRef = 21A830A1266FE23C004065E1 /* WelcomeScreenVM.swift */; };
		21BB7915263DD1DD00A95138 /* iConnect_iOS2App.swift in Sources */ = {isa = PBXBuildFile; fileRef = 21BB7914263DD1DD00A95138 /* iConnect_iOS2App.swift */; };
		21BB7919263DD1DE00A95138 /* Assets.xcassets in Resources */ = {isa = PBXBuildFile; fileRef = 21BB7918263DD1DE00A95138 /* Assets.xcassets */; };
		21BB791C263DD1DE00A95138 /* Preview Assets.xcassets in Resources */ = {isa = PBXBuildFile; fileRef = 21BB791B263DD1DE00A95138 /* Preview Assets.xcassets */; };
		21D3BEF22677DA0000F25857 /* HomeViewSettings.swift in Sources */ = {isa = PBXBuildFile; fileRef = 21D3BEF12677DA0000F25857 /* HomeViewSettings.swift */; };
		AD78E5FCAC0E8B116D1D6190 /* Pods_iConnect_iOS2.framework in Frameworks */ = {isa = PBXBuildFile; fileRef = 4210979FE72C1A430165ABC3 /* Pods_iConnect_iOS2.framework */; };
/* End PBXBuildFile section */

/* Begin PBXFileReference section */
		210855BC2640C07100382446 /* NewPostScreen.swift */ = {isa = PBXFileReference; lastKnownFileType = sourcecode.swift; path = NewPostScreen.swift; sourceTree = "<group>"; };
		210855BE2640C09100382446 /* NewPostVM.swift */ = {isa = PBXFileReference; lastKnownFileType = sourcecode.swift; path = NewPostVM.swift; sourceTree = "<group>"; };
		212D1CC1266EE386000717C9 /* LogoView.swift */ = {isa = PBXFileReference; lastKnownFileType = sourcecode.swift; path = LogoView.swift; sourceTree = "<group>"; };
		212E3F15264989E40012D92B /* CustomTFAccessoryInputView.swift */ = {isa = PBXFileReference; lastKnownFileType = sourcecode.swift; path = CustomTFAccessoryInputView.swift; sourceTree = "<group>"; };
		212F724D2676C61A00BBA61B /* CustomTableRow.swift */ = {isa = PBXFileReference; lastKnownFileType = sourcecode.swift; path = CustomTableRow.swift; sourceTree = "<group>"; };
		212F72502676CE6300BBA61B /* AccountSettings.swift */ = {isa = PBXFileReference; lastKnownFileType = sourcecode.swift; path = AccountSettings.swift; sourceTree = "<group>"; };
		217170782683C807006E7261 /* CustomControlViews.swift */ = {isa = PBXFileReference; lastKnownFileType = sourcecode.swift; path = CustomControlViews.swift; sourceTree = "<group>"; };
		21886EF226850A620018E218 /* CustomButtons.swift */ = {isa = PBXFileReference; lastKnownFileType = sourcecode.swift; path = CustomButtons.swift; sourceTree = "<group>"; };
		218AC59E266179D30019F0AA /* HomeVM.swift */ = {isa = PBXFileReference; lastKnownFileType = sourcecode.swift; path = HomeVM.swift; sourceTree = "<group>"; };
		218AC5A0266180220019F0AA /* PostVM.swift */ = {isa = PBXFileReference; lastKnownFileType = sourcecode.swift; path = PostVM.swift; sourceTree = "<group>"; };
		218AC5A22661B5D50019F0AA /* DetailRegistration.swift */ = {isa = PBXFileReference; lastKnownFileType = sourcecode.swift; path = DetailRegistration.swift; sourceTree = "<group>"; };
		218E1B612649F29A00B2631E /* PostView.swift */ = {isa = PBXFileReference; lastKnownFileType = sourcecode.swift; path = PostView.swift; sourceTree = "<group>"; };
		2191D60C263E101B002EC24F /* GoogleService-Info.plist */ = {isa = PBXFileReference; lastKnownFileType = text.plist; path = "GoogleService-Info.plist"; sourceTree = SOURCE_ROOT; };
		2191D60E263E102A002EC24F /* AppDelegate.swift */ = {isa = PBXFileReference; lastKnownFileType = sourcecode.swift; path = AppDelegate.swift; sourceTree = "<group>"; };
		2191D613263E12F3002EC24F /* LoginVM.swift */ = {isa = PBXFileReference; lastKnownFileType = sourcecode.swift; path = LoginVM.swift; sourceTree = "<group>"; };
		2191D615263E1303002EC24F /* RegisterVM.swift */ = {isa = PBXFileReference; lastKnownFileType = sourcecode.swift; path = RegisterVM.swift; sourceTree = "<group>"; };
		2191D617263E144F002EC24F /* Methods.swift */ = {isa = PBXFileReference; lastKnownFileType = sourcecode.swift; path = Methods.swift; sourceTree = "<group>"; };
		2191D61E263E187F002EC24F /* ContentView.swift */ = {isa = PBXFileReference; lastKnownFileType = sourcecode.swift; path = ContentView.swift; sourceTree = "<group>"; };
		2191D624263E1A9A002EC24F /* Login.swift */ = {isa = PBXFileReference; lastKnownFileType = sourcecode.swift; path = Login.swift; sourceTree = "<group>"; };
		2191D626263E2088002EC24F /* CustomEmptyView.swift */ = {isa = PBXFileReference; lastKnownFileType = sourcecode.swift; path = CustomEmptyView.swift; sourceTree = "<group>"; };
		2191D628263E21FE002EC24F /* Register.swift */ = {isa = PBXFileReference; lastKnownFileType = sourcecode.swift; path = Register.swift; sourceTree = "<group>"; };
		2191D62B263E24D7002EC24F /* Oxanium-VariableFont_wght.ttf */ = {isa = PBXFileReference; lastKnownFileType = file; path = "Oxanium-VariableFont_wght.ttf"; sourceTree = SOURCE_ROOT; };
		21972274263F3B0C000C06FE /* CustomTabBar.swift */ = {isa = PBXFileReference; lastKnownFileType = sourcecode.swift; path = CustomTabBar.swift; sourceTree = "<group>"; };
		21972276263F3C13000C06FE /* BlurView.swift */ = {isa = PBXFileReference; lastKnownFileType = sourcecode.swift; path = BlurView.swift; sourceTree = "<group>"; };
		21972278263F3D19000C06FE /* CoreScreen.swift */ = {isa = PBXFileReference; lastKnownFileType = sourcecode.swift; path = CoreScreen.swift; sourceTree = "<group>"; };
		2197227A263F3D5B000C06FE /* Home.swift */ = {isa = PBXFileReference; lastKnownFileType = sourcecode.swift; path = Home.swift; sourceTree = "<group>"; };
		2197227C263F3D61000C06FE /* Settings.swift */ = {isa = PBXFileReference; lastKnownFileType = sourcecode.swift; path = Settings.swift; sourceTree = "<group>"; };
		21A8309F266FE22F004065E1 /* WelcomeScreen.swift */ = {isa = PBXFileReference; lastKnownFileType = sourcecode.swift; path = WelcomeScreen.swift; sourceTree = "<group>"; };
		21A830A1266FE23C004065E1 /* WelcomeScreenVM.swift */ = {isa = PBXFileReference; lastKnownFileType = sourcecode.swift; path = WelcomeScreenVM.swift; sourceTree = "<group>"; };
		21BB7911263DD1DD00A95138 /* iConnect_iOS2.app */ = {isa = PBXFileReference; explicitFileType = wrapper.application; includeInIndex = 0; path = iConnect_iOS2.app; sourceTree = BUILT_PRODUCTS_DIR; };
		21BB7914263DD1DD00A95138 /* iConnect_iOS2App.swift */ = {isa = PBXFileReference; lastKnownFileType = sourcecode.swift; path = iConnect_iOS2App.swift; sourceTree = "<group>"; };
		21BB7918263DD1DE00A95138 /* Assets.xcassets */ = {isa = PBXFileReference; lastKnownFileType = folder.assetcatalog; path = Assets.xcassets; sourceTree = "<group>"; };
		21BB791B263DD1DE00A95138 /* Preview Assets.xcassets */ = {isa = PBXFileReference; lastKnownFileType = folder.assetcatalog; path = "Preview Assets.xcassets"; sourceTree = "<group>"; };
		21BB791D263DD1DE00A95138 /* Info.plist */ = {isa = PBXFileReference; lastKnownFileType = text.plist.xml; path = Info.plist; sourceTree = "<group>"; };
		21D3BEF12677DA0000F25857 /* HomeViewSettings.swift */ = {isa = PBXFileReference; lastKnownFileType = sourcecode.swift; path = HomeViewSettings.swift; sourceTree = "<group>"; };
		4210979FE72C1A430165ABC3 /* Pods_iConnect_iOS2.framework */ = {isa = PBXFileReference; explicitFileType = wrapper.framework; includeInIndex = 0; path = Pods_iConnect_iOS2.framework; sourceTree = BUILT_PRODUCTS_DIR; };
		4DA02E9B6C5103C9AFBE7F79 /* Pods-iConnect_iOS2.debug.xcconfig */ = {isa = PBXFileReference; includeInIndex = 1; lastKnownFileType = text.xcconfig; name = "Pods-iConnect_iOS2.debug.xcconfig"; path = "Target Support Files/Pods-iConnect_iOS2/Pods-iConnect_iOS2.debug.xcconfig"; sourceTree = "<group>"; };
		7469753D964AF6AFBC6539ED /* Pods-iConnect_iOS2.release.xcconfig */ = {isa = PBXFileReference; includeInIndex = 1; lastKnownFileType = text.xcconfig; name = "Pods-iConnect_iOS2.release.xcconfig"; path = "Target Support Files/Pods-iConnect_iOS2/Pods-iConnect_iOS2.release.xcconfig"; sourceTree = "<group>"; };
/* End PBXFileReference section */

/* Begin PBXFrameworksBuildPhase section */
		21BB790E263DD1DD00A95138 /* Frameworks */ = {
			isa = PBXFrameworksBuildPhase;
			buildActionMask = 2147483647;
			files = (
				AD78E5FCAC0E8B116D1D6190 /* Pods_iConnect_iOS2.framework in Frameworks */,
			);
			runOnlyForDeploymentPostprocessing = 0;
		};
/* End PBXFrameworksBuildPhase section */

/* Begin PBXGroup section */
		212F724F2676C82C00BBA61B /* Settings */ = {
			isa = PBXGroup;
			children = (
				2197227C263F3D61000C06FE /* Settings.swift */,
				212F72502676CE6300BBA61B /* AccountSettings.swift */,
			);
			path = Settings;
			sourceTree = "<group>";
		};
		2191D610263E12D8002EC24F /* Resources */ = {
			isa = PBXGroup;
			children = (
				2191D60E263E102A002EC24F /* AppDelegate.swift */,
				21BB7914263DD1DD00A95138 /* iConnect_iOS2App.swift */,
				2191D617263E144F002EC24F /* Methods.swift */,
			);
			path = Resources;
			sourceTree = "<group>";
		};
		2191D612263E12E7002EC24F /* View Models */ = {
			isa = PBXGroup;
			children = (
				2191D613263E12F3002EC24F /* LoginVM.swift */,
				2191D615263E1303002EC24F /* RegisterVM.swift */,
				210855BE2640C09100382446 /* NewPostVM.swift */,
				218AC59E266179D30019F0AA /* HomeVM.swift */,
				218AC5A0266180220019F0AA /* PostVM.swift */,
				21A830A1266FE23C004065E1 /* WelcomeScreenVM.swift */,
			);
			path = "View Models";
			sourceTree = "<group>";
		};
		2191D61D263E1872002EC24F /* Views */ = {
			isa = PBXGroup;
			children = (
				2191D623263E18BA002EC24F /* Auth UI */,
				2191D622263E18B4002EC24F /* Custom Views */,
				2191D621263E18AC002EC24F /* Secondary Views */,
				2191D620263E18A4002EC24F /* Primary Views */,
			);
			path = Views;
			sourceTree = "<group>";
		};
		2191D620263E18A4002EC24F /* Primary Views */ = {
			isa = PBXGroup;
			children = (
				2191D61E263E187F002EC24F /* ContentView.swift */,
				21972274263F3B0C000C06FE /* CustomTabBar.swift */,
				21972278263F3D19000C06FE /* CoreScreen.swift */,
				2197227A263F3D5B000C06FE /* Home.swift */,
				21D3BEF12677DA0000F25857 /* HomeViewSettings.swift */,
				212F724F2676C82C00BBA61B /* Settings */,
			);
			path = "Primary Views";
			sourceTree = "<group>";
		};
		2191D621263E18AC002EC24F /* Secondary Views */ = {
			isa = PBXGroup;
			children = (
				210855BC2640C07100382446 /* NewPostScreen.swift */,
				218E1B612649F29A00B2631E /* PostView.swift */,
			);
			path = "Secondary Views";
			sourceTree = "<group>";
		};
		2191D622263E18B4002EC24F /* Custom Views */ = {
			isa = PBXGroup;
			children = (
				2191D626263E2088002EC24F /* CustomEmptyView.swift */,
				21972276263F3C13000C06FE /* BlurView.swift */,
				212E3F15264989E40012D92B /* CustomTFAccessoryInputView.swift */,
				212D1CC1266EE386000717C9 /* LogoView.swift */,
				212F724D2676C61A00BBA61B /* CustomTableRow.swift */,
				217170782683C807006E7261 /* CustomControlViews.swift */,
				21886EF226850A620018E218 /* CustomButtons.swift */,
			);
			path = "Custom Views";
			sourceTree = "<group>";
		};
		2191D623263E18BA002EC24F /* Auth UI */ = {
			isa = PBXGroup;
			children = (
				2191D624263E1A9A002EC24F /* Login.swift */,
				2191D628263E21FE002EC24F /* Register.swift */,
				218AC5A22661B5D50019F0AA /* DetailRegistration.swift */,
				21A8309F266FE22F004065E1 /* WelcomeScreen.swift */,
			);
			path = "Auth UI";
			sourceTree = "<group>";
		};
		2191D62A263E2486002EC24F /* fonts */ = {
			isa = PBXGroup;
			children = (
				2191D62B263E24D7002EC24F /* Oxanium-VariableFont_wght.ttf */,
			);
			path = fonts;
			sourceTree = "<group>";
		};
		21BB7908263DD1DD00A95138 = {
			isa = PBXGroup;
			children = (
				21BB7913263DD1DD00A95138 /* iConnect_iOS2 */,
				21BB7912263DD1DD00A95138 /* Products */,
				727957AE5E8E827400528E4D /* Pods */,
				82EDA25E66AA141F370B9959 /* Frameworks */,
			);
			sourceTree = "<group>";
		};
		21BB7912263DD1DD00A95138 /* Products */ = {
			isa = PBXGroup;
			children = (
				21BB7911263DD1DD00A95138 /* iConnect_iOS2.app */,
			);
			name = Products;
			sourceTree = "<group>";
		};
		21BB7913263DD1DD00A95138 /* iConnect_iOS2 */ = {
			isa = PBXGroup;
			children = (
				2191D62A263E2486002EC24F /* fonts */,
				2191D60C263E101B002EC24F /* GoogleService-Info.plist */,
				2191D610263E12D8002EC24F /* Resources */,
				2191D612263E12E7002EC24F /* View Models */,
				2191D61D263E1872002EC24F /* Views */,
				21BB7918263DD1DE00A95138 /* Assets.xcassets */,
				21BB791D263DD1DE00A95138 /* Info.plist */,
				21BB791A263DD1DE00A95138 /* Preview Content */,
			);
			path = iConnect_iOS2;
			sourceTree = "<group>";
		};
		21BB791A263DD1DE00A95138 /* Preview Content */ = {
			isa = PBXGroup;
			children = (
				21BB791B263DD1DE00A95138 /* Preview Assets.xcassets */,
			);
			path = "Preview Content";
			sourceTree = "<group>";
		};
		727957AE5E8E827400528E4D /* Pods */ = {
			isa = PBXGroup;
			children = (
				4DA02E9B6C5103C9AFBE7F79 /* Pods-iConnect_iOS2.debug.xcconfig */,
				7469753D964AF6AFBC6539ED /* Pods-iConnect_iOS2.release.xcconfig */,
			);
			path = Pods;
			sourceTree = "<group>";
		};
		82EDA25E66AA141F370B9959 /* Frameworks */ = {
			isa = PBXGroup;
			children = (
				4210979FE72C1A430165ABC3 /* Pods_iConnect_iOS2.framework */,
			);
			name = Frameworks;
			sourceTree = "<group>";
		};
/* End PBXGroup section */

/* Begin PBXNativeTarget section */
		21BB7910263DD1DD00A95138 /* iConnect_iOS2 */ = {
			isa = PBXNativeTarget;
			buildConfigurationList = 21BB7920263DD1DE00A95138 /* Build configuration list for PBXNativeTarget "iConnect_iOS2" */;
			buildPhases = (
				42480AC3EDC526131475E38B /* [CP] Check Pods Manifest.lock */,
				21BB790D263DD1DD00A95138 /* Sources */,
				21BB790E263DD1DD00A95138 /* Frameworks */,
				21BB790F263DD1DD00A95138 /* Resources */,
				B6F21D31FB443DD37A5E4A7D /* [CP] Embed Pods Frameworks */,
			);
			buildRules = (
			);
			dependencies = (
			);
			name = iConnect_iOS2;
			productName = iConnect_iOS2;
			productReference = 21BB7911263DD1DD00A95138 /* iConnect_iOS2.app */;
			productType = "com.apple.product-type.application";
		};
/* End PBXNativeTarget section */

/* Begin PBXProject section */
		21BB7909263DD1DD00A95138 /* Project object */ = {
			isa = PBXProject;
			attributes = {
				LastSwiftUpdateCheck = 1250;
				LastUpgradeCheck = 1250;
				TargetAttributes = {
					21BB7910263DD1DD00A95138 = {
						CreatedOnToolsVersion = 12.5;
					};
				};
			};
			buildConfigurationList = 21BB790C263DD1DD00A95138 /* Build configuration list for PBXProject "iConnect_iOS2" */;
			compatibilityVersion = "Xcode 9.3";
			developmentRegion = en;
			hasScannedForEncodings = 0;
			knownRegions = (
				en,
				Base,
			);
			mainGroup = 21BB7908263DD1DD00A95138;
			productRefGroup = 21BB7912263DD1DD00A95138 /* Products */;
			projectDirPath = "";
			projectRoot = "";
			targets = (
				21BB7910263DD1DD00A95138 /* iConnect_iOS2 */,
			);
		};
/* End PBXProject section */

/* Begin PBXResourcesBuildPhase section */
		21BB790F263DD1DD00A95138 /* Resources */ = {
			isa = PBXResourcesBuildPhase;
			buildActionMask = 2147483647;
			files = (
				21BB791C263DD1DE00A95138 /* Preview Assets.xcassets in Resources */,
				2191D62C263E24DC002EC24F /* Oxanium-VariableFont_wght.ttf in Resources */,
				21BB7919263DD1DE00A95138 /* Assets.xcassets in Resources */,
				2191D60D263E101B002EC24F /* GoogleService-Info.plist in Resources */,
			);
			runOnlyForDeploymentPostprocessing = 0;
		};
/* End PBXResourcesBuildPhase section */

/* Begin PBXShellScriptBuildPhase section */
		42480AC3EDC526131475E38B /* [CP] Check Pods Manifest.lock */ = {
			isa = PBXShellScriptBuildPhase;
			buildActionMask = 2147483647;
			files = (
			);
			inputFileListPaths = (
			);
			inputPaths = (
				"${PODS_PODFILE_DIR_PATH}/Podfile.lock",
				"${PODS_ROOT}/Manifest.lock",
			);
			name = "[CP] Check Pods Manifest.lock";
			outputFileListPaths = (
			);
			outputPaths = (
				"$(DERIVED_FILE_DIR)/Pods-iConnect_iOS2-checkManifestLockResult.txt",
			);
			runOnlyForDeploymentPostprocessing = 0;
			shellPath = /bin/sh;
			shellScript = "diff \"${PODS_PODFILE_DIR_PATH}/Podfile.lock\" \"${PODS_ROOT}/Manifest.lock\" > /dev/null\nif [ $? != 0 ] ; then\n    # print error to STDERR\n    echo \"error: The sandbox is not in sync with the Podfile.lock. Run 'pod install' or update your CocoaPods installation.\" >&2\n    exit 1\nfi\n# This output is used by Xcode 'outputs' to avoid re-running this script phase.\necho \"SUCCESS\" > \"${SCRIPT_OUTPUT_FILE_0}\"\n";
			showEnvVarsInLog = 0;
		};
		B6F21D31FB443DD37A5E4A7D /* [CP] Embed Pods Frameworks */ = {
			isa = PBXShellScriptBuildPhase;
			buildActionMask = 2147483647;
			files = (
			);
			inputFileListPaths = (
				"${PODS_ROOT}/Target Support Files/Pods-iConnect_iOS2/Pods-iConnect_iOS2-frameworks-${CONFIGURATION}-input-files.xcfilelist",
			);
			name = "[CP] Embed Pods Frameworks";
			outputFileListPaths = (
				"${PODS_ROOT}/Target Support Files/Pods-iConnect_iOS2/Pods-iConnect_iOS2-frameworks-${CONFIGURATION}-output-files.xcfilelist",
			);
			runOnlyForDeploymentPostprocessing = 0;
			shellPath = /bin/sh;
			shellScript = "\"${PODS_ROOT}/Target Support Files/Pods-iConnect_iOS2/Pods-iConnect_iOS2-frameworks.sh\"\n";
			showEnvVarsInLog = 0;
		};
/* End PBXShellScriptBuildPhase section */

/* Begin PBXSourcesBuildPhase section */
		21BB790D263DD1DD00A95138 /* Sources */ = {
			isa = PBXSourcesBuildPhase;
			buildActionMask = 2147483647;
			files = (
				2191D625263E1A9A002EC24F /* Login.swift in Sources */,
				2191D614263E12F3002EC24F /* LoginVM.swift in Sources */,
				21886EF326850A620018E218 /* CustomButtons.swift in Sources */,
				2191D60F263E102A002EC24F /* AppDelegate.swift in Sources */,
				2191D629263E21FE002EC24F /* Register.swift in Sources */,
				212F724E2676C61A00BBA61B /* CustomTableRow.swift in Sources */,
				218AC5A32661B5D50019F0AA /* DetailRegistration.swift in Sources */,
				218AC5A1266180220019F0AA /* PostVM.swift in Sources */,
				2197227D263F3D61000C06FE /* Settings.swift in Sources */,
				21972277263F3C13000C06FE /* BlurView.swift in Sources */,
				2191D61F263E187F002EC24F /* ContentView.swift in Sources */,
				212F72512676CE6300BBA61B /* AccountSettings.swift in Sources */,
				2197227B263F3D5B000C06FE /* Home.swift in Sources */,
				2191D616263E1303002EC24F /* RegisterVM.swift in Sources */,
				210855BD2640C07100382446 /* NewPostScreen.swift in Sources */,
				21972275263F3B0C000C06FE /* CustomTabBar.swift in Sources */,
				212D1CC2266EE386000717C9 /* LogoView.swift in Sources */,
				21972279263F3D19000C06FE /* CoreScreen.swift in Sources */,
				217170792683C807006E7261 /* CustomControlViews.swift in Sources */,
				21A830A2266FE23C004065E1 /* WelcomeScreenVM.swift in Sources */,
				21A830A0266FE22F004065E1 /* WelcomeScreen.swift in Sources */,
				2191D627263E2088002EC24F /* CustomEmptyView.swift in Sources */,
				212E3F16264989E40012D92B /* CustomTFAccessoryInputView.swift in Sources */,
				210855BF2640C09100382446 /* NewPostVM.swift in Sources */,
				2191D618263E144F002EC24F /* Methods.swift in Sources */,
				21D3BEF22677DA0000F25857 /* HomeViewSettings.swift in Sources */,
				218E1B622649F29A00B2631E /* PostView.swift in Sources */,
				218AC59F266179D30019F0AA /* HomeVM.swift in Sources */,
				21BB7915263DD1DD00A95138 /* iConnect_iOS2App.swift in Sources */,
			);
			runOnlyForDeploymentPostprocessing = 0;
		};
/* End PBXSourcesBuildPhase section */

/* Begin XCBuildConfiguration section */
		21BB791E263DD1DE00A95138 /* Debug */ = {
			isa = XCBuildConfiguration;
			buildSettings = {
				ALWAYS_SEARCH_USER_PATHS = NO;
				CLANG_ANALYZER_NONNULL = YES;
				CLANG_ANALYZER_NUMBER_OBJECT_CONVERSION = YES_AGGRESSIVE;
				CLANG_CXX_LANGUAGE_STANDARD = "gnu++14";
				CLANG_CXX_LIBRARY = "libc++";
				CLANG_ENABLE_MODULES = YES;
				CLANG_ENABLE_OBJC_ARC = YES;
				CLANG_ENABLE_OBJC_WEAK = YES;
				CLANG_WARN_BLOCK_CAPTURE_AUTORELEASING = YES;
				CLANG_WARN_BOOL_CONVERSION = YES;
				CLANG_WARN_COMMA = YES;
				CLANG_WARN_CONSTANT_CONVERSION = YES;
				CLANG_WARN_DEPRECATED_OBJC_IMPLEMENTATIONS = YES;
				CLANG_WARN_DIRECT_OBJC_ISA_USAGE = YES_ERROR;
				CLANG_WARN_DOCUMENTATION_COMMENTS = YES;
				CLANG_WARN_EMPTY_BODY = YES;
				CLANG_WARN_ENUM_CONVERSION = YES;
				CLANG_WARN_INFINITE_RECURSION = YES;
				CLANG_WARN_INT_CONVERSION = YES;
				CLANG_WARN_NON_LITERAL_NULL_CONVERSION = YES;
				CLANG_WARN_OBJC_IMPLICIT_RETAIN_SELF = YES;
				CLANG_WARN_OBJC_LITERAL_CONVERSION = YES;
				CLANG_WARN_OBJC_ROOT_CLASS = YES_ERROR;
				CLANG_WARN_QUOTED_INCLUDE_IN_FRAMEWORK_HEADER = YES;
				CLANG_WARN_RANGE_LOOP_ANALYSIS = YES;
				CLANG_WARN_STRICT_PROTOTYPES = YES;
				CLANG_WARN_SUSPICIOUS_MOVE = YES;
				CLANG_WARN_UNGUARDED_AVAILABILITY = YES_AGGRESSIVE;
				CLANG_WARN_UNREACHABLE_CODE = YES;
				CLANG_WARN__DUPLICATE_METHOD_MATCH = YES;
				COPY_PHASE_STRIP = NO;
				DEBUG_INFORMATION_FORMAT = dwarf;
				ENABLE_STRICT_OBJC_MSGSEND = YES;
				ENABLE_TESTABILITY = YES;
				GCC_C_LANGUAGE_STANDARD = gnu11;
				GCC_DYNAMIC_NO_PIC = NO;
				GCC_NO_COMMON_BLOCKS = YES;
				GCC_OPTIMIZATION_LEVEL = 0;
				GCC_PREPROCESSOR_DEFINITIONS = (
					"DEBUG=1",
					"$(inherited)",
				);
				GCC_WARN_64_TO_32_BIT_CONVERSION = YES;
				GCC_WARN_ABOUT_RETURN_TYPE = YES_ERROR;
				GCC_WARN_UNDECLARED_SELECTOR = YES;
				GCC_WARN_UNINITIALIZED_AUTOS = YES_AGGRESSIVE;
				GCC_WARN_UNUSED_FUNCTION = YES;
				GCC_WARN_UNUSED_VARIABLE = YES;
				IPHONEOS_DEPLOYMENT_TARGET = 14.5;
				MTL_ENABLE_DEBUG_INFO = INCLUDE_SOURCE;
				MTL_FAST_MATH = YES;
				ONLY_ACTIVE_ARCH = YES;
				SDKROOT = iphoneos;
				SWIFT_ACTIVE_COMPILATION_CONDITIONS = DEBUG;
				SWIFT_OPTIMIZATION_LEVEL = "-Onone";
			};
			name = Debug;
		};
		21BB791F263DD1DE00A95138 /* Release */ = {
			isa = XCBuildConfiguration;
			buildSettings = {
				ALWAYS_SEARCH_USER_PATHS = NO;
				CLANG_ANALYZER_NONNULL = YES;
				CLANG_ANALYZER_NUMBER_OBJECT_CONVERSION = YES_AGGRESSIVE;
				CLANG_CXX_LANGUAGE_STANDARD = "gnu++14";
				CLANG_CXX_LIBRARY = "libc++";
				CLANG_ENABLE_MODULES = YES;
				CLANG_ENABLE_OBJC_ARC = YES;
				CLANG_ENABLE_OBJC_WEAK = YES;
				CLANG_WARN_BLOCK_CAPTURE_AUTORELEASING = YES;
				CLANG_WARN_BOOL_CONVERSION = YES;
				CLANG_WARN_COMMA = YES;
				CLANG_WARN_CONSTANT_CONVERSION = YES;
				CLANG_WARN_DEPRECATED_OBJC_IMPLEMENTATIONS = YES;
				CLANG_WARN_DIRECT_OBJC_ISA_USAGE = YES_ERROR;
				CLANG_WARN_DOCUMENTATION_COMMENTS = YES;
				CLANG_WARN_EMPTY_BODY = YES;
				CLANG_WARN_ENUM_CONVERSION = YES;
				CLANG_WARN_INFINITE_RECURSION = YES;
				CLANG_WARN_INT_CONVERSION = YES;
				CLANG_WARN_NON_LITERAL_NULL_CONVERSION = YES;
				CLANG_WARN_OBJC_IMPLICIT_RETAIN_SELF = YES;
				CLANG_WARN_OBJC_LITERAL_CONVERSION = YES;
				CLANG_WARN_OBJC_ROOT_CLASS = YES_ERROR;
				CLANG_WARN_QUOTED_INCLUDE_IN_FRAMEWORK_HEADER = YES;
				CLANG_WARN_RANGE_LOOP_ANALYSIS = YES;
				CLANG_WARN_STRICT_PROTOTYPES = YES;
				CLANG_WARN_SUSPICIOUS_MOVE = YES;
				CLANG_WARN_UNGUARDED_AVAILABILITY = YES_AGGRESSIVE;
				CLANG_WARN_UNREACHABLE_CODE = YES;
				CLANG_WARN__DUPLICATE_METHOD_MATCH = YES;
				COPY_PHASE_STRIP = NO;
				DEBUG_INFORMATION_FORMAT = "dwarf-with-dsym";
				ENABLE_NS_ASSERTIONS = NO;
				ENABLE_STRICT_OBJC_MSGSEND = YES;
				GCC_C_LANGUAGE_STANDARD = gnu11;
				GCC_NO_COMMON_BLOCKS = YES;
				GCC_WARN_64_TO_32_BIT_CONVERSION = YES;
				GCC_WARN_ABOUT_RETURN_TYPE = YES_ERROR;
				GCC_WARN_UNDECLARED_SELECTOR = YES;
				GCC_WARN_UNINITIALIZED_AUTOS = YES_AGGRESSIVE;
				GCC_WARN_UNUSED_FUNCTION = YES;
				GCC_WARN_UNUSED_VARIABLE = YES;
				IPHONEOS_DEPLOYMENT_TARGET = 14.5;
				MTL_ENABLE_DEBUG_INFO = NO;
				MTL_FAST_MATH = YES;
				SDKROOT = iphoneos;
				SWIFT_COMPILATION_MODE = wholemodule;
				SWIFT_OPTIMIZATION_LEVEL = "-O";
				VALIDATE_PRODUCT = YES;
			};
			name = Release;
		};
		21BB7921263DD1DE00A95138 /* Debug */ = {
			isa = XCBuildConfiguration;
			baseConfigurationReference = 4DA02E9B6C5103C9AFBE7F79 /* Pods-iConnect_iOS2.debug.xcconfig */;
			buildSettings = {
				ASSETCATALOG_COMPILER_APPICON_NAME = AppIcon;
				ASSETCATALOG_COMPILER_GLOBAL_ACCENT_COLOR_NAME = AccentColor;
				CODE_SIGN_STYLE = Automatic;
				DEVELOPMENT_ASSET_PATHS = "\"iConnect_iOS2/Preview Content\"";
				DEVELOPMENT_TEAM = W29Q2GKBT5;
				ENABLE_PREVIEWS = YES;
				INFOPLIST_FILE = iConnect_iOS2/Info.plist;
				IPHONEOS_DEPLOYMENT_TARGET = 14.0;
				LD_RUNPATH_SEARCH_PATHS = (
					"$(inherited)",
					"@executable_path/Frameworks",
				);
				PRODUCT_BUNDLE_IDENTIFIER = "com.iConnect.iConnect-iOS2";
				PRODUCT_NAME = "$(TARGET_NAME)";
				SWIFT_VERSION = 5.0;
				TARGETED_DEVICE_FAMILY = "1,2";
			};
			name = Debug;
		};
		21BB7922263DD1DE00A95138 /* Release */ = {
			isa = XCBuildConfiguration;
			baseConfigurationReference = 7469753D964AF6AFBC6539ED /* Pods-iConnect_iOS2.release.xcconfig */;
			buildSettings = {
				ASSETCATALOG_COMPILER_APPICON_NAME = AppIcon;
				ASSETCATALOG_COMPILER_GLOBAL_ACCENT_COLOR_NAME = AccentColor;
				CODE_SIGN_STYLE = Automatic;
				DEVELOPMENT_ASSET_PATHS = "\"iConnect_iOS2/Preview Content\"";
				DEVELOPMENT_TEAM = W29Q2GKBT5;
				ENABLE_PREVIEWS = YES;
				INFOPLIST_FILE = iConnect_iOS2/Info.plist;
				IPHONEOS_DEPLOYMENT_TARGET = 14.0;
				LD_RUNPATH_SEARCH_PATHS = (
					"$(inherited)",
					"@executable_path/Frameworks",
				);
				PRODUCT_BUNDLE_IDENTIFIER = "com.iConnect.iConnect-iOS2";
				PRODUCT_NAME = "$(TARGET_NAME)";
				SWIFT_VERSION = 5.0;
				TARGETED_DEVICE_FAMILY = "1,2";
			};
			name = Release;
		};
/* End XCBuildConfiguration section */

/* Begin XCConfigurationList section */
		21BB790C263DD1DD00A95138 /* Build configuration list for PBXProject "iConnect_iOS2" */ = {
			isa = XCConfigurationList;
			buildConfigurations = (
				21BB791E263DD1DE00A95138 /* Debug */,
				21BB791F263DD1DE00A95138 /* Release */,
			);
			defaultConfigurationIsVisible = 0;
			defaultConfigurationName = Release;
		};
		21BB7920263DD1DE00A95138 /* Build configuration list for PBXNativeTarget "iConnect_iOS2" */ = {
			isa = XCConfigurationList;
			buildConfigurations = (
				21BB7921263DD1DE00A95138 /* Debug */,
				21BB7922263DD1DE00A95138 /* Release */,
			);
			defaultConfigurationIsVisible = 0;
			defaultConfigurationName = Release;
		};
/* End XCConfigurationList section */
	};
	rootObject = 21BB7909263DD1DD00A95138 /* Project object */;
}
