// !$*UTF8*$!
{
	archiveVersion = 1;
	classes = {
	};
	objectVersion = 52;
	objects = {

/* Begin PBXBuildFile section */
		2108361626ADB4B20086F9D7 /* ImagePicker.swift in Sources */ = {isa = PBXBuildFile; fileRef = 2108361526ADB4B20086F9D7 /* ImagePicker.swift */; };
		2108361926ADD5F00086F9D7 /* SDWebImageSwiftUI in Frameworks */ = {isa = PBXBuildFile; productRef = 2108361826ADD5F00086F9D7 /* SDWebImageSwiftUI */; };
		2108361B26ADDC840086F9D7 /* Discover.swift in Sources */ = {isa = PBXBuildFile; fileRef = 2108361A26ADDC840086F9D7 /* Discover.swift */; };
		2108361D26ADDC8C0086F9D7 /* DiscoverVM.swift in Sources */ = {isa = PBXBuildFile; fileRef = 2108361C26ADDC8C0086F9D7 /* DiscoverVM.swift */; };
		21193B8426AB41BA0001AFDC /* Home.swift in Sources */ = {isa = PBXBuildFile; fileRef = 21193B8326AB41BA0001AFDC /* Home.swift */; };
		21193B8626AB49740001AFDC /* ProfileSetup.swift in Sources */ = {isa = PBXBuildFile; fileRef = 21193B8526AB49740001AFDC /* ProfileSetup.swift */; };
		21193B8826AB4F210001AFDC /* WelcomeScreen.swift in Sources */ = {isa = PBXBuildFile; fileRef = 21193B8726AB4F210001AFDC /* WelcomeScreen.swift */; };
		21193B8C26AB58FA0001AFDC /* BlurView.swift in Sources */ = {isa = PBXBuildFile; fileRef = 21193B8B26AB58FA0001AFDC /* BlurView.swift */; };
		21193B8E26AB5F4C0001AFDC /* CoreScreen.swift in Sources */ = {isa = PBXBuildFile; fileRef = 21193B8D26AB5F4C0001AFDC /* CoreScreen.swift */; };
		21193B9026AB637F0001AFDC /* SettingsScreen.swift in Sources */ = {isa = PBXBuildFile; fileRef = 21193B8F26AB637F0001AFDC /* SettingsScreen.swift */; };
		21193B9226AB638B0001AFDC /* MenuScreen.swift in Sources */ = {isa = PBXBuildFile; fileRef = 21193B9126AB638B0001AFDC /* MenuScreen.swift */; };
		21193B9426AB668D0001AFDC /* CustomListRow.swift in Sources */ = {isa = PBXBuildFile; fileRef = 21193B9326AB668D0001AFDC /* CustomListRow.swift */; };
		21193B9726AB7EE30001AFDC /* AccountSettings.swift in Sources */ = {isa = PBXBuildFile; fileRef = 21193B9626AB7EE30001AFDC /* AccountSettings.swift */; };
		213D83EB26AF79CB00CDFE92 /* Launch Screen.storyboard in Resources */ = {isa = PBXBuildFile; fileRef = 213D83EA26AF79CB00CDFE92 /* Launch Screen.storyboard */; };
		2165059926AF31B900F30000 /* DeveloperSettings.swift in Sources */ = {isa = PBXBuildFile; fileRef = 2165059826AF31B900F30000 /* DeveloperSettings.swift */; };
		2165059C26AF408B00F30000 /* SwiftUIX in Frameworks */ = {isa = PBXBuildFile; productRef = 2165059B26AF408B00F30000 /* SwiftUIX */; };
		2183E38D26AB82A9007D2D35 /* ProfileScreen.swift in Sources */ = {isa = PBXBuildFile; fileRef = 2183E38C26AB82A9007D2D35 /* ProfileScreen.swift */; };
		2183E38F26AB82B4007D2D35 /* ProfileVM.swift in Sources */ = {isa = PBXBuildFile; fileRef = 2183E38E26AB82B4007D2D35 /* ProfileVM.swift */; };
		21C07B0B26A350DE0025D324 /* ReConnectApp.swift in Sources */ = {isa = PBXBuildFile; fileRef = 21C07B0A26A350DE0025D324 /* ReConnectApp.swift */; };
		21C07B0D26A350DE0025D324 /* ContentView.swift in Sources */ = {isa = PBXBuildFile; fileRef = 21C07B0C26A350DE0025D324 /* ContentView.swift */; };
		21C07B0F26A350DE0025D324 /* Assets.xcassets in Resources */ = {isa = PBXBuildFile; fileRef = 21C07B0E26A350DE0025D324 /* Assets.xcassets */; };
		21C07B1226A350DE0025D324 /* Preview Assets.xcassets in Resources */ = {isa = PBXBuildFile; fileRef = 21C07B1126A350DE0025D324 /* Preview Assets.xcassets */; };
		21C07B1A26A351C30025D324 /* GoogleService-Info.plist in Resources */ = {isa = PBXBuildFile; fileRef = 21C07B1926A351C30025D324 /* GoogleService-Info.plist */; };
		21C07B1E26A3532C0025D324 /* Login.swift in Sources */ = {isa = PBXBuildFile; fileRef = 21C07B1D26A3532C0025D324 /* Login.swift */; };
		21C07B2026A353320025D324 /* Register.swift in Sources */ = {isa = PBXBuildFile; fileRef = 21C07B1F26A353320025D324 /* Register.swift */; };
		21C07B2326A353460025D324 /* LoginVM.swift in Sources */ = {isa = PBXBuildFile; fileRef = 21C07B2226A353460025D324 /* LoginVM.swift */; };
		21C07B2526A3534D0025D324 /* RegisterVM.swift in Sources */ = {isa = PBXBuildFile; fileRef = 21C07B2426A3534D0025D324 /* RegisterVM.swift */; };
		21C07B2726A357AF0025D324 /* HelperMethods.swift in Sources */ = {isa = PBXBuildFile; fileRef = 21C07B2626A357AF0025D324 /* HelperMethods.swift */; };
		21C07B2A26A35B770025D324 /* CustomTextField.swift in Sources */ = {isa = PBXBuildFile; fileRef = 21C07B2926A35B770025D324 /* CustomTextField.swift */; };
		21D5845B26AC631D000452C0 /* CustomGroupBox.swift in Sources */ = {isa = PBXBuildFile; fileRef = 21D5845A26AC631D000452C0 /* CustomGroupBox.swift */; };
		21D5845D26AC78FC000452C0 /* EditProfile.swift in Sources */ = {isa = PBXBuildFile; fileRef = 21D5845C26AC78FC000452C0 /* EditProfile.swift */; };
		21E457D926A606CC00AE5C3F /* LogoView.swift in Sources */ = {isa = PBXBuildFile; fileRef = 21E457D826A606CC00AE5C3F /* LogoView.swift */; };
		21E457DC26A6102300AE5C3F /* FurtherInfoScreen.swift in Sources */ = {isa = PBXBuildFile; fileRef = 21E457DB26A6102300AE5C3F /* FurtherInfoScreen.swift */; };
		FB3D79712831E3230A565B06 /* Pods_ReConnect.framework in Frameworks */ = {isa = PBXBuildFile; fileRef = CC7281E9ED11AC8A2F8B997D /* Pods_ReConnect.framework */; };
/* End PBXBuildFile section */

/* Begin PBXFileReference section */
		1635CEC6865B56272FB269B4 /* Pods-ReConnect.debug.xcconfig */ = {isa = PBXFileReference; includeInIndex = 1; lastKnownFileType = text.xcconfig; name = "Pods-ReConnect.debug.xcconfig"; path = "Target Support Files/Pods-ReConnect/Pods-ReConnect.debug.xcconfig"; sourceTree = "<group>"; };
		2108361526ADB4B20086F9D7 /* ImagePicker.swift */ = {isa = PBXFileReference; lastKnownFileType = sourcecode.swift; path = ImagePicker.swift; sourceTree = "<group>"; };
		2108361A26ADDC840086F9D7 /* Discover.swift */ = {isa = PBXFileReference; lastKnownFileType = sourcecode.swift; path = Discover.swift; sourceTree = "<group>"; };
		2108361C26ADDC8C0086F9D7 /* DiscoverVM.swift */ = {isa = PBXFileReference; lastKnownFileType = sourcecode.swift; path = DiscoverVM.swift; sourceTree = "<group>"; };
		21193B8326AB41BA0001AFDC /* Home.swift */ = {isa = PBXFileReference; lastKnownFileType = sourcecode.swift; path = Home.swift; sourceTree = "<group>"; };
		21193B8526AB49740001AFDC /* ProfileSetup.swift */ = {isa = PBXFileReference; lastKnownFileType = sourcecode.swift; path = ProfileSetup.swift; sourceTree = "<group>"; };
		21193B8726AB4F210001AFDC /* WelcomeScreen.swift */ = {isa = PBXFileReference; lastKnownFileType = sourcecode.swift; path = WelcomeScreen.swift; sourceTree = "<group>"; };
		21193B8B26AB58FA0001AFDC /* BlurView.swift */ = {isa = PBXFileReference; lastKnownFileType = sourcecode.swift; path = BlurView.swift; sourceTree = "<group>"; };
		21193B8D26AB5F4C0001AFDC /* CoreScreen.swift */ = {isa = PBXFileReference; lastKnownFileType = sourcecode.swift; path = CoreScreen.swift; sourceTree = "<group>"; };
		21193B8F26AB637F0001AFDC /* SettingsScreen.swift */ = {isa = PBXFileReference; lastKnownFileType = sourcecode.swift; path = SettingsScreen.swift; sourceTree = "<group>"; };
		21193B9126AB638B0001AFDC /* MenuScreen.swift */ = {isa = PBXFileReference; lastKnownFileType = sourcecode.swift; path = MenuScreen.swift; sourceTree = "<group>"; };
		21193B9326AB668D0001AFDC /* CustomListRow.swift */ = {isa = PBXFileReference; lastKnownFileType = sourcecode.swift; path = CustomListRow.swift; sourceTree = "<group>"; };
		21193B9626AB7EE30001AFDC /* AccountSettings.swift */ = {isa = PBXFileReference; lastKnownFileType = sourcecode.swift; path = AccountSettings.swift; sourceTree = "<group>"; };
		213D83EA26AF79CB00CDFE92 /* Launch Screen.storyboard */ = {isa = PBXFileReference; lastKnownFileType = file.storyboard; path = "Launch Screen.storyboard"; sourceTree = "<group>"; };
		2165059826AF31B900F30000 /* DeveloperSettings.swift */ = {isa = PBXFileReference; lastKnownFileType = sourcecode.swift; path = DeveloperSettings.swift; sourceTree = "<group>"; };
		2183E38C26AB82A9007D2D35 /* ProfileScreen.swift */ = {isa = PBXFileReference; lastKnownFileType = sourcecode.swift; path = ProfileScreen.swift; sourceTree = "<group>"; };
		2183E38E26AB82B4007D2D35 /* ProfileVM.swift */ = {isa = PBXFileReference; lastKnownFileType = sourcecode.swift; path = ProfileVM.swift; sourceTree = "<group>"; };
		21C07B0726A350DE0025D324 /* ReConnect.app */ = {isa = PBXFileReference; explicitFileType = wrapper.application; includeInIndex = 0; path = ReConnect.app; sourceTree = BUILT_PRODUCTS_DIR; };
		21C07B0A26A350DE0025D324 /* ReConnectApp.swift */ = {isa = PBXFileReference; lastKnownFileType = sourcecode.swift; path = ReConnectApp.swift; sourceTree = "<group>"; };
		21C07B0C26A350DE0025D324 /* ContentView.swift */ = {isa = PBXFileReference; lastKnownFileType = sourcecode.swift; path = ContentView.swift; sourceTree = "<group>"; };
		21C07B0E26A350DE0025D324 /* Assets.xcassets */ = {isa = PBXFileReference; lastKnownFileType = folder.assetcatalog; path = Assets.xcassets; sourceTree = "<group>"; };
		21C07B1126A350DE0025D324 /* Preview Assets.xcassets */ = {isa = PBXFileReference; lastKnownFileType = folder.assetcatalog; path = "Preview Assets.xcassets"; sourceTree = "<group>"; };
		21C07B1326A350DE0025D324 /* Info.plist */ = {isa = PBXFileReference; lastKnownFileType = text.plist.xml; path = Info.plist; sourceTree = "<group>"; };
		21C07B1926A351C30025D324 /* GoogleService-Info.plist */ = {isa = PBXFileReference; lastKnownFileType = text.plist.xml; name = "GoogleService-Info.plist"; path = "ReConnect/GoogleService-Info.plist"; sourceTree = SOURCE_ROOT; };
		21C07B1D26A3532C0025D324 /* Login.swift */ = {isa = PBXFileReference; lastKnownFileType = sourcecode.swift; path = Login.swift; sourceTree = "<group>"; };
		21C07B1F26A353320025D324 /* Register.swift */ = {isa = PBXFileReference; lastKnownFileType = sourcecode.swift; path = Register.swift; sourceTree = "<group>"; };
		21C07B2226A353460025D324 /* LoginVM.swift */ = {isa = PBXFileReference; lastKnownFileType = sourcecode.swift; path = LoginVM.swift; sourceTree = "<group>"; };
		21C07B2426A3534D0025D324 /* RegisterVM.swift */ = {isa = PBXFileReference; lastKnownFileType = sourcecode.swift; path = RegisterVM.swift; sourceTree = "<group>"; };
		21C07B2626A357AF0025D324 /* HelperMethods.swift */ = {isa = PBXFileReference; lastKnownFileType = sourcecode.swift; path = HelperMethods.swift; sourceTree = "<group>"; };
		21C07B2926A35B770025D324 /* CustomTextField.swift */ = {isa = PBXFileReference; lastKnownFileType = sourcecode.swift; path = CustomTextField.swift; sourceTree = "<group>"; };
		21D5845A26AC631D000452C0 /* CustomGroupBox.swift */ = {isa = PBXFileReference; lastKnownFileType = sourcecode.swift; path = CustomGroupBox.swift; sourceTree = "<group>"; };
		21D5845C26AC78FC000452C0 /* EditProfile.swift */ = {isa = PBXFileReference; lastKnownFileType = sourcecode.swift; path = EditProfile.swift; sourceTree = "<group>"; };
		21E457D826A606CC00AE5C3F /* LogoView.swift */ = {isa = PBXFileReference; lastKnownFileType = sourcecode.swift; path = LogoView.swift; sourceTree = "<group>"; };
		21E457DB26A6102300AE5C3F /* FurtherInfoScreen.swift */ = {isa = PBXFileReference; lastKnownFileType = sourcecode.swift; path = FurtherInfoScreen.swift; sourceTree = "<group>"; };
		474D7B431A564498C2A7DB3E /* Pods-ReConnect.release.xcconfig */ = {isa = PBXFileReference; includeInIndex = 1; lastKnownFileType = text.xcconfig; name = "Pods-ReConnect.release.xcconfig"; path = "Target Support Files/Pods-ReConnect/Pods-ReConnect.release.xcconfig"; sourceTree = "<group>"; };
		CC7281E9ED11AC8A2F8B997D /* Pods_ReConnect.framework */ = {isa = PBXFileReference; explicitFileType = wrapper.framework; includeInIndex = 0; path = Pods_ReConnect.framework; sourceTree = BUILT_PRODUCTS_DIR; };
/* End PBXFileReference section */

/* Begin PBXFrameworksBuildPhase section */
		21C07B0426A350DE0025D324 /* Frameworks */ = {
			isa = PBXFrameworksBuildPhase;
			buildActionMask = 2147483647;
			files = (
				2165059C26AF408B00F30000 /* SwiftUIX in Frameworks */,
				2108361926ADD5F00086F9D7 /* SDWebImageSwiftUI in Frameworks */,
				FB3D79712831E3230A565B06 /* Pods_ReConnect.framework in Frameworks */,
			);
			runOnlyForDeploymentPostprocessing = 0;
		};
/* End PBXFrameworksBuildPhase section */

/* Begin PBXGroup section */
		2108361426ADB4A40086F9D7 /* Secondary Views */ = {
			isa = PBXGroup;
			children = (
				2108361526ADB4B20086F9D7 /* ImagePicker.swift */,
			);
			path = "Secondary Views";
			sourceTree = "<group>";
		};
		21193B9526AB7ED40001AFDC /* Settings */ = {
			isa = PBXGroup;
			children = (
				21193B8F26AB637F0001AFDC /* SettingsScreen.swift */,
				21193B9626AB7EE30001AFDC /* AccountSettings.swift */,
				2165059826AF31B900F30000 /* DeveloperSettings.swift */,
			);
			path = Settings;
			sourceTree = "<group>";
		};
		2183E38B26AB8298007D2D35 /* Profile */ = {
			isa = PBXGroup;
			children = (
				2183E38C26AB82A9007D2D35 /* ProfileScreen.swift */,
				21D5845C26AC78FC000452C0 /* EditProfile.swift */,
			);
			path = Profile;
			sourceTree = "<group>";
		};
		21C07AFE26A350DE0025D324 = {
			isa = PBXGroup;
			children = (
				21C07B0926A350DE0025D324 /* ReConnect */,
				21C07B0826A350DE0025D324 /* Products */,
				F6F62D2DA47213F6A55D7E30 /* Pods */,
				51149CF8CD51287E7C68D75C /* Frameworks */,
			);
			sourceTree = "<group>";
		};
		21C07B0826A350DE0025D324 /* Products */ = {
			isa = PBXGroup;
			children = (
				21C07B0726A350DE0025D324 /* ReConnect.app */,
			);
			name = Products;
			sourceTree = "<group>";
		};
		21C07B0926A350DE0025D324 /* ReConnect */ = {
			isa = PBXGroup;
			children = (
				21C07B1326A350DE0025D324 /* Info.plist */,
				21C07B1926A351C30025D324 /* GoogleService-Info.plist */,
				213D83EA26AF79CB00CDFE92 /* Launch Screen.storyboard */,
				21C07B1B26A352CF0025D324 /* Resources */,
				21C07B2126A353390025D324 /* View Models */,
				21C07B1C26A352F00025D324 /* Views */,
				21C07B0E26A350DE0025D324 /* Assets.xcassets */,
				21C07B1026A350DE0025D324 /* Preview Content */,
			);
			path = ReConnect;
			sourceTree = "<group>";
		};
		21C07B1026A350DE0025D324 /* Preview Content */ = {
			isa = PBXGroup;
			children = (
				21C07B1126A350DE0025D324 /* Preview Assets.xcassets */,
			);
			path = "Preview Content";
			sourceTree = "<group>";
		};
		21C07B1B26A352CF0025D324 /* Resources */ = {
			isa = PBXGroup;
			children = (
				21C07B0A26A350DE0025D324 /* ReConnectApp.swift */,
				21C07B2626A357AF0025D324 /* HelperMethods.swift */,
			);
			path = Resources;
			sourceTree = "<group>";
		};
		21C07B1C26A352F00025D324 /* Views */ = {
			isa = PBXGroup;
			children = (
				2108361426ADB4A40086F9D7 /* Secondary Views */,
				21C07B2B26A3601F0025D324 /* Auth UI */,
				21C07B2826A35B6D0025D324 /* Custom Views */,
				21C07B2C26A360290025D324 /* Primary Views */,
			);
			path = Views;
			sourceTree = "<group>";
		};
		21C07B2126A353390025D324 /* View Models */ = {
			isa = PBXGroup;
			children = (
				21C07B2226A353460025D324 /* LoginVM.swift */,
				21C07B2426A3534D0025D324 /* RegisterVM.swift */,
				2183E38E26AB82B4007D2D35 /* ProfileVM.swift */,
				2108361C26ADDC8C0086F9D7 /* DiscoverVM.swift */,
			);
			path = "View Models";
			sourceTree = "<group>";
		};
		21C07B2826A35B6D0025D324 /* Custom Views */ = {
			isa = PBXGroup;
			children = (
				21C07B2926A35B770025D324 /* CustomTextField.swift */,
				21E457D826A606CC00AE5C3F /* LogoView.swift */,
				21193B8B26AB58FA0001AFDC /* BlurView.swift */,
				21193B9326AB668D0001AFDC /* CustomListRow.swift */,
				21D5845A26AC631D000452C0 /* CustomGroupBox.swift */,
			);
			path = "Custom Views";
			sourceTree = "<group>";
		};
		21C07B2B26A3601F0025D324 /* Auth UI */ = {
			isa = PBXGroup;
			children = (
				21E457DA26A6101000AE5C3F /* Detail Registrations */,
				21C07B1D26A3532C0025D324 /* Login.swift */,
				21C07B1F26A353320025D324 /* Register.swift */,
			);
			path = "Auth UI";
			sourceTree = "<group>";
		};
		21C07B2C26A360290025D324 /* Primary Views */ = {
			isa = PBXGroup;
			children = (
				2183E38B26AB8298007D2D35 /* Profile */,
				21C07B0C26A350DE0025D324 /* ContentView.swift */,
				21193B8326AB41BA0001AFDC /* Home.swift */,
				2108361A26ADDC840086F9D7 /* Discover.swift */,
				21193B9126AB638B0001AFDC /* MenuScreen.swift */,
				21193B8D26AB5F4C0001AFDC /* CoreScreen.swift */,
				21193B9526AB7ED40001AFDC /* Settings */,
			);
			path = "Primary Views";
			sourceTree = "<group>";
		};
		21E457DA26A6101000AE5C3F /* Detail Registrations */ = {
			isa = PBXGroup;
			children = (
				21E457DB26A6102300AE5C3F /* FurtherInfoScreen.swift */,
				21193B8526AB49740001AFDC /* ProfileSetup.swift */,
				21193B8726AB4F210001AFDC /* WelcomeScreen.swift */,
			);
			path = "Detail Registrations";
			sourceTree = "<group>";
		};
		51149CF8CD51287E7C68D75C /* Frameworks */ = {
			isa = PBXGroup;
			children = (
				CC7281E9ED11AC8A2F8B997D /* Pods_ReConnect.framework */,
			);
			name = Frameworks;
			sourceTree = "<group>";
		};
		F6F62D2DA47213F6A55D7E30 /* Pods */ = {
			isa = PBXGroup;
			children = (
				1635CEC6865B56272FB269B4 /* Pods-ReConnect.debug.xcconfig */,
				474D7B431A564498C2A7DB3E /* Pods-ReConnect.release.xcconfig */,
			);
			path = Pods;
			sourceTree = "<group>";
		};
/* End PBXGroup section */

/* Begin PBXNativeTarget section */
		21C07B0626A350DE0025D324 /* ReConnect */ = {
			isa = PBXNativeTarget;
			buildConfigurationList = 21C07B1626A350DE0025D324 /* Build configuration list for PBXNativeTarget "ReConnect" */;
			buildPhases = (
				E4432EA9F3735E17263DD78A /* [CP] Check Pods Manifest.lock */,
				21C07B0326A350DE0025D324 /* Sources */,
				21C07B0426A350DE0025D324 /* Frameworks */,
				21C07B0526A350DE0025D324 /* Resources */,
				1BF0E2D79C15000AB463BE4E /* [CP] Embed Pods Frameworks */,
			);
			buildRules = (
			);
			dependencies = (
			);
			name = ReConnect;
			packageProductDependencies = (
				2108361826ADD5F00086F9D7 /* SDWebImageSwiftUI */,
				2165059B26AF408B00F30000 /* SwiftUIX */,
			);
			productName = ReConnect;
			productReference = 21C07B0726A350DE0025D324 /* ReConnect.app */;
			productType = "com.apple.product-type.application";
		};
/* End PBXNativeTarget section */

/* Begin PBXProject section */
		21C07AFF26A350DE0025D324 /* Project object */ = {
			isa = PBXProject;
			attributes = {
				LastSwiftUpdateCheck = 1250;
				LastUpgradeCheck = 1250;
				TargetAttributes = {
					21C07B0626A350DE0025D324 = {
						CreatedOnToolsVersion = 12.5.1;
					};
				};
			};
			buildConfigurationList = 21C07B0226A350DE0025D324 /* Build configuration list for PBXProject "ReConnect" */;
			compatibilityVersion = "Xcode 9.3";
			developmentRegion = en;
			hasScannedForEncodings = 0;
			knownRegions = (
				en,
				Base,
			);
			mainGroup = 21C07AFE26A350DE0025D324;
			packageReferences = (
				2108361726ADD5F00086F9D7 /* XCRemoteSwiftPackageReference "SDWebImageSwiftUI" */,
				2165059A26AF408B00F30000 /* XCRemoteSwiftPackageReference "SwiftUIX" */,
			);
			productRefGroup = 21C07B0826A350DE0025D324 /* Products */;
			projectDirPath = "";
			projectRoot = "";
			targets = (
				21C07B0626A350DE0025D324 /* ReConnect */,
			);
		};
/* End PBXProject section */

/* Begin PBXResourcesBuildPhase section */
		21C07B0526A350DE0025D324 /* Resources */ = {
			isa = PBXResourcesBuildPhase;
			buildActionMask = 2147483647;
			files = (
				21C07B1226A350DE0025D324 /* Preview Assets.xcassets in Resources */,
				21C07B0F26A350DE0025D324 /* Assets.xcassets in Resources */,
				213D83EB26AF79CB00CDFE92 /* Launch Screen.storyboard in Resources */,
				21C07B1A26A351C30025D324 /* GoogleService-Info.plist in Resources */,
			);
			runOnlyForDeploymentPostprocessing = 0;
		};
/* End PBXResourcesBuildPhase section */

/* Begin PBXShellScriptBuildPhase section */
		1BF0E2D79C15000AB463BE4E /* [CP] Embed Pods Frameworks */ = {
			isa = PBXShellScriptBuildPhase;
			buildActionMask = 2147483647;
			files = (
			);
			inputFileListPaths = (
				"${PODS_ROOT}/Target Support Files/Pods-ReConnect/Pods-ReConnect-frameworks-${CONFIGURATION}-input-files.xcfilelist",
			);
			name = "[CP] Embed Pods Frameworks";
			outputFileListPaths = (
				"${PODS_ROOT}/Target Support Files/Pods-ReConnect/Pods-ReConnect-frameworks-${CONFIGURATION}-output-files.xcfilelist",
			);
			runOnlyForDeploymentPostprocessing = 0;
			shellPath = /bin/sh;
			shellScript = "\"${PODS_ROOT}/Target Support Files/Pods-ReConnect/Pods-ReConnect-frameworks.sh\"\n";
			showEnvVarsInLog = 0;
		};
		E4432EA9F3735E17263DD78A /* [CP] Check Pods Manifest.lock */ = {
			isa = PBXShellScriptBuildPhase;
			buildActionMask = 2147483647;
			files = (
			);
			inputFileListPaths = (
			);
			inputPaths = (
				"${PODS_PODFILE_DIR_PATH}/Podfile.lock",
				"${PODS_ROOT}/Manifest.lock",
			);
			name = "[CP] Check Pods Manifest.lock";
			outputFileListPaths = (
			);
			outputPaths = (
				"$(DERIVED_FILE_DIR)/Pods-ReConnect-checkManifestLockResult.txt",
			);
			runOnlyForDeploymentPostprocessing = 0;
			shellPath = /bin/sh;
			shellScript = "diff \"${PODS_PODFILE_DIR_PATH}/Podfile.lock\" \"${PODS_ROOT}/Manifest.lock\" > /dev/null\nif [ $? != 0 ] ; then\n    # print error to STDERR\n    echo \"error: The sandbox is not in sync with the Podfile.lock. Run 'pod install' or update your CocoaPods installation.\" >&2\n    exit 1\nfi\n# This output is used by Xcode 'outputs' to avoid re-running this script phase.\necho \"SUCCESS\" > \"${SCRIPT_OUTPUT_FILE_0}\"\n";
			showEnvVarsInLog = 0;
		};
/* End PBXShellScriptBuildPhase section */

/* Begin PBXSourcesBuildPhase section */
		21C07B0326A350DE0025D324 /* Sources */ = {
			isa = PBXSourcesBuildPhase;
			buildActionMask = 2147483647;
			files = (
				21193B9026AB637F0001AFDC /* SettingsScreen.swift in Sources */,
				21E457DC26A6102300AE5C3F /* FurtherInfoScreen.swift in Sources */,
				21C07B1E26A3532C0025D324 /* Login.swift in Sources */,
				21193B8C26AB58FA0001AFDC /* BlurView.swift in Sources */,
				21193B8E26AB5F4C0001AFDC /* CoreScreen.swift in Sources */,
				21C07B0D26A350DE0025D324 /* ContentView.swift in Sources */,
				21193B8826AB4F210001AFDC /* WelcomeScreen.swift in Sources */,
				21193B9226AB638B0001AFDC /* MenuScreen.swift in Sources */,
				21C07B2026A353320025D324 /* Register.swift in Sources */,
				2108361D26ADDC8C0086F9D7 /* DiscoverVM.swift in Sources */,
				21C07B2726A357AF0025D324 /* HelperMethods.swift in Sources */,
				21193B8626AB49740001AFDC /* ProfileSetup.swift in Sources */,
				21193B9426AB668D0001AFDC /* CustomListRow.swift in Sources */,
				21D5845B26AC631D000452C0 /* CustomGroupBox.swift in Sources */,
				21193B9726AB7EE30001AFDC /* AccountSettings.swift in Sources */,
				21E457D926A606CC00AE5C3F /* LogoView.swift in Sources */,
				21C07B2A26A35B770025D324 /* CustomTextField.swift in Sources */,
				2165059926AF31B900F30000 /* DeveloperSettings.swift in Sources */,
				21C07B0B26A350DE0025D324 /* ReConnectApp.swift in Sources */,
				21D5845D26AC78FC000452C0 /* EditProfile.swift in Sources */,
				21C07B2326A353460025D324 /* LoginVM.swift in Sources */,
				21193B8426AB41BA0001AFDC /* Home.swift in Sources */,
				21C07B2526A3534D0025D324 /* RegisterVM.swift in Sources */,
				2108361B26ADDC840086F9D7 /* Discover.swift in Sources */,
				2108361626ADB4B20086F9D7 /* ImagePicker.swift in Sources */,
				2183E38F26AB82B4007D2D35 /* ProfileVM.swift in Sources */,
				2183E38D26AB82A9007D2D35 /* ProfileScreen.swift in Sources */,
			);
			runOnlyForDeploymentPostprocessing = 0;
		};
/* End PBXSourcesBuildPhase section */

/* Begin XCBuildConfiguration section */
		21C07B1426A350DE0025D324 /* Debug */ = {
			isa = XCBuildConfiguration;
			buildSettings = {
				ALWAYS_SEARCH_USER_PATHS = NO;
				CLANG_ANALYZER_NONNULL = YES;
				CLANG_ANALYZER_NUMBER_OBJECT_CONVERSION = YES_AGGRESSIVE;
				CLANG_CXX_LANGUAGE_STANDARD = "gnu++14";
				CLANG_CXX_LIBRARY = "libc++";
				CLANG_ENABLE_MODULES = YES;
				CLANG_ENABLE_OBJC_ARC = YES;
				CLANG_ENABLE_OBJC_WEAK = YES;
				CLANG_WARN_BLOCK_CAPTURE_AUTORELEASING = YES;
				CLANG_WARN_BOOL_CONVERSION = YES;
				CLANG_WARN_COMMA = YES;
				CLANG_WARN_CONSTANT_CONVERSION = YES;
				CLANG_WARN_DEPRECATED_OBJC_IMPLEMENTATIONS = YES;
				CLANG_WARN_DIRECT_OBJC_ISA_USAGE = YES_ERROR;
				CLANG_WARN_DOCUMENTATION_COMMENTS = YES;
				CLANG_WARN_EMPTY_BODY = YES;
				CLANG_WARN_ENUM_CONVERSION = YES;
				CLANG_WARN_INFINITE_RECURSION = YES;
				CLANG_WARN_INT_CONVERSION = YES;
				CLANG_WARN_NON_LITERAL_NULL_CONVERSION = YES;
				CLANG_WARN_OBJC_IMPLICIT_RETAIN_SELF = YES;
				CLANG_WARN_OBJC_LITERAL_CONVERSION = YES;
				CLANG_WARN_OBJC_ROOT_CLASS = YES_ERROR;
				CLANG_WARN_QUOTED_INCLUDE_IN_FRAMEWORK_HEADER = YES;
				CLANG_WARN_RANGE_LOOP_ANALYSIS = YES;
				CLANG_WARN_STRICT_PROTOTYPES = YES;
				CLANG_WARN_SUSPICIOUS_MOVE = YES;
				CLANG_WARN_UNGUARDED_AVAILABILITY = YES_AGGRESSIVE;
				CLANG_WARN_UNREACHABLE_CODE = YES;
				CLANG_WARN__DUPLICATE_METHOD_MATCH = YES;
				COPY_PHASE_STRIP = NO;
				DEBUG_INFORMATION_FORMAT = dwarf;
				ENABLE_STRICT_OBJC_MSGSEND = YES;
				ENABLE_TESTABILITY = YES;
				GCC_C_LANGUAGE_STANDARD = gnu11;
				GCC_DYNAMIC_NO_PIC = NO;
				GCC_NO_COMMON_BLOCKS = YES;
				GCC_OPTIMIZATION_LEVEL = 0;
				GCC_PREPROCESSOR_DEFINITIONS = (
					"DEBUG=1",
					"$(inherited)",
				);
				GCC_WARN_64_TO_32_BIT_CONVERSION = YES;
				GCC_WARN_ABOUT_RETURN_TYPE = YES_ERROR;
				GCC_WARN_UNDECLARED_SELECTOR = YES;
				GCC_WARN_UNINITIALIZED_AUTOS = YES_AGGRESSIVE;
				GCC_WARN_UNUSED_FUNCTION = YES;
				GCC_WARN_UNUSED_VARIABLE = YES;
				IPHONEOS_DEPLOYMENT_TARGET = 14.5;
				MTL_ENABLE_DEBUG_INFO = INCLUDE_SOURCE;
				MTL_FAST_MATH = YES;
				ONLY_ACTIVE_ARCH = YES;
				SDKROOT = iphoneos;
				SWIFT_ACTIVE_COMPILATION_CONDITIONS = DEBUG;
				SWIFT_OPTIMIZATION_LEVEL = "-Onone";
			};
			name = Debug;
		};
		21C07B1526A350DE0025D324 /* Release */ = {
			isa = XCBuildConfiguration;
			buildSettings = {
				ALWAYS_SEARCH_USER_PATHS = NO;
				CLANG_ANALYZER_NONNULL = YES;
				CLANG_ANALYZER_NUMBER_OBJECT_CONVERSION = YES_AGGRESSIVE;
				CLANG_CXX_LANGUAGE_STANDARD = "gnu++14";
				CLANG_CXX_LIBRARY = "libc++";
				CLANG_ENABLE_MODULES = YES;
				CLANG_ENABLE_OBJC_ARC = YES;
				CLANG_ENABLE_OBJC_WEAK = YES;
				CLANG_WARN_BLOCK_CAPTURE_AUTORELEASING = YES;
				CLANG_WARN_BOOL_CONVERSION = YES;
				CLANG_WARN_COMMA = YES;
				CLANG_WARN_CONSTANT_CONVERSION = YES;
				CLANG_WARN_DEPRECATED_OBJC_IMPLEMENTATIONS = YES;
				CLANG_WARN_DIRECT_OBJC_ISA_USAGE = YES_ERROR;
				CLANG_WARN_DOCUMENTATION_COMMENTS = YES;
				CLANG_WARN_EMPTY_BODY = YES;
				CLANG_WARN_ENUM_CONVERSION = YES;
				CLANG_WARN_INFINITE_RECURSION = YES;
				CLANG_WARN_INT_CONVERSION = YES;
				CLANG_WARN_NON_LITERAL_NULL_CONVERSION = YES;
				CLANG_WARN_OBJC_IMPLICIT_RETAIN_SELF = YES;
				CLANG_WARN_OBJC_LITERAL_CONVERSION = YES;
				CLANG_WARN_OBJC_ROOT_CLASS = YES_ERROR;
				CLANG_WARN_QUOTED_INCLUDE_IN_FRAMEWORK_HEADER = YES;
				CLANG_WARN_RANGE_LOOP_ANALYSIS = YES;
				CLANG_WARN_STRICT_PROTOTYPES = YES;
				CLANG_WARN_SUSPICIOUS_MOVE = YES;
				CLANG_WARN_UNGUARDED_AVAILABILITY = YES_AGGRESSIVE;
				CLANG_WARN_UNREACHABLE_CODE = YES;
				CLANG_WARN__DUPLICATE_METHOD_MATCH = YES;
				COPY_PHASE_STRIP = NO;
				DEBUG_INFORMATION_FORMAT = "dwarf-with-dsym";
				ENABLE_NS_ASSERTIONS = NO;
				ENABLE_STRICT_OBJC_MSGSEND = YES;
				GCC_C_LANGUAGE_STANDARD = gnu11;
				GCC_NO_COMMON_BLOCKS = YES;
				GCC_WARN_64_TO_32_BIT_CONVERSION = YES;
				GCC_WARN_ABOUT_RETURN_TYPE = YES_ERROR;
				GCC_WARN_UNDECLARED_SELECTOR = YES;
				GCC_WARN_UNINITIALIZED_AUTOS = YES_AGGRESSIVE;
				GCC_WARN_UNUSED_FUNCTION = YES;
				GCC_WARN_UNUSED_VARIABLE = YES;
				IPHONEOS_DEPLOYMENT_TARGET = 14.5;
				MTL_ENABLE_DEBUG_INFO = NO;
				MTL_FAST_MATH = YES;
				SDKROOT = iphoneos;
				SWIFT_COMPILATION_MODE = wholemodule;
				SWIFT_OPTIMIZATION_LEVEL = "-O";
				VALIDATE_PRODUCT = YES;
			};
			name = Release;
		};
		21C07B1726A350DE0025D324 /* Debug */ = {
			isa = XCBuildConfiguration;
			baseConfigurationReference = 1635CEC6865B56272FB269B4 /* Pods-ReConnect.debug.xcconfig */;
			buildSettings = {
				ASSETCATALOG_COMPILER_APPICON_NAME = AppIcon;
				ASSETCATALOG_COMPILER_GLOBAL_ACCENT_COLOR_NAME = AccentColor;
				CODE_SIGN_STYLE = Automatic;
				DEVELOPMENT_ASSET_PATHS = "\"ReConnect/Preview Content\"";
				DEVELOPMENT_TEAM = W29Q2GKBT5;
				ENABLE_PREVIEWS = YES;
				INFOPLIST_FILE = ReConnect/Info.plist;
				IPHONEOS_DEPLOYMENT_TARGET = 14.0;
				LD_RUNPATH_SEARCH_PATHS = (
					"$(inherited)",
					"@executable_path/Frameworks",
				);
				PRODUCT_BUNDLE_IDENTIFIER = com.iConnect.ReConnect;
				PRODUCT_NAME = "$(TARGET_NAME)";
				SWIFT_VERSION = 5.0;
				TARGETED_DEVICE_FAMILY = "1,2";
			};
			name = Debug;
		};
		21C07B1826A350DE0025D324 /* Release */ = {
			isa = XCBuildConfiguration;
			baseConfigurationReference = 474D7B431A564498C2A7DB3E /* Pods-ReConnect.release.xcconfig */;
			buildSettings = {
				ASSETCATALOG_COMPILER_APPICON_NAME = AppIcon;
				ASSETCATALOG_COMPILER_GLOBAL_ACCENT_COLOR_NAME = AccentColor;
				CODE_SIGN_STYLE = Automatic;
				DEVELOPMENT_ASSET_PATHS = "\"ReConnect/Preview Content\"";
				DEVELOPMENT_TEAM = W29Q2GKBT5;
				ENABLE_PREVIEWS = YES;
				INFOPLIST_FILE = ReConnect/Info.plist;
				IPHONEOS_DEPLOYMENT_TARGET = 14.0;
				LD_RUNPATH_SEARCH_PATHS = (
					"$(inherited)",
					"@executable_path/Frameworks",
				);
				PRODUCT_BUNDLE_IDENTIFIER = com.iConnect.ReConnect;
				PRODUCT_NAME = "$(TARGET_NAME)";
				SWIFT_VERSION = 5.0;
				TARGETED_DEVICE_FAMILY = "1,2";
			};
			name = Release;
		};
/* End XCBuildConfiguration section */

/* Begin XCConfigurationList section */
		21C07B0226A350DE0025D324 /* Build configuration list for PBXProject "ReConnect" */ = {
			isa = XCConfigurationList;
			buildConfigurations = (
				21C07B1426A350DE0025D324 /* Debug */,
				21C07B1526A350DE0025D324 /* Release */,
			);
			defaultConfigurationIsVisible = 0;
			defaultConfigurationName = Release;
		};
		21C07B1626A350DE0025D324 /* Build configuration list for PBXNativeTarget "ReConnect" */ = {
			isa = XCConfigurationList;
			buildConfigurations = (
				21C07B1726A350DE0025D324 /* Debug */,
				21C07B1826A350DE0025D324 /* Release */,
			);
			defaultConfigurationIsVisible = 0;
			defaultConfigurationName = Release;
		};
/* End XCConfigurationList section */

/* Begin XCRemoteSwiftPackageReference section */
		2108361726ADD5F00086F9D7 /* XCRemoteSwiftPackageReference "SDWebImageSwiftUI" */ = {
			isa = XCRemoteSwiftPackageReference;
			repositoryURL = "https://github.com/SDWebImage/SDWebImageSwiftUI";
			requirement = {
				kind = upToNextMajorVersion;
				minimumVersion = 2.0.2;
			};
		};
		2165059A26AF408B00F30000 /* XCRemoteSwiftPackageReference "SwiftUIX" */ = {
			isa = XCRemoteSwiftPackageReference;
			repositoryURL = "https://github.com/SwiftUIX/SwiftUIX";
			requirement = {
				kind = upToNextMajorVersion;
				minimumVersion = 0.0.7;
			};
		};
/* End XCRemoteSwiftPackageReference section */

/* Begin XCSwiftPackageProductDependency section */
		2108361826ADD5F00086F9D7 /* SDWebImageSwiftUI */ = {
			isa = XCSwiftPackageProductDependency;
			package = 2108361726ADD5F00086F9D7 /* XCRemoteSwiftPackageReference "SDWebImageSwiftUI" */;
			productName = SDWebImageSwiftUI;
		};
		2165059B26AF408B00F30000 /* SwiftUIX */ = {
			isa = XCSwiftPackageProductDependency;
			package = 2165059A26AF408B00F30000 /* XCRemoteSwiftPackageReference "SwiftUIX" */;
			productName = SwiftUIX;
		};
/* End XCSwiftPackageProductDependency section */
	};
	rootObject = 21C07AFF26A350DE0025D324 /* Project object */;
}
