// !$*UTF8*$!
{
	archiveVersion = 1;
	classes = {
	};
	objectVersion = 56;
	objects = {

/* Begin PBXBuildFile section */
		211463F12A21C0BA0092751F /* RECSubscriberIndicator.swift in Sources */ = {isa = PBXBuildFile; fileRef = 211463F02A21C0BA0092751F /* RECSubscriberIndicator.swift */; };
		211463F32A21C2B00092751F /* RECProfileHeader.swift in Sources */ = {isa = PBXBuildFile; fileRef = 211463F22A21C2B00092751F /* RECProfileHeader.swift */; };
		211463F52A21C35F0092751F /* RECProfileInfoSheet.swift in Sources */ = {isa = PBXBuildFile; fileRef = 211463F42A21C35F0092751F /* RECProfileInfoSheet.swift */; };
		2122D7172A1CBB3700005122 /* ProfileScreen.swift in Sources */ = {isa = PBXBuildFile; fileRef = 2122D7162A1CBB3700005122 /* ProfileScreen.swift */; };
		2122D71B2A1CC13500005122 /* AppSettingsScreen.swift in Sources */ = {isa = PBXBuildFile; fileRef = 2122D71A2A1CC13500005122 /* AppSettingsScreen.swift */; };
		2122D71D2A1CC26800005122 /* CustomEmptyView.swift in Sources */ = {isa = PBXBuildFile; fileRef = 2122D71C2A1CC26800005122 /* CustomEmptyView.swift */; };
		2122D71F2A1CC29700005122 /* AppSettingsVM.swift in Sources */ = {isa = PBXBuildFile; fileRef = 2122D71E2A1CC29700005122 /* AppSettingsVM.swift */; };
		2122D7232A1CC6CD00005122 /* AccountSettingsScreen.swift in Sources */ = {isa = PBXBuildFile; fileRef = 2122D7222A1CC6CD00005122 /* AccountSettingsScreen.swift */; };
		2122D7252A1CC73600005122 /* RECDisplayLabel.swift in Sources */ = {isa = PBXBuildFile; fileRef = 2122D7242A1CC73600005122 /* RECDisplayLabel.swift */; };
		2123642A2A08F948005827D2 /* ReConnectApp.swift in Sources */ = {isa = PBXBuildFile; fileRef = 212364292A08F948005827D2 /* ReConnectApp.swift */; };
		2123642C2A08F948005827D2 /* ContentView.swift in Sources */ = {isa = PBXBuildFile; fileRef = 2123642B2A08F948005827D2 /* ContentView.swift */; };
		2123642E2A08F949005827D2 /* Assets.xcassets in Resources */ = {isa = PBXBuildFile; fileRef = 2123642D2A08F949005827D2 /* Assets.xcassets */; };
		212364312A08F949005827D2 /* Preview Assets.xcassets in Resources */ = {isa = PBXBuildFile; fileRef = 212364302A08F949005827D2 /* Preview Assets.xcassets */; };
		212364382A08FA97005827D2 /* MenuScreen.swift in Sources */ = {isa = PBXBuildFile; fileRef = 212364372A08FA97005827D2 /* MenuScreen.swift */; };
		2123643B2A08FB0F005827D2 /* ProfileListRowView.swift in Sources */ = {isa = PBXBuildFile; fileRef = 2123643A2A08FB0F005827D2 /* ProfileListRowView.swift */; };
		2123643F2A08FB55005827D2 /* RECUser.swift in Sources */ = {isa = PBXBuildFile; fileRef = 2123643E2A08FB55005827D2 /* RECUser.swift */; };
		212364412A090087005827D2 /* RECListRowItem.swift in Sources */ = {isa = PBXBuildFile; fileRef = 212364402A090087005827D2 /* RECListRowItem.swift */; };
		212617F12A5914F100ED8370 /* NotificationManager.swift in Sources */ = {isa = PBXBuildFile; fileRef = 212617F02A5914F100ED8370 /* NotificationManager.swift */; };
		212801512A2DA85600CA0747 /* Extensions.swift in Sources */ = {isa = PBXBuildFile; fileRef = 212801502A2DA85600CA0747 /* Extensions.swift */; };
		21386C9F2A23064400CA9AC6 /* FeedScreen.swift in Sources */ = {isa = PBXBuildFile; fileRef = 21386C9E2A23064400CA9AC6 /* FeedScreen.swift */; };
		21386CA12A23065000CA9AC6 /* FeedScreenVM.swift in Sources */ = {isa = PBXBuildFile; fileRef = 21386CA02A23065000CA9AC6 /* FeedScreenVM.swift */; };
		21386CA32A230BE100CA9AC6 /* RECDatabaseParentPath.swift in Sources */ = {isa = PBXBuildFile; fileRef = 21386CA22A230BE100CA9AC6 /* RECDatabaseParentPath.swift */; };
		213AB8352A22124700DFEF2F /* CUPSystemIcon.swift in Sources */ = {isa = PBXBuildFile; fileRef = 213AB8342A22124700DFEF2F /* CUPSystemIcon.swift */; };
		213DAE192A0DDF1A00C52165 /* DetailedRegistrationVM.swift in Sources */ = {isa = PBXBuildFile; fileRef = 213DAE182A0DDF1A00C52165 /* DetailedRegistrationVM.swift */; };
		213DAE1B2A0DE0E400C52165 /* DetailedRegistrationScreen.swift in Sources */ = {isa = PBXBuildFile; fileRef = 213DAE1A2A0DE0E400C52165 /* DetailedRegistrationScreen.swift */; };
		213DAE1F2A0E46FF00C52165 /* RECListButtonLabel.swift in Sources */ = {isa = PBXBuildFile; fileRef = 213DAE1E2A0E46FF00C52165 /* RECListButtonLabel.swift */; };
		214BC0A32A39A29700058B0E /* RECProfileBackground.swift in Sources */ = {isa = PBXBuildFile; fileRef = 214BC0A22A39A29700058B0E /* RECProfileBackground.swift */; };
		214BC0A52A39B39900058B0E /* RECSearchResultUserRow.swift in Sources */ = {isa = PBXBuildFile; fileRef = 214BC0A42A39B39900058B0E /* RECSearchResultUserRow.swift */; };
		21682F152A1C642100866864 /* InitialRegisterView.swift in Sources */ = {isa = PBXBuildFile; fileRef = 21682F142A1C642100866864 /* InitialRegisterView.swift */; };
		216C9FCC2A513B430058155B /* RECUserWrapper.swift in Sources */ = {isa = PBXBuildFile; fileRef = 216C9FCB2A513B430058155B /* RECUserWrapper.swift */; };
		216C9FCE2A5146D00058155B /* RECOtherUserBackground.swift in Sources */ = {isa = PBXBuildFile; fileRef = 216C9FCD2A5146D00058155B /* RECOtherUserBackground.swift */; };
		216C9FD02A51482B0058155B /* RECUsersOptions.swift in Sources */ = {isa = PBXBuildFile; fileRef = 216C9FCF2A51482B0058155B /* RECUsersOptions.swift */; };
		2178F9EF2A24615200F5EE96 /* EditProfileScreenVM.swift in Sources */ = {isa = PBXBuildFile; fileRef = 2178F9EE2A24615200F5EE96 /* EditProfileScreenVM.swift */; };
		2178F9F22A2464D800F5EE96 /* SDWebImageSwiftUI in Frameworks */ = {isa = PBXBuildFile; productRef = 2178F9F12A2464D800F5EE96 /* SDWebImageSwiftUI */; };
		2178F9F52A24658100F5EE96 /* EditProfileScreen.swift in Sources */ = {isa = PBXBuildFile; fileRef = 2178F9F42A24658100F5EE96 /* EditProfileScreen.swift */; };
		2178F9F92A24698400F5EE96 /* RECProfileGradientPreview.swift in Sources */ = {isa = PBXBuildFile; fileRef = 2178F9F82A24698400F5EE96 /* RECProfileGradientPreview.swift */; };
		2178F9FB2A246E5300F5EE96 /* ProfileScreenVM.swift in Sources */ = {isa = PBXBuildFile; fileRef = 2178F9FA2A246E5300F5EE96 /* ProfileScreenVM.swift */; };
		2178F9FD2A2493EE00F5EE96 /* DeveloperSettingsScreen.swift in Sources */ = {isa = PBXBuildFile; fileRef = 2178F9FC2A2493EE00F5EE96 /* DeveloperSettingsScreen.swift */; };
		219CD58B2A0B7AA40061B04E /* GoogleService-Info.plist in Resources */ = {isa = PBXBuildFile; fileRef = 219CD58A2A0B7AA40061B04E /* GoogleService-Info.plist */; };
		219CD58E2A0B7B610061B04E /* FirebaseAuth in Frameworks */ = {isa = PBXBuildFile; productRef = 219CD58D2A0B7B610061B04E /* FirebaseAuth */; };
		219CD5902A0B7B610061B04E /* FirebaseDatabase in Frameworks */ = {isa = PBXBuildFile; productRef = 219CD58F2A0B7B610061B04E /* FirebaseDatabase */; };
		219CD5922A0B7B610061B04E /* FirebaseFirestore in Frameworks */ = {isa = PBXBuildFile; productRef = 219CD5912A0B7B610061B04E /* FirebaseFirestore */; };
		219CD5942A0B7B610061B04E /* FirebaseStorage in Frameworks */ = {isa = PBXBuildFile; productRef = 219CD5932A0B7B610061B04E /* FirebaseStorage */; };
		219CD5962A0B7D8F0061B04E /* CoreScreen.swift in Sources */ = {isa = PBXBuildFile; fileRef = 219CD5952A0B7D8F0061B04E /* CoreScreen.swift */; };
		219CD5982A0B7EDD0061B04E /* RegisterScreen.swift in Sources */ = {isa = PBXBuildFile; fileRef = 219CD5972A0B7EDD0061B04E /* RegisterScreen.swift */; };
		219CD59A2A0B80170061B04E /* RegisterScreenVM.swift in Sources */ = {isa = PBXBuildFile; fileRef = 219CD5992A0B80170061B04E /* RegisterScreenVM.swift */; };
		219CD59E2A0B83C80061B04E /* RECListHeader.swift in Sources */ = {isa = PBXBuildFile; fileRef = 219CD59D2A0B83C80061B04E /* RECListHeader.swift */; };
		21A765462A0A060900761219 /* MenuScreenVM.swift in Sources */ = {isa = PBXBuildFile; fileRef = 21A765452A0A060900761219 /* MenuScreenVM.swift */; };
		21A765482A0A06AB00761219 /* RECMenuListRow.swift in Sources */ = {isa = PBXBuildFile; fileRef = 21A765472A0A06AB00761219 /* RECMenuListRow.swift */; };
		21A7654A2A0A0A3900761219 /* LoginScreen.swift in Sources */ = {isa = PBXBuildFile; fileRef = 21A765492A0A0A3900761219 /* LoginScreen.swift */; };
		21A7654C2A0A0A4D00761219 /* LoginScreenVM.swift in Sources */ = {isa = PBXBuildFile; fileRef = 21A7654B2A0A0A4D00761219 /* LoginScreenVM.swift */; };
		21A765502A0A0B6000761219 /* RECAuthTextField.swift in Sources */ = {isa = PBXBuildFile; fileRef = 21A7654F2A0A0B6000761219 /* RECAuthTextField.swift */; };
		21AF74C62A517741008F99B2 /* RECOtherUserHeader.swift in Sources */ = {isa = PBXBuildFile; fileRef = 21AF74C52A517741008F99B2 /* RECOtherUserHeader.swift */; };
		21B960772A370B4100A91678 /* SearchScreen.swift in Sources */ = {isa = PBXBuildFile; fileRef = 21B960762A370B4100A91678 /* SearchScreen.swift */; };
		21B960792A370B4B00A91678 /* SearchScreenVM.swift in Sources */ = {isa = PBXBuildFile; fileRef = 21B960782A370B4B00A91678 /* SearchScreenVM.swift */; };
		21C781C12A405EB20019752F /* OtherUserProfileScreen.swift in Sources */ = {isa = PBXBuildFile; fileRef = 21C781C02A405EB20019752F /* OtherUserProfileScreen.swift */; };
		21C781C32A4061B60019752F /* RECProfileActionButton.swift in Sources */ = {isa = PBXBuildFile; fileRef = 21C781C22A4061B60019752F /* RECProfileActionButton.swift */; };
		21C781C52A417E090019752F /* NotificationsScreen.swift in Sources */ = {isa = PBXBuildFile; fileRef = 21C781C42A417E090019752F /* NotificationsScreen.swift */; };
		21D331152A3C12F400E6F786 /* SearchResultUserScreen.swift in Sources */ = {isa = PBXBuildFile; fileRef = 21D331142A3C12F400E6F786 /* SearchResultUserScreen.swift */; };
		21D721712A57C95200873C4F /* FollowingManager.swift in Sources */ = {isa = PBXBuildFile; fileRef = 21D721702A57C95100873C4F /* FollowingManager.swift */; };
		21D721732A57CEE100873C4F /* RECNotification.swift in Sources */ = {isa = PBXBuildFile; fileRef = 21D721722A57CEE100873C4F /* RECNotification.swift */; };
		21D721752A57CEEB00873C4F /* RECNotificationWrapper.swift in Sources */ = {isa = PBXBuildFile; fileRef = 21D721742A57CEEB00873C4F /* RECNotificationWrapper.swift */; };
		21D721772A57D10F00873C4F /* RECNotificationTypes.swift in Sources */ = {isa = PBXBuildFile; fileRef = 21D721762A57D10F00873C4F /* RECNotificationTypes.swift */; };
		21D721792A57D27C00873C4F /* RECNotificationActions.swift in Sources */ = {isa = PBXBuildFile; fileRef = 21D721782A57D27C00873C4F /* RECNotificationActions.swift */; };
		21E3A16F2A36C99E00FBAD6A /* RECStorageParentPath.swift in Sources */ = {isa = PBXBuildFile; fileRef = 21E3A16E2A36C99E00FBAD6A /* RECStorageParentPath.swift */; };
/* End PBXBuildFile section */

/* Begin PBXFileReference section */
		211463F02A21C0BA0092751F /* RECSubscriberIndicator.swift */ = {isa = PBXFileReference; lastKnownFileType = sourcecode.swift; path = RECSubscriberIndicator.swift; sourceTree = "<group>"; };
		211463F22A21C2B00092751F /* RECProfileHeader.swift */ = {isa = PBXFileReference; lastKnownFileType = sourcecode.swift; path = RECProfileHeader.swift; sourceTree = "<group>"; };
		211463F42A21C35F0092751F /* RECProfileInfoSheet.swift */ = {isa = PBXFileReference; lastKnownFileType = sourcecode.swift; path = RECProfileInfoSheet.swift; sourceTree = "<group>"; };
		2122D7162A1CBB3700005122 /* ProfileScreen.swift */ = {isa = PBXFileReference; lastKnownFileType = sourcecode.swift; path = ProfileScreen.swift; sourceTree = "<group>"; };
		2122D71A2A1CC13500005122 /* AppSettingsScreen.swift */ = {isa = PBXFileReference; lastKnownFileType = sourcecode.swift; path = AppSettingsScreen.swift; sourceTree = "<group>"; };
		2122D71C2A1CC26800005122 /* CustomEmptyView.swift */ = {isa = PBXFileReference; fileEncoding = 4; lastKnownFileType = sourcecode.swift; name = CustomEmptyView.swift; path = "../../../../../Dice Roller/Dice Roller/CustomEmptyView.swift"; sourceTree = "<group>"; };
		2122D71E2A1CC29700005122 /* AppSettingsVM.swift */ = {isa = PBXFileReference; lastKnownFileType = sourcecode.swift; path = AppSettingsVM.swift; sourceTree = "<group>"; };
		2122D7222A1CC6CD00005122 /* AccountSettingsScreen.swift */ = {isa = PBXFileReference; lastKnownFileType = sourcecode.swift; path = AccountSettingsScreen.swift; sourceTree = "<group>"; };
		2122D7242A1CC73600005122 /* RECDisplayLabel.swift */ = {isa = PBXFileReference; lastKnownFileType = sourcecode.swift; path = RECDisplayLabel.swift; sourceTree = "<group>"; };
		212364262A08F948005827D2 /* ReConnect.app */ = {isa = PBXFileReference; explicitFileType = wrapper.application; includeInIndex = 0; path = ReConnect.app; sourceTree = BUILT_PRODUCTS_DIR; };
		212364292A08F948005827D2 /* ReConnectApp.swift */ = {isa = PBXFileReference; lastKnownFileType = sourcecode.swift; path = ReConnectApp.swift; sourceTree = "<group>"; };
		2123642B2A08F948005827D2 /* ContentView.swift */ = {isa = PBXFileReference; lastKnownFileType = sourcecode.swift; path = ContentView.swift; sourceTree = "<group>"; };
		2123642D2A08F949005827D2 /* Assets.xcassets */ = {isa = PBXFileReference; lastKnownFileType = folder.assetcatalog; path = Assets.xcassets; sourceTree = "<group>"; };
		212364302A08F949005827D2 /* Preview Assets.xcassets */ = {isa = PBXFileReference; lastKnownFileType = folder.assetcatalog; path = "Preview Assets.xcassets"; sourceTree = "<group>"; };
		212364372A08FA97005827D2 /* MenuScreen.swift */ = {isa = PBXFileReference; lastKnownFileType = sourcecode.swift; path = MenuScreen.swift; sourceTree = "<group>"; };
		2123643A2A08FB0F005827D2 /* ProfileListRowView.swift */ = {isa = PBXFileReference; lastKnownFileType = sourcecode.swift; path = ProfileListRowView.swift; sourceTree = "<group>"; };
		2123643E2A08FB55005827D2 /* RECUser.swift */ = {isa = PBXFileReference; lastKnownFileType = sourcecode.swift; path = RECUser.swift; sourceTree = "<group>"; };
		212364402A090087005827D2 /* RECListRowItem.swift */ = {isa = PBXFileReference; lastKnownFileType = sourcecode.swift; path = RECListRowItem.swift; sourceTree = "<group>"; };
		212617F02A5914F100ED8370 /* NotificationManager.swift */ = {isa = PBXFileReference; lastKnownFileType = sourcecode.swift; path = NotificationManager.swift; sourceTree = "<group>"; };
		212801502A2DA85600CA0747 /* Extensions.swift */ = {isa = PBXFileReference; lastKnownFileType = sourcecode.swift; path = Extensions.swift; sourceTree = "<group>"; };
		21386C9E2A23064400CA9AC6 /* FeedScreen.swift */ = {isa = PBXFileReference; lastKnownFileType = sourcecode.swift; path = FeedScreen.swift; sourceTree = "<group>"; };
		21386CA02A23065000CA9AC6 /* FeedScreenVM.swift */ = {isa = PBXFileReference; lastKnownFileType = sourcecode.swift; path = FeedScreenVM.swift; sourceTree = "<group>"; };
		21386CA22A230BE100CA9AC6 /* RECDatabaseParentPath.swift */ = {isa = PBXFileReference; lastKnownFileType = sourcecode.swift; path = RECDatabaseParentPath.swift; sourceTree = "<group>"; };
		213AB8342A22124700DFEF2F /* CUPSystemIcon.swift */ = {isa = PBXFileReference; lastKnownFileType = sourcecode.swift; path = CUPSystemIcon.swift; sourceTree = "<group>"; };
		213DAE182A0DDF1A00C52165 /* DetailedRegistrationVM.swift */ = {isa = PBXFileReference; lastKnownFileType = sourcecode.swift; path = DetailedRegistrationVM.swift; sourceTree = "<group>"; };
		213DAE1A2A0DE0E400C52165 /* DetailedRegistrationScreen.swift */ = {isa = PBXFileReference; lastKnownFileType = sourcecode.swift; path = DetailedRegistrationScreen.swift; sourceTree = "<group>"; };
		213DAE1E2A0E46FF00C52165 /* RECListButtonLabel.swift */ = {isa = PBXFileReference; lastKnownFileType = sourcecode.swift; path = RECListButtonLabel.swift; sourceTree = "<group>"; };
		214BC0A22A39A29700058B0E /* RECProfileBackground.swift */ = {isa = PBXFileReference; lastKnownFileType = sourcecode.swift; path = RECProfileBackground.swift; sourceTree = "<group>"; };
		214BC0A42A39B39900058B0E /* RECSearchResultUserRow.swift */ = {isa = PBXFileReference; lastKnownFileType = sourcecode.swift; path = RECSearchResultUserRow.swift; sourceTree = "<group>"; };
		21682F142A1C642100866864 /* InitialRegisterView.swift */ = {isa = PBXFileReference; lastKnownFileType = sourcecode.swift; path = InitialRegisterView.swift; sourceTree = "<group>"; };
		216C9FCB2A513B430058155B /* RECUserWrapper.swift */ = {isa = PBXFileReference; lastKnownFileType = sourcecode.swift; path = RECUserWrapper.swift; sourceTree = "<group>"; };
		216C9FCD2A5146D00058155B /* RECOtherUserBackground.swift */ = {isa = PBXFileReference; fileEncoding = 4; lastKnownFileType = sourcecode.swift; path = RECOtherUserBackground.swift; sourceTree = "<group>"; };
		216C9FCF2A51482B0058155B /* RECUsersOptions.swift */ = {isa = PBXFileReference; lastKnownFileType = sourcecode.swift; path = RECUsersOptions.swift; sourceTree = "<group>"; };
		2178F9EE2A24615200F5EE96 /* EditProfileScreenVM.swift */ = {isa = PBXFileReference; lastKnownFileType = sourcecode.swift; path = EditProfileScreenVM.swift; sourceTree = "<group>"; };
		2178F9F42A24658100F5EE96 /* EditProfileScreen.swift */ = {isa = PBXFileReference; lastKnownFileType = sourcecode.swift; path = EditProfileScreen.swift; sourceTree = "<group>"; };
		2178F9F82A24698400F5EE96 /* RECProfileGradientPreview.swift */ = {isa = PBXFileReference; lastKnownFileType = sourcecode.swift; path = RECProfileGradientPreview.swift; sourceTree = "<group>"; };
		2178F9FA2A246E5300F5EE96 /* ProfileScreenVM.swift */ = {isa = PBXFileReference; lastKnownFileType = sourcecode.swift; path = ProfileScreenVM.swift; sourceTree = "<group>"; };
		2178F9FC2A2493EE00F5EE96 /* DeveloperSettingsScreen.swift */ = {isa = PBXFileReference; lastKnownFileType = sourcecode.swift; path = DeveloperSettingsScreen.swift; sourceTree = "<group>"; };
		219CD58A2A0B7AA40061B04E /* GoogleService-Info.plist */ = {isa = PBXFileReference; lastKnownFileType = text.plist; path = "GoogleService-Info.plist"; sourceTree = SOURCE_ROOT; };
		219CD5952A0B7D8F0061B04E /* CoreScreen.swift */ = {isa = PBXFileReference; lastKnownFileType = sourcecode.swift; path = CoreScreen.swift; sourceTree = "<group>"; };
		219CD5972A0B7EDD0061B04E /* RegisterScreen.swift */ = {isa = PBXFileReference; lastKnownFileType = sourcecode.swift; path = RegisterScreen.swift; sourceTree = "<group>"; };
		219CD5992A0B80170061B04E /* RegisterScreenVM.swift */ = {isa = PBXFileReference; lastKnownFileType = sourcecode.swift; path = RegisterScreenVM.swift; sourceTree = "<group>"; };
		219CD59D2A0B83C80061B04E /* RECListHeader.swift */ = {isa = PBXFileReference; lastKnownFileType = sourcecode.swift; path = RECListHeader.swift; sourceTree = "<group>"; };
		21A765452A0A060900761219 /* MenuScreenVM.swift */ = {isa = PBXFileReference; lastKnownFileType = sourcecode.swift; path = MenuScreenVM.swift; sourceTree = "<group>"; };
		21A765472A0A06AB00761219 /* RECMenuListRow.swift */ = {isa = PBXFileReference; lastKnownFileType = sourcecode.swift; path = RECMenuListRow.swift; sourceTree = "<group>"; };
		21A765492A0A0A3900761219 /* LoginScreen.swift */ = {isa = PBXFileReference; lastKnownFileType = sourcecode.swift; path = LoginScreen.swift; sourceTree = "<group>"; };
		21A7654B2A0A0A4D00761219 /* LoginScreenVM.swift */ = {isa = PBXFileReference; lastKnownFileType = sourcecode.swift; path = LoginScreenVM.swift; sourceTree = "<group>"; };
		21A7654F2A0A0B6000761219 /* RECAuthTextField.swift */ = {isa = PBXFileReference; lastKnownFileType = sourcecode.swift; path = RECAuthTextField.swift; sourceTree = "<group>"; };
		21AF74C52A517741008F99B2 /* RECOtherUserHeader.swift */ = {isa = PBXFileReference; fileEncoding = 4; lastKnownFileType = sourcecode.swift; path = RECOtherUserHeader.swift; sourceTree = "<group>"; };
		21B960762A370B4100A91678 /* SearchScreen.swift */ = {isa = PBXFileReference; lastKnownFileType = sourcecode.swift; path = SearchScreen.swift; sourceTree = "<group>"; };
		21B960782A370B4B00A91678 /* SearchScreenVM.swift */ = {isa = PBXFileReference; lastKnownFileType = sourcecode.swift; path = SearchScreenVM.swift; sourceTree = "<group>"; };
		21C781C02A405EB20019752F /* OtherUserProfileScreen.swift */ = {isa = PBXFileReference; fileEncoding = 4; lastKnownFileType = sourcecode.swift; name = OtherUserProfileScreen.swift; path = "ReConnect/Views/Secondary Views/OtherUserProfileScreen.swift"; sourceTree = SOURCE_ROOT; };
		21C781C22A4061B60019752F /* RECProfileActionButton.swift */ = {isa = PBXFileReference; lastKnownFileType = sourcecode.swift; path = RECProfileActionButton.swift; sourceTree = "<group>"; };
		21C781C42A417E090019752F /* NotificationsScreen.swift */ = {isa = PBXFileReference; lastKnownFileType = sourcecode.swift; path = NotificationsScreen.swift; sourceTree = "<group>"; };
		21D331142A3C12F400E6F786 /* SearchResultUserScreen.swift */ = {isa = PBXFileReference; lastKnownFileType = sourcecode.swift; path = SearchResultUserScreen.swift; sourceTree = "<group>"; };
		21D721702A57C95100873C4F /* FollowingManager.swift */ = {isa = PBXFileReference; lastKnownFileType = sourcecode.swift; path = FollowingManager.swift; sourceTree = "<group>"; };
		21D721722A57CEE100873C4F /* RECNotification.swift */ = {isa = PBXFileReference; lastKnownFileType = sourcecode.swift; path = RECNotification.swift; sourceTree = "<group>"; };
		21D721742A57CEEB00873C4F /* RECNotificationWrapper.swift */ = {isa = PBXFileReference; lastKnownFileType = sourcecode.swift; path = RECNotificationWrapper.swift; sourceTree = "<group>"; };
		21D721762A57D10F00873C4F /* RECNotificationTypes.swift */ = {isa = PBXFileReference; lastKnownFileType = sourcecode.swift; path = RECNotificationTypes.swift; sourceTree = "<group>"; };
		21D721782A57D27C00873C4F /* RECNotificationActions.swift */ = {isa = PBXFileReference; lastKnownFileType = sourcecode.swift; path = RECNotificationActions.swift; sourceTree = "<group>"; };
		21E3A16E2A36C99E00FBAD6A /* RECStorageParentPath.swift */ = {isa = PBXFileReference; lastKnownFileType = sourcecode.swift; path = RECStorageParentPath.swift; sourceTree = "<group>"; };
/* End PBXFileReference section */

/* Begin PBXFrameworksBuildPhase section */
		212364232A08F948005827D2 /* Frameworks */ = {
			isa = PBXFrameworksBuildPhase;
			buildActionMask = 2147483647;
			files = (
				2178F9F22A2464D800F5EE96 /* SDWebImageSwiftUI in Frameworks */,
				219CD5902A0B7B610061B04E /* FirebaseDatabase in Frameworks */,
				219CD5942A0B7B610061B04E /* FirebaseStorage in Frameworks */,
				219CD58E2A0B7B610061B04E /* FirebaseAuth in Frameworks */,
				219CD5922A0B7B610061B04E /* FirebaseFirestore in Frameworks */,
			);
			runOnlyForDeploymentPostprocessing = 0;
		};
/* End PBXFrameworksBuildPhase section */

/* Begin PBXGroup section */
		2122D7182A1CC0EE00005122 /* Views */ = {
			isa = PBXGroup;
			children = (
				2178F9F32A24657000F5EE96 /* Secondary Views */,
				2122D7192A1CC12200005122 /* Settings Views */,
				212364392A08FAFF005827D2 /* Custom Views */,
				2123643C2A08FB29005827D2 /* Main Views */,
			);
			path = Views;
			sourceTree = "<group>";
		};
		2122D7192A1CC12200005122 /* Settings Views */ = {
			isa = PBXGroup;
			children = (
				2122D71A2A1CC13500005122 /* AppSettingsScreen.swift */,
				2122D7222A1CC6CD00005122 /* AccountSettingsScreen.swift */,
				2178F9FC2A2493EE00F5EE96 /* DeveloperSettingsScreen.swift */,
			);
			path = "Settings Views";
			sourceTree = "<group>";
		};
		2123641D2A08F948005827D2 = {
			isa = PBXGroup;
			children = (
				212364282A08F948005827D2 /* ReConnect */,
				212364272A08F948005827D2 /* Products */,
			);
			sourceTree = "<group>";
		};
		212364272A08F948005827D2 /* Products */ = {
			isa = PBXGroup;
			children = (
				212364262A08F948005827D2 /* ReConnect.app */,
			);
			name = Products;
			sourceTree = "<group>";
		};
		212364282A08F948005827D2 /* ReConnect */ = {
			isa = PBXGroup;
			children = (
				219CD58A2A0B7AA40061B04E /* GoogleService-Info.plist */,
				216C9FD12A5149D50058155B /* Resources */,
				212617F22A59151300ED8370 /* Managers */,
				21A765442A0A05F500761219 /* View Models */,
				2123643D2A08FB32005827D2 /* Models */,
				2122D7182A1CC0EE00005122 /* Views */,
				2123642D2A08F949005827D2 /* Assets.xcassets */,
				2123642F2A08F949005827D2 /* Preview Content */,
			);
			path = ReConnect;
			sourceTree = "<group>";
		};
		2123642F2A08F949005827D2 /* Preview Content */ = {
			isa = PBXGroup;
			children = (
				212364302A08F949005827D2 /* Preview Assets.xcassets */,
			);
			path = "Preview Content";
			sourceTree = "<group>";
		};
		212364392A08FAFF005827D2 /* Custom Views */ = {
			isa = PBXGroup;
			children = (
				2122D71C2A1CC26800005122 /* CustomEmptyView.swift */,
				2123643A2A08FB0F005827D2 /* ProfileListRowView.swift */,
				21A765472A0A06AB00761219 /* RECMenuListRow.swift */,
				21A7654F2A0A0B6000761219 /* RECAuthTextField.swift */,
				219CD59D2A0B83C80061B04E /* RECListHeader.swift */,
				213DAE1E2A0E46FF00C52165 /* RECListButtonLabel.swift */,
				2122D7242A1CC73600005122 /* RECDisplayLabel.swift */,
				211463F02A21C0BA0092751F /* RECSubscriberIndicator.swift */,
				211463F42A21C35F0092751F /* RECProfileInfoSheet.swift */,
				211463F22A21C2B00092751F /* RECProfileHeader.swift */,
				21AF74C52A517741008F99B2 /* RECOtherUserHeader.swift */,
				214BC0A22A39A29700058B0E /* RECProfileBackground.swift */,
				216C9FCD2A5146D00058155B /* RECOtherUserBackground.swift */,
				2178F9F82A24698400F5EE96 /* RECProfileGradientPreview.swift */,
				214BC0A42A39B39900058B0E /* RECSearchResultUserRow.swift */,
				21C781C22A4061B60019752F /* RECProfileActionButton.swift */,
			);
			path = "Custom Views";
			sourceTree = "<group>";
		};
		2123643C2A08FB29005827D2 /* Main Views */ = {
			isa = PBXGroup;
			children = (
				2123642B2A08F948005827D2 /* ContentView.swift */,
				212364372A08FA97005827D2 /* MenuScreen.swift */,
				21A765492A0A0A3900761219 /* LoginScreen.swift */,
				21682F142A1C642100866864 /* InitialRegisterView.swift */,
				219CD5972A0B7EDD0061B04E /* RegisterScreen.swift */,
				219CD5952A0B7D8F0061B04E /* CoreScreen.swift */,
				2122D7162A1CBB3700005122 /* ProfileScreen.swift */,
				213DAE1A2A0DE0E400C52165 /* DetailedRegistrationScreen.swift */,
				21386C9E2A23064400CA9AC6 /* FeedScreen.swift */,
				21B960762A370B4100A91678 /* SearchScreen.swift */,
			);
			path = "Main Views";
			sourceTree = "<group>";
		};
		2123643D2A08FB32005827D2 /* Models */ = {
			isa = PBXGroup;
			children = (
				213AB8332A22122600DFEF2F /* System */,
				213AB8322A22121800DFEF2F /* Views */,
				213AB8312A22120800DFEF2F /* Main */,
			);
			path = Models;
			sourceTree = "<group>";
		};
		212617F22A59151300ED8370 /* Managers */ = {
			isa = PBXGroup;
			children = (
				21D721702A57C95100873C4F /* FollowingManager.swift */,
				212617F02A5914F100ED8370 /* NotificationManager.swift */,
			);
			path = Managers;
			sourceTree = "<group>";
		};
		213AB8312A22120800DFEF2F /* Main */ = {
			isa = PBXGroup;
			children = (
				2123643E2A08FB55005827D2 /* RECUser.swift */,
				216C9FCB2A513B430058155B /* RECUserWrapper.swift */,
				21D721722A57CEE100873C4F /* RECNotification.swift */,
				21D721742A57CEEB00873C4F /* RECNotificationWrapper.swift */,
			);
			path = Main;
			sourceTree = "<group>";
		};
		213AB8322A22121800DFEF2F /* Views */ = {
			isa = PBXGroup;
			children = (
				212364402A090087005827D2 /* RECListRowItem.swift */,
			);
			path = Views;
			sourceTree = "<group>";
		};
		213AB8332A22122600DFEF2F /* System */ = {
			isa = PBXGroup;
			children = (
				213AB8342A22124700DFEF2F /* CUPSystemIcon.swift */,
				21386CA22A230BE100CA9AC6 /* RECDatabaseParentPath.swift */,
				21E3A16E2A36C99E00FBAD6A /* RECStorageParentPath.swift */,
				216C9FCF2A51482B0058155B /* RECUsersOptions.swift */,
				21D721762A57D10F00873C4F /* RECNotificationTypes.swift */,
				21D721782A57D27C00873C4F /* RECNotificationActions.swift */,
			);
			path = System;
			sourceTree = "<group>";
		};
		216C9FD12A5149D50058155B /* Resources */ = {
			isa = PBXGroup;
			children = (
				212364292A08F948005827D2 /* ReConnectApp.swift */,
				212801502A2DA85600CA0747 /* Extensions.swift */,
			);
			path = Resources;
			sourceTree = "<group>";
		};
		2178F9F32A24657000F5EE96 /* Secondary Views */ = {
			isa = PBXGroup;
			children = (
				2178F9F42A24658100F5EE96 /* EditProfileScreen.swift */,
				21D331142A3C12F400E6F786 /* SearchResultUserScreen.swift */,
				21C781C02A405EB20019752F /* OtherUserProfileScreen.swift */,
				21C781C42A417E090019752F /* NotificationsScreen.swift */,
			);
			path = "Secondary Views";
			sourceTree = "<group>";
		};
		21A765442A0A05F500761219 /* View Models */ = {
			isa = PBXGroup;
			children = (
				21A765452A0A060900761219 /* MenuScreenVM.swift */,
				21A7654B2A0A0A4D00761219 /* LoginScreenVM.swift */,
				219CD5992A0B80170061B04E /* RegisterScreenVM.swift */,
				213DAE182A0DDF1A00C52165 /* DetailedRegistrationVM.swift */,
				2122D71E2A1CC29700005122 /* AppSettingsVM.swift */,
				21386CA02A23065000CA9AC6 /* FeedScreenVM.swift */,
				2178F9EE2A24615200F5EE96 /* EditProfileScreenVM.swift */,
				2178F9FA2A246E5300F5EE96 /* ProfileScreenVM.swift */,
				21B960782A370B4B00A91678 /* SearchScreenVM.swift */,
			);
			path = "View Models";
			sourceTree = "<group>";
		};
/* End PBXGroup section */

/* Begin PBXNativeTarget section */
		212364252A08F948005827D2 /* ReConnect */ = {
			isa = PBXNativeTarget;
			buildConfigurationList = 212364342A08F949005827D2 /* Build configuration list for PBXNativeTarget "ReConnect" */;
			buildPhases = (
				212364222A08F948005827D2 /* Sources */,
				212364232A08F948005827D2 /* Frameworks */,
				212364242A08F948005827D2 /* Resources */,
			);
			buildRules = (
			);
			dependencies = (
			);
			name = ReConnect;
			packageProductDependencies = (
				219CD58D2A0B7B610061B04E /* FirebaseAuth */,
				219CD58F2A0B7B610061B04E /* FirebaseDatabase */,
				219CD5912A0B7B610061B04E /* FirebaseFirestore */,
				219CD5932A0B7B610061B04E /* FirebaseStorage */,
				2178F9F12A2464D800F5EE96 /* SDWebImageSwiftUI */,
			);
			productName = ReConnect;
			productReference = 212364262A08F948005827D2 /* ReConnect.app */;
			productType = "com.apple.product-type.application";
		};
/* End PBXNativeTarget section */

/* Begin PBXProject section */
		2123641E2A08F948005827D2 /* Project object */ = {
			isa = PBXProject;
			attributes = {
				BuildIndependentTargetsInParallel = 1;
				LastSwiftUpdateCheck = 1430;
				LastUpgradeCheck = 1430;
				TargetAttributes = {
					212364252A08F948005827D2 = {
						CreatedOnToolsVersion = 14.3;
					};
				};
			};
			buildConfigurationList = 212364212A08F948005827D2 /* Build configuration list for PBXProject "ReConnect" */;
			compatibilityVersion = "Xcode 14.0";
			developmentRegion = en;
			hasScannedForEncodings = 0;
			knownRegions = (
				en,
				Base,
			);
			mainGroup = 2123641D2A08F948005827D2;
			packageReferences = (
				219CD58C2A0B7B610061B04E /* XCRemoteSwiftPackageReference "firebase-ios-sdk" */,
				2178F9F02A2464D800F5EE96 /* XCRemoteSwiftPackageReference "SDWebImageSwiftUI" */,
			);
			productRefGroup = 212364272A08F948005827D2 /* Products */;
			projectDirPath = "";
			projectRoot = "";
			targets = (
				212364252A08F948005827D2 /* ReConnect */,
			);
		};
/* End PBXProject section */

/* Begin PBXResourcesBuildPhase section */
		212364242A08F948005827D2 /* Resources */ = {
			isa = PBXResourcesBuildPhase;
			buildActionMask = 2147483647;
			files = (
				212364312A08F949005827D2 /* Preview Assets.xcassets in Resources */,
				2123642E2A08F949005827D2 /* Assets.xcassets in Resources */,
				219CD58B2A0B7AA40061B04E /* GoogleService-Info.plist in Resources */,
			);
			runOnlyForDeploymentPostprocessing = 0;
		};
/* End PBXResourcesBuildPhase section */

/* Begin PBXSourcesBuildPhase section */
		212364222A08F948005827D2 /* Sources */ = {
			isa = PBXSourcesBuildPhase;
			buildActionMask = 2147483647;
			files = (
				212364412A090087005827D2 /* RECListRowItem.swift in Sources */,
				2122D7172A1CBB3700005122 /* ProfileScreen.swift in Sources */,
				216C9FD02A51482B0058155B /* RECUsersOptions.swift in Sources */,
				21AF74C62A517741008F99B2 /* RECOtherUserHeader.swift in Sources */,
				216C9FCE2A5146D00058155B /* RECOtherUserBackground.swift in Sources */,
				213DAE192A0DDF1A00C52165 /* DetailedRegistrationVM.swift in Sources */,
				2178F9FD2A2493EE00F5EE96 /* DeveloperSettingsScreen.swift in Sources */,
				21A765502A0A0B6000761219 /* RECAuthTextField.swift in Sources */,
				211463F52A21C35F0092751F /* RECProfileInfoSheet.swift in Sources */,
				21D721752A57CEEB00873C4F /* RECNotificationWrapper.swift in Sources */,
				2178F9F52A24658100F5EE96 /* EditProfileScreen.swift in Sources */,
				21E3A16F2A36C99E00FBAD6A /* RECStorageParentPath.swift in Sources */,
				21C781C32A4061B60019752F /* RECProfileActionButton.swift in Sources */,
				216C9FCC2A513B430058155B /* RECUserWrapper.swift in Sources */,
				212364382A08FA97005827D2 /* MenuScreen.swift in Sources */,
				212617F12A5914F100ED8370 /* NotificationManager.swift in Sources */,
				21A7654A2A0A0A3900761219 /* LoginScreen.swift in Sources */,
				21A765482A0A06AB00761219 /* RECMenuListRow.swift in Sources */,
				21B960772A370B4100A91678 /* SearchScreen.swift in Sources */,
				2123643F2A08FB55005827D2 /* RECUser.swift in Sources */,
				21A765462A0A060900761219 /* MenuScreenVM.swift in Sources */,
				2122D71D2A1CC26800005122 /* CustomEmptyView.swift in Sources */,
				2122D7252A1CC73600005122 /* RECDisplayLabel.swift in Sources */,
				219CD59A2A0B80170061B04E /* RegisterScreenVM.swift in Sources */,
				2122D71F2A1CC29700005122 /* AppSettingsVM.swift in Sources */,
				214BC0A32A39A29700058B0E /* RECProfileBackground.swift in Sources */,
				213DAE1F2A0E46FF00C52165 /* RECListButtonLabel.swift in Sources */,
				2123642C2A08F948005827D2 /* ContentView.swift in Sources */,
				219CD5982A0B7EDD0061B04E /* RegisterScreen.swift in Sources */,
				213DAE1B2A0DE0E400C52165 /* DetailedRegistrationScreen.swift in Sources */,
				21682F152A1C642100866864 /* InitialRegisterView.swift in Sources */,
				21D721712A57C95200873C4F /* FollowingManager.swift in Sources */,
				21386C9F2A23064400CA9AC6 /* FeedScreen.swift in Sources */,
				2122D71B2A1CC13500005122 /* AppSettingsScreen.swift in Sources */,
				21D721792A57D27C00873C4F /* RECNotificationActions.swift in Sources */,
				2122D7232A1CC6CD00005122 /* AccountSettingsScreen.swift in Sources */,
				211463F12A21C0BA0092751F /* RECSubscriberIndicator.swift in Sources */,
				214BC0A52A39B39900058B0E /* RECSearchResultUserRow.swift in Sources */,
				219CD5962A0B7D8F0061B04E /* CoreScreen.swift in Sources */,
				2123642A2A08F948005827D2 /* ReConnectApp.swift in Sources */,
				21D331152A3C12F400E6F786 /* SearchResultUserScreen.swift in Sources */,
				213AB8352A22124700DFEF2F /* CUPSystemIcon.swift in Sources */,
				211463F32A21C2B00092751F /* RECProfileHeader.swift in Sources */,
				21C781C52A417E090019752F /* NotificationsScreen.swift in Sources */,
				21386CA12A23065000CA9AC6 /* FeedScreenVM.swift in Sources */,
				2178F9EF2A24615200F5EE96 /* EditProfileScreenVM.swift in Sources */,
				2178F9FB2A246E5300F5EE96 /* ProfileScreenVM.swift in Sources */,
				21D721772A57D10F00873C4F /* RECNotificationTypes.swift in Sources */,
				21386CA32A230BE100CA9AC6 /* RECDatabaseParentPath.swift in Sources */,
				212801512A2DA85600CA0747 /* Extensions.swift in Sources */,
				219CD59E2A0B83C80061B04E /* RECListHeader.swift in Sources */,
				21A7654C2A0A0A4D00761219 /* LoginScreenVM.swift in Sources */,
				21D721732A57CEE100873C4F /* RECNotification.swift in Sources */,
				21C781C12A405EB20019752F /* OtherUserProfileScreen.swift in Sources */,
				21B960792A370B4B00A91678 /* SearchScreenVM.swift in Sources */,
				2123643B2A08FB0F005827D2 /* ProfileListRowView.swift in Sources */,
				2178F9F92A24698400F5EE96 /* RECProfileGradientPreview.swift in Sources */,
			);
			runOnlyForDeploymentPostprocessing = 0;
		};
/* End PBXSourcesBuildPhase section */

/* Begin XCBuildConfiguration section */
		212364322A08F949005827D2 /* Debug */ = {
			isa = XCBuildConfiguration;
			buildSettings = {
				ALWAYS_SEARCH_USER_PATHS = NO;
				CLANG_ANALYZER_NONNULL = YES;
				CLANG_ANALYZER_NUMBER_OBJECT_CONVERSION = YES_AGGRESSIVE;
				CLANG_CXX_LANGUAGE_STANDARD = "gnu++20";
				CLANG_ENABLE_MODULES = YES;
				CLANG_ENABLE_OBJC_ARC = YES;
				CLANG_ENABLE_OBJC_WEAK = YES;
				CLANG_WARN_BLOCK_CAPTURE_AUTORELEASING = YES;
				CLANG_WARN_BOOL_CONVERSION = YES;
				CLANG_WARN_COMMA = YES;
				CLANG_WARN_CONSTANT_CONVERSION = YES;
				CLANG_WARN_DEPRECATED_OBJC_IMPLEMENTATIONS = YES;
				CLANG_WARN_DIRECT_OBJC_ISA_USAGE = YES_ERROR;
				CLANG_WARN_DOCUMENTATION_COMMENTS = YES;
				CLANG_WARN_EMPTY_BODY = YES;
				CLANG_WARN_ENUM_CONVERSION = YES;
				CLANG_WARN_INFINITE_RECURSION = YES;
				CLANG_WARN_INT_CONVERSION = YES;
				CLANG_WARN_NON_LITERAL_NULL_CONVERSION = YES;
				CLANG_WARN_OBJC_IMPLICIT_RETAIN_SELF = YES;
				CLANG_WARN_OBJC_LITERAL_CONVERSION = YES;
				CLANG_WARN_OBJC_ROOT_CLASS = YES_ERROR;
				CLANG_WARN_QUOTED_INCLUDE_IN_FRAMEWORK_HEADER = YES;
				CLANG_WARN_RANGE_LOOP_ANALYSIS = YES;
				CLANG_WARN_STRICT_PROTOTYPES = YES;
				CLANG_WARN_SUSPICIOUS_MOVE = YES;
				CLANG_WARN_UNGUARDED_AVAILABILITY = YES_AGGRESSIVE;
				CLANG_WARN_UNREACHABLE_CODE = YES;
				CLANG_WARN__DUPLICATE_METHOD_MATCH = YES;
				COPY_PHASE_STRIP = NO;
				DEBUG_INFORMATION_FORMAT = dwarf;
				ENABLE_STRICT_OBJC_MSGSEND = YES;
				ENABLE_TESTABILITY = YES;
				GCC_C_LANGUAGE_STANDARD = gnu11;
				GCC_DYNAMIC_NO_PIC = NO;
				GCC_NO_COMMON_BLOCKS = YES;
				GCC_OPTIMIZATION_LEVEL = 0;
				GCC_PREPROCESSOR_DEFINITIONS = (
					"DEBUG=1",
					"$(inherited)",
				);
				GCC_WARN_64_TO_32_BIT_CONVERSION = YES;
				GCC_WARN_ABOUT_RETURN_TYPE = YES_ERROR;
				GCC_WARN_UNDECLARED_SELECTOR = YES;
				GCC_WARN_UNINITIALIZED_AUTOS = YES_AGGRESSIVE;
				GCC_WARN_UNUSED_FUNCTION = YES;
				GCC_WARN_UNUSED_VARIABLE = YES;
				IPHONEOS_DEPLOYMENT_TARGET = 16.4;
				MTL_ENABLE_DEBUG_INFO = INCLUDE_SOURCE;
				MTL_FAST_MATH = YES;
				ONLY_ACTIVE_ARCH = YES;
				SDKROOT = iphoneos;
				SWIFT_ACTIVE_COMPILATION_CONDITIONS = DEBUG;
				SWIFT_OPTIMIZATION_LEVEL = "-Onone";
			};
			name = Debug;
		};
		212364332A08F949005827D2 /* Release */ = {
			isa = XCBuildConfiguration;
			buildSettings = {
				ALWAYS_SEARCH_USER_PATHS = NO;
				CLANG_ANALYZER_NONNULL = YES;
				CLANG_ANALYZER_NUMBER_OBJECT_CONVERSION = YES_AGGRESSIVE;
				CLANG_CXX_LANGUAGE_STANDARD = "gnu++20";
				CLANG_ENABLE_MODULES = YES;
				CLANG_ENABLE_OBJC_ARC = YES;
				CLANG_ENABLE_OBJC_WEAK = YES;
				CLANG_WARN_BLOCK_CAPTURE_AUTORELEASING = YES;
				CLANG_WARN_BOOL_CONVERSION = YES;
				CLANG_WARN_COMMA = YES;
				CLANG_WARN_CONSTANT_CONVERSION = YES;
				CLANG_WARN_DEPRECATED_OBJC_IMPLEMENTATIONS = YES;
				CLANG_WARN_DIRECT_OBJC_ISA_USAGE = YES_ERROR;
				CLANG_WARN_DOCUMENTATION_COMMENTS = YES;
				CLANG_WARN_EMPTY_BODY = YES;
				CLANG_WARN_ENUM_CONVERSION = YES;
				CLANG_WARN_INFINITE_RECURSION = YES;
				CLANG_WARN_INT_CONVERSION = YES;
				CLANG_WARN_NON_LITERAL_NULL_CONVERSION = YES;
				CLANG_WARN_OBJC_IMPLICIT_RETAIN_SELF = YES;
				CLANG_WARN_OBJC_LITERAL_CONVERSION = YES;
				CLANG_WARN_OBJC_ROOT_CLASS = YES_ERROR;
				CLANG_WARN_QUOTED_INCLUDE_IN_FRAMEWORK_HEADER = YES;
				CLANG_WARN_RANGE_LOOP_ANALYSIS = YES;
				CLANG_WARN_STRICT_PROTOTYPES = YES;
				CLANG_WARN_SUSPICIOUS_MOVE = YES;
				CLANG_WARN_UNGUARDED_AVAILABILITY = YES_AGGRESSIVE;
				CLANG_WARN_UNREACHABLE_CODE = YES;
				CLANG_WARN__DUPLICATE_METHOD_MATCH = YES;
				COPY_PHASE_STRIP = NO;
				DEBUG_INFORMATION_FORMAT = "dwarf-with-dsym";
				ENABLE_NS_ASSERTIONS = NO;
				ENABLE_STRICT_OBJC_MSGSEND = YES;
				GCC_C_LANGUAGE_STANDARD = gnu11;
				GCC_NO_COMMON_BLOCKS = YES;
				GCC_WARN_64_TO_32_BIT_CONVERSION = YES;
				GCC_WARN_ABOUT_RETURN_TYPE = YES_ERROR;
				GCC_WARN_UNDECLARED_SELECTOR = YES;
				GCC_WARN_UNINITIALIZED_AUTOS = YES_AGGRESSIVE;
				GCC_WARN_UNUSED_FUNCTION = YES;
				GCC_WARN_UNUSED_VARIABLE = YES;
				IPHONEOS_DEPLOYMENT_TARGET = 16.4;
				MTL_ENABLE_DEBUG_INFO = NO;
				MTL_FAST_MATH = YES;
				SDKROOT = iphoneos;
				SWIFT_COMPILATION_MODE = wholemodule;
				SWIFT_OPTIMIZATION_LEVEL = "-O";
				VALIDATE_PRODUCT = YES;
			};
			name = Release;
		};
		212364352A08F949005827D2 /* Debug */ = {
			isa = XCBuildConfiguration;
			buildSettings = {
				ASSETCATALOG_COMPILER_APPICON_NAME = AppIcon;
				ASSETCATALOG_COMPILER_GLOBAL_ACCENT_COLOR_NAME = AccentColor;
				CODE_SIGN_STYLE = Automatic;
				CURRENT_PROJECT_VERSION = 1;
				DEVELOPMENT_ASSET_PATHS = "\"ReConnect/Preview Content\"";
				DEVELOPMENT_TEAM = W29Q2GKBT5;
				ENABLE_PREVIEWS = YES;
				GENERATE_INFOPLIST_FILE = YES;
				INFOPLIST_KEY_CFBundleDisplayName = "Re:Connect";
				INFOPLIST_KEY_UIApplicationSceneManifest_Generation = YES;
				INFOPLIST_KEY_UIApplicationSupportsIndirectInputEvents = YES;
				INFOPLIST_KEY_UILaunchScreen_Generation = YES;
				INFOPLIST_KEY_UISupportedInterfaceOrientations_iPad = "UIInterfaceOrientationPortrait UIInterfaceOrientationPortraitUpsideDown UIInterfaceOrientationLandscapeLeft UIInterfaceOrientationLandscapeRight";
				INFOPLIST_KEY_UISupportedInterfaceOrientations_iPhone = "UIInterfaceOrientationPortrait UIInterfaceOrientationLandscapeLeft UIInterfaceOrientationLandscapeRight";
				LD_RUNPATH_SEARCH_PATHS = (
					"$(inherited)",
					"@executable_path/Frameworks",
				);
				MARKETING_VERSION = 1.0;
				PRODUCT_BUNDLE_IDENTIFIER = com.ReConnect.ReSocial;
				PRODUCT_NAME = "$(TARGET_NAME)";
				SWIFT_EMIT_LOC_STRINGS = YES;
				SWIFT_VERSION = 5.0;
				TARGETED_DEVICE_FAMILY = "1,2";
			};
			name = Debug;
		};
		212364362A08F949005827D2 /* Release */ = {
			isa = XCBuildConfiguration;
			buildSettings = {
				ASSETCATALOG_COMPILER_APPICON_NAME = AppIcon;
				ASSETCATALOG_COMPILER_GLOBAL_ACCENT_COLOR_NAME = AccentColor;
				CODE_SIGN_STYLE = Automatic;
				CURRENT_PROJECT_VERSION = 1;
				DEVELOPMENT_ASSET_PATHS = "\"ReConnect/Preview Content\"";
				DEVELOPMENT_TEAM = W29Q2GKBT5;
				ENABLE_PREVIEWS = YES;
				GENERATE_INFOPLIST_FILE = YES;
				INFOPLIST_KEY_CFBundleDisplayName = "Re:Connect";
				INFOPLIST_KEY_UIApplicationSceneManifest_Generation = YES;
				INFOPLIST_KEY_UIApplicationSupportsIndirectInputEvents = YES;
				INFOPLIST_KEY_UILaunchScreen_Generation = YES;
				INFOPLIST_KEY_UISupportedInterfaceOrientations_iPad = "UIInterfaceOrientationPortrait UIInterfaceOrientationPortraitUpsideDown UIInterfaceOrientationLandscapeLeft UIInterfaceOrientationLandscapeRight";
				INFOPLIST_KEY_UISupportedInterfaceOrientations_iPhone = "UIInterfaceOrientationPortrait UIInterfaceOrientationLandscapeLeft UIInterfaceOrientationLandscapeRight";
				LD_RUNPATH_SEARCH_PATHS = (
					"$(inherited)",
					"@executable_path/Frameworks",
				);
				MARKETING_VERSION = 1.0;
				PRODUCT_BUNDLE_IDENTIFIER = com.ReConnect.ReSocial;
				PRODUCT_NAME = "$(TARGET_NAME)";
				SWIFT_EMIT_LOC_STRINGS = YES;
				SWIFT_VERSION = 5.0;
				TARGETED_DEVICE_FAMILY = "1,2";
			};
			name = Release;
		};
/* End XCBuildConfiguration section */

/* Begin XCConfigurationList section */
		212364212A08F948005827D2 /* Build configuration list for PBXProject "ReConnect" */ = {
			isa = XCConfigurationList;
			buildConfigurations = (
				212364322A08F949005827D2 /* Debug */,
				212364332A08F949005827D2 /* Release */,
			);
			defaultConfigurationIsVisible = 0;
			defaultConfigurationName = Release;
		};
		212364342A08F949005827D2 /* Build configuration list for PBXNativeTarget "ReConnect" */ = {
			isa = XCConfigurationList;
			buildConfigurations = (
				212364352A08F949005827D2 /* Debug */,
				212364362A08F949005827D2 /* Release */,
			);
			defaultConfigurationIsVisible = 0;
			defaultConfigurationName = Release;
		};
/* End XCConfigurationList section */

/* Begin XCRemoteSwiftPackageReference section */
		2178F9F02A2464D800F5EE96 /* XCRemoteSwiftPackageReference "SDWebImageSwiftUI" */ = {
			isa = XCRemoteSwiftPackageReference;
			repositoryURL = "https://github.com/SDWebImage/SDWebImageSwiftUI";
			requirement = {
				kind = upToNextMajorVersion;
				minimumVersion = 2.0.0;
			};
		};
		219CD58C2A0B7B610061B04E /* XCRemoteSwiftPackageReference "firebase-ios-sdk" */ = {
			isa = XCRemoteSwiftPackageReference;
			repositoryURL = "https://github.com/firebase/firebase-ios-sdk.git";
			requirement = {
				kind = upToNextMajorVersion;
				minimumVersion = 10.0.0;
			};
		};
/* End XCRemoteSwiftPackageReference section */

/* Begin XCSwiftPackageProductDependency section */
		2178F9F12A2464D800F5EE96 /* SDWebImageSwiftUI */ = {
			isa = XCSwiftPackageProductDependency;
			package = 2178F9F02A2464D800F5EE96 /* XCRemoteSwiftPackageReference "SDWebImageSwiftUI" */;
			productName = SDWebImageSwiftUI;
		};
		219CD58D2A0B7B610061B04E /* FirebaseAuth */ = {
			isa = XCSwiftPackageProductDependency;
			package = 219CD58C2A0B7B610061B04E /* XCRemoteSwiftPackageReference "firebase-ios-sdk" */;
			productName = FirebaseAuth;
		};
		219CD58F2A0B7B610061B04E /* FirebaseDatabase */ = {
			isa = XCSwiftPackageProductDependency;
			package = 219CD58C2A0B7B610061B04E /* XCRemoteSwiftPackageReference "firebase-ios-sdk" */;
			productName = FirebaseDatabase;
		};
		219CD5912A0B7B610061B04E /* FirebaseFirestore */ = {
			isa = XCSwiftPackageProductDependency;
			package = 219CD58C2A0B7B610061B04E /* XCRemoteSwiftPackageReference "firebase-ios-sdk" */;
			productName = FirebaseFirestore;
		};
		219CD5932A0B7B610061B04E /* FirebaseStorage */ = {
			isa = XCSwiftPackageProductDependency;
			package = 219CD58C2A0B7B610061B04E /* XCRemoteSwiftPackageReference "firebase-ios-sdk" */;
			productName = FirebaseStorage;
		};
/* End XCSwiftPackageProductDependency section */
	};
	rootObject = 2123641E2A08F948005827D2 /* Project object */;
}
