// !$*UTF8*$!
{
	archiveVersion = 1;
	classes = {
	};
	objectVersion = 56;
	objects = {

/* Begin PBXBuildFile section */
		215234242A42C6D800940F00 /* ArticlesApp.swift in Sources */ = {isa = PBXBuildFile; fileRef = 215234232A42C6D800940F00 /* ArticlesApp.swift */; };
		215234262A42C6D800940F00 /* ContentView.swift in Sources */ = {isa = PBXBuildFile; fileRef = 215234252A42C6D800940F00 /* ContentView.swift */; };
		215234282A42C6DB00940F00 /* Assets.xcassets in Resources */ = {isa = PBXBuildFile; fileRef = 215234272A42C6DB00940F00 /* Assets.xcassets */; };
		2152342B2A42C6DB00940F00 /* Preview Assets.xcassets in Resources */ = {isa = PBXBuildFile; fileRef = 2152342A2A42C6DB00940F00 /* Preview Assets.xcassets */; };
		215234342A42C72000940F00 /* ARTFolder.swift in Sources */ = {isa = PBXBuildFile; fileRef = 215234332A42C72000940F00 /* ARTFolder.swift */; };
		215234362A42C77900940F00 /* SidebarView.swift in Sources */ = {isa = PBXBuildFile; fileRef = 215234352A42C77900940F00 /* SidebarView.swift */; };
		2152343A2A42C79C00940F00 /* SidebarViewVM.swift in Sources */ = {isa = PBXBuildFile; fileRef = 215234392A42C79C00940F00 /* SidebarViewVM.swift */; };
		2152343C2A42C82A00940F00 /* ArticlesListView.swift in Sources */ = {isa = PBXBuildFile; fileRef = 2152343B2A42C82A00940F00 /* ArticlesListView.swift */; };
		2152343E2A42C91100940F00 /* CUPSystemIcon.swift in Sources */ = {isa = PBXBuildFile; fileRef = 2152343D2A42C91100940F00 /* CUPSystemIcon.swift */; };
		215234402A42CAC000940F00 /* ArticleDetailView.swift in Sources */ = {isa = PBXBuildFile; fileRef = 2152343F2A42CAC000940F00 /* ArticleDetailView.swift */; };
		215234422A42CCEB00940F00 /* CreateFolderView.swift in Sources */ = {isa = PBXBuildFile; fileRef = 215234412A42CCEB00940F00 /* CreateFolderView.swift */; };
/* End PBXBuildFile section */

/* Begin PBXFileReference section */
		215234202A42C6D800940F00 /* Articles.app */ = {isa = PBXFileReference; explicitFileType = wrapper.application; includeInIndex = 0; path = Articles.app; sourceTree = BUILT_PRODUCTS_DIR; };
		215234232A42C6D800940F00 /* ArticlesApp.swift */ = {isa = PBXFileReference; lastKnownFileType = sourcecode.swift; path = ArticlesApp.swift; sourceTree = "<group>"; };
		215234252A42C6D800940F00 /* ContentView.swift */ = {isa = PBXFileReference; lastKnownFileType = sourcecode.swift; path = ContentView.swift; sourceTree = "<group>"; };
		215234272A42C6DB00940F00 /* Assets.xcassets */ = {isa = PBXFileReference; lastKnownFileType = folder.assetcatalog; path = Assets.xcassets; sourceTree = "<group>"; };
		2152342A2A42C6DB00940F00 /* Preview Assets.xcassets */ = {isa = PBXFileReference; lastKnownFileType = folder.assetcatalog; path = "Preview Assets.xcassets"; sourceTree = "<group>"; };
		2152342C2A42C6DB00940F00 /* Articles.entitlements */ = {isa = PBXFileReference; lastKnownFileType = text.plist.entitlements; path = Articles.entitlements; sourceTree = "<group>"; };
		215234332A42C72000940F00 /* ARTFolder.swift */ = {isa = PBXFileReference; lastKnownFileType = sourcecode.swift; path = ARTFolder.swift; sourceTree = "<group>"; };
		215234352A42C77900940F00 /* SidebarView.swift */ = {isa = PBXFileReference; lastKnownFileType = sourcecode.swift; path = SidebarView.swift; sourceTree = "<group>"; };
		215234392A42C79C00940F00 /* SidebarViewVM.swift */ = {isa = PBXFileReference; lastKnownFileType = sourcecode.swift; path = SidebarViewVM.swift; sourceTree = "<group>"; };
		2152343B2A42C82A00940F00 /* ArticlesListView.swift */ = {isa = PBXFileReference; lastKnownFileType = sourcecode.swift; path = ArticlesListView.swift; sourceTree = "<group>"; };
		2152343D2A42C91100940F00 /* CUPSystemIcon.swift */ = {isa = PBXFileReference; fileEncoding = 4; lastKnownFileType = sourcecode.swift; name = CUPSystemIcon.swift; path = "../../../Practice Projects/ReConnect/ReConnect/Models/System/CUPSystemIcon.swift"; sourceTree = "<group>"; };
		2152343F2A42CAC000940F00 /* ArticleDetailView.swift */ = {isa = PBXFileReference; lastKnownFileType = sourcecode.swift; path = ArticleDetailView.swift; sourceTree = "<group>"; };
		215234412A42CCEB00940F00 /* CreateFolderView.swift */ = {isa = PBXFileReference; lastKnownFileType = sourcecode.swift; path = CreateFolderView.swift; sourceTree = "<group>"; };
/* End PBXFileReference section */

/* Begin PBXFrameworksBuildPhase section */
		2152341D2A42C6D800940F00 /* Frameworks */ = {
			isa = PBXFrameworksBuildPhase;
			buildActionMask = 2147483647;
			files = (
			);
			runOnlyForDeploymentPostprocessing = 0;
		};
/* End PBXFrameworksBuildPhase section */

/* Begin PBXGroup section */
		215234172A42C6D800940F00 = {
			isa = PBXGroup;
			children = (
				215234222A42C6D800940F00 /* Articles */,
				215234212A42C6D800940F00 /* Products */,
			);
			sourceTree = "<group>";
		};
		215234212A42C6D800940F00 /* Products */ = {
			isa = PBXGroup;
			children = (
				215234202A42C6D800940F00 /* Articles.app */,
			);
			name = Products;
			sourceTree = "<group>";
		};
		215234222A42C6D800940F00 /* Articles */ = {
			isa = PBXGroup;
			children = (
				215234232A42C6D800940F00 /* ArticlesApp.swift */,
				215234382A42C78D00940F00 /* View Models */,
				215234322A42C70C00940F00 /* Models */,
				215234372A42C78000940F00 /* Views */,
				215234272A42C6DB00940F00 /* Assets.xcassets */,
				2152342C2A42C6DB00940F00 /* Articles.entitlements */,
				215234292A42C6DB00940F00 /* Preview Content */,
			);
			path = Articles;
			sourceTree = "<group>";
		};
		215234292A42C6DB00940F00 /* Preview Content */ = {
			isa = PBXGroup;
			children = (
				2152342A2A42C6DB00940F00 /* Preview Assets.xcassets */,
			);
			path = "Preview Content";
			sourceTree = "<group>";
		};
		215234322A42C70C00940F00 /* Models */ = {
			isa = PBXGroup;
			children = (
				2152343D2A42C91100940F00 /* CUPSystemIcon.swift */,
				215234332A42C72000940F00 /* ARTFolder.swift */,
			);
			path = Models;
			sourceTree = "<group>";
		};
		215234372A42C78000940F00 /* Views */ = {
			isa = PBXGroup;
			children = (
				215234252A42C6D800940F00 /* ContentView.swift */,
				215234352A42C77900940F00 /* SidebarView.swift */,
				215234412A42CCEB00940F00 /* CreateFolderView.swift */,
				2152343B2A42C82A00940F00 /* ArticlesListView.swift */,
				2152343F2A42CAC000940F00 /* ArticleDetailView.swift */,
			);
			path = Views;
			sourceTree = "<group>";
		};
		215234382A42C78D00940F00 /* View Models */ = {
			isa = PBXGroup;
			children = (
				215234392A42C79C00940F00 /* SidebarViewVM.swift */,
			);
			path = "View Models";
			sourceTree = "<group>";
		};
/* End PBXGroup section */

/* Begin PBXNativeTarget section */
		2152341F2A42C6D800940F00 /* Articles */ = {
			isa = PBXNativeTarget;
			buildConfigurationList = 2152342F2A42C6DB00940F00 /* Build configuration list for PBXNativeTarget "Articles" */;
			buildPhases = (
				2152341C2A42C6D800940F00 /* Sources */,
				2152341D2A42C6D800940F00 /* Frameworks */,
				2152341E2A42C6D800940F00 /* Resources */,
			);
			buildRules = (
			);
			dependencies = (
			);
			name = Articles;
			productName = Articles;
			productReference = 215234202A42C6D800940F00 /* Articles.app */;
			productType = "com.apple.product-type.application";
		};
/* End PBXNativeTarget section */

/* Begin PBXProject section */
		215234182A42C6D800940F00 /* Project object */ = {
			isa = PBXProject;
			attributes = {
				BuildIndependentTargetsInParallel = 1;
				LastSwiftUpdateCheck = 1430;
				LastUpgradeCheck = 1430;
				TargetAttributes = {
					2152341F2A42C6D800940F00 = {
						CreatedOnToolsVersion = 14.3.1;
					};
				};
			};
			buildConfigurationList = 2152341B2A42C6D800940F00 /* Build configuration list for PBXProject "Articles" */;
			compatibilityVersion = "Xcode 14.0";
			developmentRegion = en;
			hasScannedForEncodings = 0;
			knownRegions = (
				en,
				Base,
			);
			mainGroup = 215234172A42C6D800940F00;
			productRefGroup = 215234212A42C6D800940F00 /* Products */;
			projectDirPath = "";
			projectRoot = "";
			targets = (
				2152341F2A42C6D800940F00 /* Articles */,
			);
		};
/* End PBXProject section */

/* Begin PBXResourcesBuildPhase section */
		2152341E2A42C6D800940F00 /* Resources */ = {
			isa = PBXResourcesBuildPhase;
			buildActionMask = 2147483647;
			files = (
				2152342B2A42C6DB00940F00 /* Preview Assets.xcassets in Resources */,
				215234282A42C6DB00940F00 /* Assets.xcassets in Resources */,
			);
			runOnlyForDeploymentPostprocessing = 0;
		};
/* End PBXResourcesBuildPhase section */

/* Begin PBXSourcesBuildPhase section */
		2152341C2A42C6D800940F00 /* Sources */ = {
			isa = PBXSourcesBuildPhase;
			buildActionMask = 2147483647;
			files = (
				215234342A42C72000940F00 /* ARTFolder.swift in Sources */,
				2152343A2A42C79C00940F00 /* SidebarViewVM.swift in Sources */,
				2152343C2A42C82A00940F00 /* ArticlesListView.swift in Sources */,
				2152343E2A42C91100940F00 /* CUPSystemIcon.swift in Sources */,
				215234402A42CAC000940F00 /* ArticleDetailView.swift in Sources */,
				215234422A42CCEB00940F00 /* CreateFolderView.swift in Sources */,
				215234362A42C77900940F00 /* SidebarView.swift in Sources */,
				215234262A42C6D800940F00 /* ContentView.swift in Sources */,
				215234242A42C6D800940F00 /* ArticlesApp.swift in Sources */,
			);
			runOnlyForDeploymentPostprocessing = 0;
		};
/* End PBXSourcesBuildPhase section */

/* Begin XCBuildConfiguration section */
		2152342D2A42C6DB00940F00 /* Debug */ = {
			isa = XCBuildConfiguration;
			buildSettings = {
				ALWAYS_SEARCH_USER_PATHS = NO;
				CLANG_ANALYZER_NONNULL = YES;
				CLANG_ANALYZER_NUMBER_OBJECT_CONVERSION = YES_AGGRESSIVE;
				CLANG_CXX_LANGUAGE_STANDARD = "gnu++20";
				CLANG_ENABLE_MODULES = YES;
				CLANG_ENABLE_OBJC_ARC = YES;
				CLANG_ENABLE_OBJC_WEAK = YES;
				CLANG_WARN_BLOCK_CAPTURE_AUTORELEASING = YES;
				CLANG_WARN_BOOL_CONVERSION = YES;
				CLANG_WARN_COMMA = YES;
				CLANG_WARN_CONSTANT_CONVERSION = YES;
				CLANG_WARN_DEPRECATED_OBJC_IMPLEMENTATIONS = YES;
				CLANG_WARN_DIRECT_OBJC_ISA_USAGE = YES_ERROR;
				CLANG_WARN_DOCUMENTATION_COMMENTS = YES;
				CLANG_WARN_EMPTY_BODY = YES;
				CLANG_WARN_ENUM_CONVERSION = YES;
				CLANG_WARN_INFINITE_RECURSION = YES;
				CLANG_WARN_INT_CONVERSION = YES;
				CLANG_WARN_NON_LITERAL_NULL_CONVERSION = YES;
				CLANG_WARN_OBJC_IMPLICIT_RETAIN_SELF = YES;
				CLANG_WARN_OBJC_LITERAL_CONVERSION = YES;
				CLANG_WARN_OBJC_ROOT_CLASS = YES_ERROR;
				CLANG_WARN_QUOTED_INCLUDE_IN_FRAMEWORK_HEADER = YES;
				CLANG_WARN_RANGE_LOOP_ANALYSIS = YES;
				CLANG_WARN_STRICT_PROTOTYPES = YES;
				CLANG_WARN_SUSPICIOUS_MOVE = YES;
				CLANG_WARN_UNGUARDED_AVAILABILITY = YES_AGGRESSIVE;
				CLANG_WARN_UNREACHABLE_CODE = YES;
				CLANG_WARN__DUPLICATE_METHOD_MATCH = YES;
				COPY_PHASE_STRIP = NO;
				DEBUG_INFORMATION_FORMAT = dwarf;
				ENABLE_STRICT_OBJC_MSGSEND = YES;
				ENABLE_TESTABILITY = YES;
				GCC_C_LANGUAGE_STANDARD = gnu11;
				GCC_DYNAMIC_NO_PIC = NO;
				GCC_NO_COMMON_BLOCKS = YES;
				GCC_OPTIMIZATION_LEVEL = 0;
				GCC_PREPROCESSOR_DEFINITIONS = (
					"DEBUG=1",
					"$(inherited)",
				);
				GCC_WARN_64_TO_32_BIT_CONVERSION = YES;
				GCC_WARN_ABOUT_RETURN_TYPE = YES_ERROR;
				GCC_WARN_UNDECLARED_SELECTOR = YES;
				GCC_WARN_UNINITIALIZED_AUTOS = YES_AGGRESSIVE;
				GCC_WARN_UNUSED_FUNCTION = YES;
				GCC_WARN_UNUSED_VARIABLE = YES;
				MACOSX_DEPLOYMENT_TARGET = 13.3;
				MTL_ENABLE_DEBUG_INFO = INCLUDE_SOURCE;
				MTL_FAST_MATH = YES;
				ONLY_ACTIVE_ARCH = YES;
				SDKROOT = macosx;
				SWIFT_ACTIVE_COMPILATION_CONDITIONS = DEBUG;
				SWIFT_OPTIMIZATION_LEVEL = "-Onone";
			};
			name = Debug;
		};
		2152342E2A42C6DB00940F00 /* Release */ = {
			isa = XCBuildConfiguration;
			buildSettings = {
				ALWAYS_SEARCH_USER_PATHS = NO;
				CLANG_ANALYZER_NONNULL = YES;
				CLANG_ANALYZER_NUMBER_OBJECT_CONVERSION = YES_AGGRESSIVE;
				CLANG_CXX_LANGUAGE_STANDARD = "gnu++20";
				CLANG_ENABLE_MODULES = YES;
				CLANG_ENABLE_OBJC_ARC = YES;
				CLANG_ENABLE_OBJC_WEAK = YES;
				CLANG_WARN_BLOCK_CAPTURE_AUTORELEASING = YES;
				CLANG_WARN_BOOL_CONVERSION = YES;
				CLANG_WARN_COMMA = YES;
				CLANG_WARN_CONSTANT_CONVERSION = YES;
				CLANG_WARN_DEPRECATED_OBJC_IMPLEMENTATIONS = YES;
				CLANG_WARN_DIRECT_OBJC_ISA_USAGE = YES_ERROR;
				CLANG_WARN_DOCUMENTATION_COMMENTS = YES;
				CLANG_WARN_EMPTY_BODY = YES;
				CLANG_WARN_ENUM_CONVERSION = YES;
				CLANG_WARN_INFINITE_RECURSION = YES;
				CLANG_WARN_INT_CONVERSION = YES;
				CLANG_WARN_NON_LITERAL_NULL_CONVERSION = YES;
				CLANG_WARN_OBJC_IMPLICIT_RETAIN_SELF = YES;
				CLANG_WARN_OBJC_LITERAL_CONVERSION = YES;
				CLANG_WARN_OBJC_ROOT_CLASS = YES_ERROR;
				CLANG_WARN_QUOTED_INCLUDE_IN_FRAMEWORK_HEADER = YES;
				CLANG_WARN_RANGE_LOOP_ANALYSIS = YES;
				CLANG_WARN_STRICT_PROTOTYPES = YES;
				CLANG_WARN_SUSPICIOUS_MOVE = YES;
				CLANG_WARN_UNGUARDED_AVAILABILITY = YES_AGGRESSIVE;
				CLANG_WARN_UNREACHABLE_CODE = YES;
				CLANG_WARN__DUPLICATE_METHOD_MATCH = YES;
				COPY_PHASE_STRIP = NO;
				DEBUG_INFORMATION_FORMAT = "dwarf-with-dsym";
				ENABLE_NS_ASSERTIONS = NO;
				ENABLE_STRICT_OBJC_MSGSEND = YES;
				GCC_C_LANGUAGE_STANDARD = gnu11;
				GCC_NO_COMMON_BLOCKS = YES;
				GCC_WARN_64_TO_32_BIT_CONVERSION = YES;
				GCC_WARN_ABOUT_RETURN_TYPE = YES_ERROR;
				GCC_WARN_UNDECLARED_SELECTOR = YES;
				GCC_WARN_UNINITIALIZED_AUTOS = YES_AGGRESSIVE;
				GCC_WARN_UNUSED_FUNCTION = YES;
				GCC_WARN_UNUSED_VARIABLE = YES;
				MACOSX_DEPLOYMENT_TARGET = 13.3;
				MTL_ENABLE_DEBUG_INFO = NO;
				MTL_FAST_MATH = YES;
				SDKROOT = macosx;
				SWIFT_COMPILATION_MODE = wholemodule;
				SWIFT_OPTIMIZATION_LEVEL = "-O";
			};
			name = Release;
		};
		215234302A42C6DB00940F00 /* Debug */ = {
			isa = XCBuildConfiguration;
			buildSettings = {
				ASSETCATALOG_COMPILER_APPICON_NAME = AppIcon;
				ASSETCATALOG_COMPILER_GLOBAL_ACCENT_COLOR_NAME = AccentColor;
				CODE_SIGN_ENTITLEMENTS = Articles/Articles.entitlements;
				CODE_SIGN_STYLE = Automatic;
				COMBINE_HIDPI_IMAGES = YES;
				CURRENT_PROJECT_VERSION = 1;
				DEVELOPMENT_ASSET_PATHS = "\"Articles/Preview Content\"";
				DEVELOPMENT_TEAM = W29Q2GKBT5;
				ENABLE_HARDENED_RUNTIME = YES;
				ENABLE_PREVIEWS = YES;
				GENERATE_INFOPLIST_FILE = YES;
				INFOPLIST_KEY_NSHumanReadableCopyright = "";
				LD_RUNPATH_SEARCH_PATHS = (
					"$(inherited)",
					"@executable_path/../Frameworks",
				);
				MARKETING_VERSION = 1.0;
				PRODUCT_BUNDLE_IDENTIFIER = com.ReConnect.Articles;
				PRODUCT_NAME = "$(TARGET_NAME)";
				SWIFT_EMIT_LOC_STRINGS = YES;
				SWIFT_VERSION = 5.0;
			};
			name = Debug;
		};
		215234312A42C6DB00940F00 /* Release */ = {
			isa = XCBuildConfiguration;
			buildSettings = {
				ASSETCATALOG_COMPILER_APPICON_NAME = AppIcon;
				ASSETCATALOG_COMPILER_GLOBAL_ACCENT_COLOR_NAME = AccentColor;
				CODE_SIGN_ENTITLEMENTS = Articles/Articles.entitlements;
				CODE_SIGN_STYLE = Automatic;
				COMBINE_HIDPI_IMAGES = YES;
				CURRENT_PROJECT_VERSION = 1;
				DEVELOPMENT_ASSET_PATHS = "\"Articles/Preview Content\"";
				DEVELOPMENT_TEAM = W29Q2GKBT5;
				ENABLE_HARDENED_RUNTIME = YES;
				ENABLE_PREVIEWS = YES;
				GENERATE_INFOPLIST_FILE = YES;
				INFOPLIST_KEY_NSHumanReadableCopyright = "";
				LD_RUNPATH_SEARCH_PATHS = (
					"$(inherited)",
					"@executable_path/../Frameworks",
				);
				MARKETING_VERSION = 1.0;
				PRODUCT_BUNDLE_IDENTIFIER = com.ReConnect.Articles;
				PRODUCT_NAME = "$(TARGET_NAME)";
				SWIFT_EMIT_LOC_STRINGS = YES;
				SWIFT_VERSION = 5.0;
			};
			name = Release;
		};
/* End XCBuildConfiguration section */

/* Begin XCConfigurationList section */
		2152341B2A42C6D800940F00 /* Build configuration list for PBXProject "Articles" */ = {
			isa = XCConfigurationList;
			buildConfigurations = (
				2152342D2A42C6DB00940F00 /* Debug */,
				2152342E2A42C6DB00940F00 /* Release */,
			);
			defaultConfigurationIsVisible = 0;
			defaultConfigurationName = Release;
		};
		2152342F2A42C6DB00940F00 /* Build configuration list for PBXNativeTarget "Articles" */ = {
			isa = XCConfigurationList;
			buildConfigurations = (
				215234302A42C6DB00940F00 /* Debug */,
				215234312A42C6DB00940F00 /* Release */,
			);
			defaultConfigurationIsVisible = 0;
			defaultConfigurationName = Release;
		};
/* End XCConfigurationList section */
	};
	rootObject = 215234182A42C6D800940F00 /* Project object */;
}
