// !$*UTF8*$!
{
	archiveVersion = 1;
	classes = {
	};
	objectVersion = 56;
	objects = {

/* Begin PBXBuildFile section */
		213968A32A4A96D200DCF2CF /* ArticlesApp.swift in Sources */ = {isa = PBXBuildFile; fileRef = 213968A22A4A96D200DCF2CF /* ArticlesApp.swift */; };
		213968A52A4A96D200DCF2CF /* ContentView.swift in Sources */ = {isa = PBXBuildFile; fileRef = 213968A42A4A96D200DCF2CF /* ContentView.swift */; };
		213968A72A4A96D400DCF2CF /* Assets.xcassets in Resources */ = {isa = PBXBuildFile; fileRef = 213968A62A4A96D400DCF2CF /* Assets.xcassets */; };
		213968AA2A4A96D400DCF2CF /* Preview Assets.xcassets in Resources */ = {isa = PBXBuildFile; fileRef = 213968A92A4A96D400DCF2CF /* Preview Assets.xcassets */; };
		213968B42A4A982000DCF2CF /* ARTFolder.swift in Sources */ = {isa = PBXBuildFile; fileRef = 213968B32A4A982000DCF2CF /* ARTFolder.swift */; };
		213968B62A4A9A3C00DCF2CF /* NetworkManager.swift in Sources */ = {isa = PBXBuildFile; fileRef = 213968B52A4A9A3C00DCF2CF /* NetworkManager.swift */; };
		213968B82A4A9A7D00DCF2CF /* FolderSidebar.swift in Sources */ = {isa = PBXBuildFile; fileRef = 213968B72A4A9A7D00DCF2CF /* FolderSidebar.swift */; };
		213968BA2A4A9A9700DCF2CF /* FolderSidebarVM.swift in Sources */ = {isa = PBXBuildFile; fileRef = 213968B92A4A9A9700DCF2CF /* FolderSidebarVM.swift */; };
		213968BC2A4A9C6100DCF2CF /* CUPSystemIcon.swift in Sources */ = {isa = PBXBuildFile; fileRef = 213968BB2A4A9C6100DCF2CF /* CUPSystemIcon.swift */; };
		213968C02A4AA3E700DCF2CF /* NewFolderScreen.swift in Sources */ = {isa = PBXBuildFile; fileRef = 213968BF2A4AA3E700DCF2CF /* NewFolderScreen.swift */; };
		213968C22A4AA59400DCF2CF /* FolderDetailView.swift in Sources */ = {isa = PBXBuildFile; fileRef = 213968C12A4AA59400DCF2CF /* FolderDetailView.swift */; };
/* End PBXBuildFile section */

/* Begin PBXFileReference section */
		2139689F2A4A96D200DCF2CF /* Articles.app */ = {isa = PBXFileReference; explicitFileType = wrapper.application; includeInIndex = 0; path = Articles.app; sourceTree = BUILT_PRODUCTS_DIR; };
		213968A22A4A96D200DCF2CF /* ArticlesApp.swift */ = {isa = PBXFileReference; lastKnownFileType = sourcecode.swift; path = ArticlesApp.swift; sourceTree = "<group>"; };
		213968A42A4A96D200DCF2CF /* ContentView.swift */ = {isa = PBXFileReference; lastKnownFileType = sourcecode.swift; path = ContentView.swift; sourceTree = "<group>"; };
		213968A62A4A96D400DCF2CF /* Assets.xcassets */ = {isa = PBXFileReference; lastKnownFileType = folder.assetcatalog; path = Assets.xcassets; sourceTree = "<group>"; };
		213968A92A4A96D400DCF2CF /* Preview Assets.xcassets */ = {isa = PBXFileReference; lastKnownFileType = folder.assetcatalog; path = "Preview Assets.xcassets"; sourceTree = "<group>"; };
		213968B32A4A982000DCF2CF /* ARTFolder.swift */ = {isa = PBXFileReference; lastKnownFileType = sourcecode.swift; path = ARTFolder.swift; sourceTree = "<group>"; };
		213968B52A4A9A3C00DCF2CF /* NetworkManager.swift */ = {isa = PBXFileReference; lastKnownFileType = sourcecode.swift; path = NetworkManager.swift; sourceTree = "<group>"; };
		213968B72A4A9A7D00DCF2CF /* FolderSidebar.swift */ = {isa = PBXFileReference; lastKnownFileType = sourcecode.swift; path = FolderSidebar.swift; sourceTree = "<group>"; };
		213968B92A4A9A9700DCF2CF /* FolderSidebarVM.swift */ = {isa = PBXFileReference; lastKnownFileType = sourcecode.swift; path = FolderSidebarVM.swift; sourceTree = "<group>"; };
		213968BB2A4A9C6100DCF2CF /* CUPSystemIcon.swift */ = {isa = PBXFileReference; fileEncoding = 4; lastKnownFileType = sourcecode.swift; name = CUPSystemIcon.swift; path = "../../../Helper Files/CUPSystemIcon.swift"; sourceTree = "<group>"; };
		213968BF2A4AA3E700DCF2CF /* NewFolderScreen.swift */ = {isa = PBXFileReference; lastKnownFileType = sourcecode.swift; path = NewFolderScreen.swift; sourceTree = "<group>"; };
		213968C12A4AA59400DCF2CF /* FolderDetailView.swift */ = {isa = PBXFileReference; lastKnownFileType = sourcecode.swift; path = FolderDetailView.swift; sourceTree = "<group>"; };
/* End PBXFileReference section */

/* Begin PBXFrameworksBuildPhase section */
		2139689C2A4A96D200DCF2CF /* Frameworks */ = {
			isa = PBXFrameworksBuildPhase;
			buildActionMask = 2147483647;
			files = (
			);
			runOnlyForDeploymentPostprocessing = 0;
		};
/* End PBXFrameworksBuildPhase section */

/* Begin PBXGroup section */
		213968962A4A96D200DCF2CF = {
			isa = PBXGroup;
			children = (
				213968A12A4A96D200DCF2CF /* Articles */,
				213968A02A4A96D200DCF2CF /* Products */,
			);
			sourceTree = "<group>";
		};
		213968A02A4A96D200DCF2CF /* Products */ = {
			isa = PBXGroup;
			children = (
				2139689F2A4A96D200DCF2CF /* Articles.app */,
			);
			name = Products;
			sourceTree = "<group>";
		};
		213968A12A4A96D200DCF2CF /* Articles */ = {
			isa = PBXGroup;
			children = (
				213968A22A4A96D200DCF2CF /* ArticlesApp.swift */,
				213968B12A4A97C900DCF2CF /* Models */,
				213968B22A4A97D700DCF2CF /* View Models */,
				213968B02A4A97C200DCF2CF /* Views */,
				213968A62A4A96D400DCF2CF /* Assets.xcassets */,
				213968A82A4A96D400DCF2CF /* Preview Content */,
			);
			path = Articles;
			sourceTree = "<group>";
		};
		213968A82A4A96D400DCF2CF /* Preview Content */ = {
			isa = PBXGroup;
			children = (
				213968A92A4A96D400DCF2CF /* Preview Assets.xcassets */,
			);
			path = "Preview Content";
			sourceTree = "<group>";
		};
		213968B02A4A97C200DCF2CF /* Views */ = {
			isa = PBXGroup;
			children = (
				213968BE2A4AA3CB00DCF2CF /* Primary Views */,
				213968BD2A4AA3C300DCF2CF /* Secondary Views */,
			);
			path = Views;
			sourceTree = "<group>";
		};
		213968B12A4A97C900DCF2CF /* Models */ = {
			isa = PBXGroup;
			children = (
				213968B32A4A982000DCF2CF /* ARTFolder.swift */,
				213968BB2A4A9C6100DCF2CF /* CUPSystemIcon.swift */,
			);
			path = Models;
			sourceTree = "<group>";
		};
		213968B22A4A97D700DCF2CF /* View Models */ = {
			isa = PBXGroup;
			children = (
				213968B52A4A9A3C00DCF2CF /* NetworkManager.swift */,
				213968B92A4A9A9700DCF2CF /* FolderSidebarVM.swift */,
			);
			path = "View Models";
			sourceTree = "<group>";
		};
		213968BD2A4AA3C300DCF2CF /* Secondary Views */ = {
			isa = PBXGroup;
			children = (
				213968BF2A4AA3E700DCF2CF /* NewFolderScreen.swift */,
			);
			path = "Secondary Views";
			sourceTree = "<group>";
		};
		213968BE2A4AA3CB00DCF2CF /* Primary Views */ = {
			isa = PBXGroup;
			children = (
				213968A42A4A96D200DCF2CF /* ContentView.swift */,
				213968B72A4A9A7D00DCF2CF /* FolderSidebar.swift */,
				213968C12A4AA59400DCF2CF /* FolderDetailView.swift */,
			);
			path = "Primary Views";
			sourceTree = "<group>";
		};
/* End PBXGroup section */

/* Begin PBXNativeTarget section */
		2139689E2A4A96D200DCF2CF /* Articles */ = {
			isa = PBXNativeTarget;
			buildConfigurationList = 213968AD2A4A96D400DCF2CF /* Build configuration list for PBXNativeTarget "Articles" */;
			buildPhases = (
				2139689B2A4A96D200DCF2CF /* Sources */,
				2139689C2A4A96D200DCF2CF /* Frameworks */,
				2139689D2A4A96D200DCF2CF /* Resources */,
			);
			buildRules = (
			);
			dependencies = (
			);
			name = Articles;
			productName = Articles;
			productReference = 2139689F2A4A96D200DCF2CF /* Articles.app */;
			productType = "com.apple.product-type.application";
		};
/* End PBXNativeTarget section */

/* Begin PBXProject section */
		213968972A4A96D200DCF2CF /* Project object */ = {
			isa = PBXProject;
			attributes = {
				BuildIndependentTargetsInParallel = 1;
				LastSwiftUpdateCheck = 1430;
				LastUpgradeCheck = 1430;
				TargetAttributes = {
					2139689E2A4A96D200DCF2CF = {
						CreatedOnToolsVersion = 14.3.1;
					};
				};
			};
			buildConfigurationList = 2139689A2A4A96D200DCF2CF /* Build configuration list for PBXProject "Articles" */;
			compatibilityVersion = "Xcode 14.0";
			developmentRegion = en;
			hasScannedForEncodings = 0;
			knownRegions = (
				en,
				Base,
			);
			mainGroup = 213968962A4A96D200DCF2CF;
			productRefGroup = 213968A02A4A96D200DCF2CF /* Products */;
			projectDirPath = "";
			projectRoot = "";
			targets = (
				2139689E2A4A96D200DCF2CF /* Articles */,
			);
		};
/* End PBXProject section */

/* Begin PBXResourcesBuildPhase section */
		2139689D2A4A96D200DCF2CF /* Resources */ = {
			isa = PBXResourcesBuildPhase;
			buildActionMask = 2147483647;
			files = (
				213968AA2A4A96D400DCF2CF /* Preview Assets.xcassets in Resources */,
				213968A72A4A96D400DCF2CF /* Assets.xcassets in Resources */,
			);
			runOnlyForDeploymentPostprocessing = 0;
		};
/* End PBXResourcesBuildPhase section */

/* Begin PBXSourcesBuildPhase section */
		2139689B2A4A96D200DCF2CF /* Sources */ = {
			isa = PBXSourcesBuildPhase;
			buildActionMask = 2147483647;
			files = (
				213968B62A4A9A3C00DCF2CF /* NetworkManager.swift in Sources */,
				213968C22A4AA59400DCF2CF /* FolderDetailView.swift in Sources */,
				213968B42A4A982000DCF2CF /* ARTFolder.swift in Sources */,
				213968A52A4A96D200DCF2CF /* ContentView.swift in Sources */,
				213968BC2A4A9C6100DCF2CF /* CUPSystemIcon.swift in Sources */,
				213968B82A4A9A7D00DCF2CF /* FolderSidebar.swift in Sources */,
				213968A32A4A96D200DCF2CF /* ArticlesApp.swift in Sources */,
				213968C02A4AA3E700DCF2CF /* NewFolderScreen.swift in Sources */,
				213968BA2A4A9A9700DCF2CF /* FolderSidebarVM.swift in Sources */,
			);
			runOnlyForDeploymentPostprocessing = 0;
		};
/* End PBXSourcesBuildPhase section */

/* Begin XCBuildConfiguration section */
		213968AB2A4A96D400DCF2CF /* Debug */ = {
			isa = XCBuildConfiguration;
			buildSettings = {
				ALWAYS_SEARCH_USER_PATHS = NO;
				CLANG_ANALYZER_NONNULL = YES;
				CLANG_ANALYZER_NUMBER_OBJECT_CONVERSION = YES_AGGRESSIVE;
				CLANG_CXX_LANGUAGE_STANDARD = "gnu++20";
				CLANG_ENABLE_MODULES = YES;
				CLANG_ENABLE_OBJC_ARC = YES;
				CLANG_ENABLE_OBJC_WEAK = YES;
				CLANG_WARN_BLOCK_CAPTURE_AUTORELEASING = YES;
				CLANG_WARN_BOOL_CONVERSION = YES;
				CLANG_WARN_COMMA = YES;
				CLANG_WARN_CONSTANT_CONVERSION = YES;
				CLANG_WARN_DEPRECATED_OBJC_IMPLEMENTATIONS = YES;
				CLANG_WARN_DIRECT_OBJC_ISA_USAGE = YES_ERROR;
				CLANG_WARN_DOCUMENTATION_COMMENTS = YES;
				CLANG_WARN_EMPTY_BODY = YES;
				CLANG_WARN_ENUM_CONVERSION = YES;
				CLANG_WARN_INFINITE_RECURSION = YES;
				CLANG_WARN_INT_CONVERSION = YES;
				CLANG_WARN_NON_LITERAL_NULL_CONVERSION = YES;
				CLANG_WARN_OBJC_IMPLICIT_RETAIN_SELF = YES;
				CLANG_WARN_OBJC_LITERAL_CONVERSION = YES;
				CLANG_WARN_OBJC_ROOT_CLASS = YES_ERROR;
				CLANG_WARN_QUOTED_INCLUDE_IN_FRAMEWORK_HEADER = YES;
				CLANG_WARN_RANGE_LOOP_ANALYSIS = YES;
				CLANG_WARN_STRICT_PROTOTYPES = YES;
				CLANG_WARN_SUSPICIOUS_MOVE = YES;
				CLANG_WARN_UNGUARDED_AVAILABILITY = YES_AGGRESSIVE;
				CLANG_WARN_UNREACHABLE_CODE = YES;
				CLANG_WARN__DUPLICATE_METHOD_MATCH = YES;
				COPY_PHASE_STRIP = NO;
				DEBUG_INFORMATION_FORMAT = dwarf;
				ENABLE_STRICT_OBJC_MSGSEND = YES;
				ENABLE_TESTABILITY = YES;
				GCC_C_LANGUAGE_STANDARD = gnu11;
				GCC_DYNAMIC_NO_PIC = NO;
				GCC_NO_COMMON_BLOCKS = YES;
				GCC_OPTIMIZATION_LEVEL = 0;
				GCC_PREPROCESSOR_DEFINITIONS = (
					"DEBUG=1",
					"$(inherited)",
				);
				GCC_WARN_64_TO_32_BIT_CONVERSION = YES;
				GCC_WARN_ABOUT_RETURN_TYPE = YES_ERROR;
				GCC_WARN_UNDECLARED_SELECTOR = YES;
				GCC_WARN_UNINITIALIZED_AUTOS = YES_AGGRESSIVE;
				GCC_WARN_UNUSED_FUNCTION = YES;
				GCC_WARN_UNUSED_VARIABLE = YES;
				IPHONEOS_DEPLOYMENT_TARGET = 16.4;
				MTL_ENABLE_DEBUG_INFO = INCLUDE_SOURCE;
				MTL_FAST_MATH = YES;
				ONLY_ACTIVE_ARCH = YES;
				SDKROOT = iphoneos;
				SWIFT_ACTIVE_COMPILATION_CONDITIONS = DEBUG;
				SWIFT_OPTIMIZATION_LEVEL = "-Onone";
			};
			name = Debug;
		};
		213968AC2A4A96D400DCF2CF /* Release */ = {
			isa = XCBuildConfiguration;
			buildSettings = {
				ALWAYS_SEARCH_USER_PATHS = NO;
				CLANG_ANALYZER_NONNULL = YES;
				CLANG_ANALYZER_NUMBER_OBJECT_CONVERSION = YES_AGGRESSIVE;
				CLANG_CXX_LANGUAGE_STANDARD = "gnu++20";
				CLANG_ENABLE_MODULES = YES;
				CLANG_ENABLE_OBJC_ARC = YES;
				CLANG_ENABLE_OBJC_WEAK = YES;
				CLANG_WARN_BLOCK_CAPTURE_AUTORELEASING = YES;
				CLANG_WARN_BOOL_CONVERSION = YES;
				CLANG_WARN_COMMA = YES;
				CLANG_WARN_CONSTANT_CONVERSION = YES;
				CLANG_WARN_DEPRECATED_OBJC_IMPLEMENTATIONS = YES;
				CLANG_WARN_DIRECT_OBJC_ISA_USAGE = YES_ERROR;
				CLANG_WARN_DOCUMENTATION_COMMENTS = YES;
				CLANG_WARN_EMPTY_BODY = YES;
				CLANG_WARN_ENUM_CONVERSION = YES;
				CLANG_WARN_INFINITE_RECURSION = YES;
				CLANG_WARN_INT_CONVERSION = YES;
				CLANG_WARN_NON_LITERAL_NULL_CONVERSION = YES;
				CLANG_WARN_OBJC_IMPLICIT_RETAIN_SELF = YES;
				CLANG_WARN_OBJC_LITERAL_CONVERSION = YES;
				CLANG_WARN_OBJC_ROOT_CLASS = YES_ERROR;
				CLANG_WARN_QUOTED_INCLUDE_IN_FRAMEWORK_HEADER = YES;
				CLANG_WARN_RANGE_LOOP_ANALYSIS = YES;
				CLANG_WARN_STRICT_PROTOTYPES = YES;
				CLANG_WARN_SUSPICIOUS_MOVE = YES;
				CLANG_WARN_UNGUARDED_AVAILABILITY = YES_AGGRESSIVE;
				CLANG_WARN_UNREACHABLE_CODE = YES;
				CLANG_WARN__DUPLICATE_METHOD_MATCH = YES;
				COPY_PHASE_STRIP = NO;
				DEBUG_INFORMATION_FORMAT = "dwarf-with-dsym";
				ENABLE_NS_ASSERTIONS = NO;
				ENABLE_STRICT_OBJC_MSGSEND = YES;
				GCC_C_LANGUAGE_STANDARD = gnu11;
				GCC_NO_COMMON_BLOCKS = YES;
				GCC_WARN_64_TO_32_BIT_CONVERSION = YES;
				GCC_WARN_ABOUT_RETURN_TYPE = YES_ERROR;
				GCC_WARN_UNDECLARED_SELECTOR = YES;
				GCC_WARN_UNINITIALIZED_AUTOS = YES_AGGRESSIVE;
				GCC_WARN_UNUSED_FUNCTION = YES;
				GCC_WARN_UNUSED_VARIABLE = YES;
				IPHONEOS_DEPLOYMENT_TARGET = 16.4;
				MTL_ENABLE_DEBUG_INFO = NO;
				MTL_FAST_MATH = YES;
				SDKROOT = iphoneos;
				SWIFT_COMPILATION_MODE = wholemodule;
				SWIFT_OPTIMIZATION_LEVEL = "-O";
				VALIDATE_PRODUCT = YES;
			};
			name = Release;
		};
		213968AE2A4A96D400DCF2CF /* Debug */ = {
			isa = XCBuildConfiguration;
			buildSettings = {
				ASSETCATALOG_COMPILER_APPICON_NAME = AppIcon;
				ASSETCATALOG_COMPILER_GLOBAL_ACCENT_COLOR_NAME = AccentColor;
				CODE_SIGN_STYLE = Automatic;
				CURRENT_PROJECT_VERSION = 1;
				DEVELOPMENT_ASSET_PATHS = "\"Articles/Preview Content\"";
				DEVELOPMENT_TEAM = W29Q2GKBT5;
				ENABLE_PREVIEWS = YES;
				GENERATE_INFOPLIST_FILE = YES;
				INFOPLIST_KEY_LSApplicationCategoryType = "public.app-category.productivity";
				INFOPLIST_KEY_UIApplicationSceneManifest_Generation = YES;
				INFOPLIST_KEY_UIApplicationSupportsIndirectInputEvents = YES;
				INFOPLIST_KEY_UILaunchScreen_Generation = YES;
				INFOPLIST_KEY_UISupportedInterfaceOrientations_iPad = "UIInterfaceOrientationPortrait UIInterfaceOrientationPortraitUpsideDown UIInterfaceOrientationLandscapeLeft UIInterfaceOrientationLandscapeRight";
				INFOPLIST_KEY_UISupportedInterfaceOrientations_iPhone = "UIInterfaceOrientationPortrait UIInterfaceOrientationLandscapeLeft UIInterfaceOrientationLandscapeRight";
				IPHONEOS_DEPLOYMENT_TARGET = 16.0;
				LD_RUNPATH_SEARCH_PATHS = (
					"$(inherited)",
					"@executable_path/Frameworks",
				);
				MARKETING_VERSION = 1.0;
				PRODUCT_BUNDLE_IDENTIFIER = com.ReConnect.Articles;
				PRODUCT_NAME = "$(TARGET_NAME)";
				SUPPORTED_PLATFORMS = "iphoneos iphonesimulator";
				SUPPORTS_MACCATALYST = NO;
				SUPPORTS_MAC_DESIGNED_FOR_IPHONE_IPAD = NO;
				SWIFT_EMIT_LOC_STRINGS = YES;
				SWIFT_VERSION = 5.0;
				TARGETED_DEVICE_FAMILY = 2;
			};
			name = Debug;
		};
		213968AF2A4A96D400DCF2CF /* Release */ = {
			isa = XCBuildConfiguration;
			buildSettings = {
				ASSETCATALOG_COMPILER_APPICON_NAME = AppIcon;
				ASSETCATALOG_COMPILER_GLOBAL_ACCENT_COLOR_NAME = AccentColor;
				CODE_SIGN_STYLE = Automatic;
				CURRENT_PROJECT_VERSION = 1;
				DEVELOPMENT_ASSET_PATHS = "\"Articles/Preview Content\"";
				DEVELOPMENT_TEAM = W29Q2GKBT5;
				ENABLE_PREVIEWS = YES;
				GENERATE_INFOPLIST_FILE = YES;
				INFOPLIST_KEY_LSApplicationCategoryType = "public.app-category.productivity";
				INFOPLIST_KEY_UIApplicationSceneManifest_Generation = YES;
				INFOPLIST_KEY_UIApplicationSupportsIndirectInputEvents = YES;
				INFOPLIST_KEY_UILaunchScreen_Generation = YES;
				INFOPLIST_KEY_UISupportedInterfaceOrientations_iPad = "UIInterfaceOrientationPortrait UIInterfaceOrientationPortraitUpsideDown UIInterfaceOrientationLandscapeLeft UIInterfaceOrientationLandscapeRight";
				INFOPLIST_KEY_UISupportedInterfaceOrientations_iPhone = "UIInterfaceOrientationPortrait UIInterfaceOrientationLandscapeLeft UIInterfaceOrientationLandscapeRight";
				IPHONEOS_DEPLOYMENT_TARGET = 16.0;
				LD_RUNPATH_SEARCH_PATHS = (
					"$(inherited)",
					"@executable_path/Frameworks",
				);
				MARKETING_VERSION = 1.0;
				PRODUCT_BUNDLE_IDENTIFIER = com.ReConnect.Articles;
				PRODUCT_NAME = "$(TARGET_NAME)";
				SUPPORTED_PLATFORMS = "iphoneos iphonesimulator";
				SUPPORTS_MACCATALYST = NO;
				SUPPORTS_MAC_DESIGNED_FOR_IPHONE_IPAD = NO;
				SWIFT_EMIT_LOC_STRINGS = YES;
				SWIFT_VERSION = 5.0;
				TARGETED_DEVICE_FAMILY = 2;
			};
			name = Release;
		};
/* End XCBuildConfiguration section */

/* Begin XCConfigurationList section */
		2139689A2A4A96D200DCF2CF /* Build configuration list for PBXProject "Articles" */ = {
			isa = XCConfigurationList;
			buildConfigurations = (
				213968AB2A4A96D400DCF2CF /* Debug */,
				213968AC2A4A96D400DCF2CF /* Release */,
			);
			defaultConfigurationIsVisible = 0;
			defaultConfigurationName = Release;
		};
		213968AD2A4A96D400DCF2CF /* Build configuration list for PBXNativeTarget "Articles" */ = {
			isa = XCConfigurationList;
			buildConfigurations = (
				213968AE2A4A96D400DCF2CF /* Debug */,
				213968AF2A4A96D400DCF2CF /* Release */,
			);
			defaultConfigurationIsVisible = 0;
			defaultConfigurationName = Release;
		};
/* End XCConfigurationList section */
	};
	rootObject = 213968972A4A96D200DCF2CF /* Project object */;
}
